// !$*UTF8*$!
{
	archiveVersion = 1;
	classes = {
	};
	objectVersion = 60;
	objects = {

/* Begin PBXBuildFile section */
		5C1454162CF5760300D5C232 /* ImageLoading.swift in Sources */ = {isa = PBXBuildFile; fileRef = 5C1454102CF5760300D5C232 /* ImageLoading.swift */; };
		5C1454172CF5760300D5C232 /* StereoViewCoordinator.swift in Sources */ = {isa = PBXBuildFile; fileRef = 5C1454112CF5760300D5C232 /* StereoViewCoordinator.swift */; };
		5C1454222CF5834400D5C232 /* CardContentView.swift in Sources */ = {isa = PBXBuildFile; fileRef = 5C1454212CF5834000D5C232 /* CardContentView.swift */; };
		5C14542B2CF6D86500D5C232 /* SquareCropView.swift in Sources */ = {isa = PBXBuildFile; fileRef = 5C14542A2CF6D86000D5C232 /* SquareCropView.swift */; };
		5C14542F2CF6F5F100D5C232 /* GalleryScreen.swift in Sources */ = {isa = PBXBuildFile; fileRef = 5C14542E2CF6F5EC00D5C232 /* GalleryScreen.swift */; };
		5C1454312CF6F74B00D5C232 /* LibraryView.swift in Sources */ = {isa = PBXBuildFile; fileRef = 5C1454302CF6F74600D5C232 /* LibraryView.swift */; };
		5C1454342CF7A63D00D5C232 /* CardColorAnalyzer.swift in Sources */ = {isa = PBXBuildFile; fileRef = 5C1454332CF7A63600D5C232 /* CardColorAnalyzer.swift */; };
		5C1454362CF7E07A00D5C232 /* PreviewInfrastructure.swift in Sources */ = {isa = PBXBuildFile; fileRef = 5C1454352CF7E07500D5C232 /* PreviewInfrastructure.swift */; };
		5C1454382CF7ED1600D5C232 /* SquareAspectRatioModifier.swift in Sources */ = {isa = PBXBuildFile; fileRef = 5C1454372CF7ED0B00D5C232 /* SquareAspectRatioModifier.swift */; };
		5C14543A2CF7F5FE00D5C232 /* NavigationState.swift in Sources */ = {isa = PBXBuildFile; fileRef = 5C1454392CF7F5FA00D5C232 /* NavigationState.swift */; };
		5C14543C2CF7FF8B00D5C232 /* ColorUtility.swift in Sources */ = {isa = PBXBuildFile; fileRef = 5C14543B2CF7FF8800D5C232 /* ColorUtility.swift */; };
		5C1454422CF816D500D5C232 /* JSONStructures.swift in Sources */ = {isa = PBXBuildFile; fileRef = 5C1454412CF816D100D5C232 /* JSONStructures.swift */; };
		5C1454442CF816F700D5C232 /* ImportService.swift in Sources */ = {isa = PBXBuildFile; fileRef = 5C1454432CF816EF00D5C232 /* ImportService.swift */; };
		5C1454462CF8173100D5C232 /* BatchImportService.swift in Sources */ = {isa = PBXBuildFile; fileRef = 5C1454452CF8172900D5C232 /* BatchImportService.swift */; };
		5C1454482CF8174C00D5C232 /* ImportView.swift in Sources */ = {isa = PBXBuildFile; fileRef = 5C1454472CF8174700D5C232 /* ImportView.swift */; };
		5C14544F2CF849DA00D5C232 /* Collection.swift in Sources */ = {isa = PBXBuildFile; fileRef = 5C14544E2CF849D700D5C232 /* Collection.swift */; };
		5C1454512CF84B5100D5C232 /* ReorderableGridView.swift in Sources */ = {isa = PBXBuildFile; fileRef = 5C1454502CF84B4000D5C232 /* ReorderableGridView.swift */; };
		5C1454532CF84C7E00D5C232 /* CollectionView.swift in Sources */ = {isa = PBXBuildFile; fileRef = 5C1454522CF84C7900D5C232 /* CollectionView.swift */; };
		5C1454572CF84E8D00D5C232 /* AddToCollectionMenu.swift in Sources */ = {isa = PBXBuildFile; fileRef = 5C1454562CF84E8500D5C232 /* AddToCollectionMenu.swift */; };
		5C14545B2CF93F3000D5C232 /* CollectionDefaults.swift in Sources */ = {isa = PBXBuildFile; fileRef = 5C14545A2CF93F2A00D5C232 /* CollectionDefaults.swift */; };
		5C19F16B2CC5B98E00BD7A2A /* StereoView.swift in Sources */ = {isa = PBXBuildFile; fileRef = 5C19F16A2CC5B98E00BD7A2A /* StereoView.swift */; };
		5C43BC472CF98BF70053FAFD /* CollectionMenuView.swift in Sources */ = {isa = PBXBuildFile; fileRef = 5C43BC462CF98BF20053FAFD /* CollectionMenuView.swift */; };
		5C43BC492CF98D910053FAFD /* ModelContextPreviewExtension.swift in Sources */ = {isa = PBXBuildFile; fileRef = 5C43BC482CF98D880053FAFD /* ModelContextPreviewExtension.swift */; };
		5C43BC4B2CF993010053FAFD /* ImportServiceTests.swift in Sources */ = {isa = PBXBuildFile; fileRef = 5C43BC4A2CF992FB0053FAFD /* ImportServiceTests.swift */; };
		5C43BC4F2CF99D910053FAFD /* SubjectsView.swift in Sources */ = {isa = PBXBuildFile; fileRef = 5C43BC4E2CF99D8D0053FAFD /* SubjectsView.swift */; };
		5C43BC532CF9A9530053FAFD /* NavigationSidebar.swift in Sources */ = {isa = PBXBuildFile; fileRef = 5C43BC522CF9A9530053FAFD /* NavigationSidebar.swift */; };
		5C665F562CF9591E00838F37 /* FavoriteButton.swift in Sources */ = {isa = PBXBuildFile; fileRef = 5C665F552CF9591A00838F37 /* FavoriteButton.swift */; };
		5C665F582CF95EA500838F37 /* CardHoverOverlay.swift in Sources */ = {isa = PBXBuildFile; fileRef = 5C665F572CF95E9F00838F37 /* CardHoverOverlay.swift */; };
		5C6676B02BC210F7002DD52E /* RetroviewApp.swift in Sources */ = {isa = PBXBuildFile; fileRef = 5C6676AF2BC210F7002DD52E /* RetroviewApp.swift */; };
		5C6676B42BC210F8002DD52E /* Assets.xcassets in Resources */ = {isa = PBXBuildFile; fileRef = 5C6676B32BC210F8002DD52E /* Assets.xcassets */; };
		5C6676B82BC210F8002DD52E /* Preview Assets.xcassets in Resources */ = {isa = PBXBuildFile; fileRef = 5C6676B72BC210F8002DD52E /* Preview Assets.xcassets */; };
		5C6676C22BC210F8002DD52E /* RetroviewTests.swift in Sources */ = {isa = PBXBuildFile; fileRef = 5C6676C12BC210F8002DD52E /* RetroviewTests.swift */; };
		5C6676CC2BC210F9002DD52E /* RetroviewUITests.swift in Sources */ = {isa = PBXBuildFile; fileRef = 5C6676CB2BC210F9002DD52E /* RetroviewUITests.swift */; };
		5C6676CE2BC210F9002DD52E /* RetroviewUITestsLaunchTests.swift in Sources */ = {isa = PBXBuildFile; fileRef = 5C6676CD2BC210F9002DD52E /* RetroviewUITestsLaunchTests.swift */; };
		5C6676DC2BC21881002DD52E /* StereoCard.swift in Sources */ = {isa = PBXBuildFile; fileRef = 5C6676DB2BC21881002DD52E /* StereoCard.swift */; };
		5C6676EA2BC4EF30002DD52E /* all_examples.json in Resources */ = {isa = PBXBuildFile; fileRef = 5C6676E92BC4EF2F002DD52E /* all_examples.json */; };
		5C7014F42BF1AC01001D6CC3 /* CardView.swift in Sources */ = {isa = PBXBuildFile; fileRef = 5C7014F32BF1AC01001D6CC3 /* CardView.swift */; };
		5C7EA0F22CC5C631002FC3D2 /* StereoViewer in Frameworks */ = {isa = PBXBuildFile; productRef = 5C7EA0F12CC5C631002FC3D2 /* StereoViewer */; };
		5C8C88CF2C1FF11300874E19 /* BackCardView.swift in Sources */ = {isa = PBXBuildFile; fileRef = 5C8C88CE2C1FF11300874E19 /* BackCardView.swift */; };
		5C9BCA522C166A2D00668900 /* StereoCardViewModel.swift in Sources */ = {isa = PBXBuildFile; fileRef = 5C9BCA512C166A2D00668900 /* StereoCardViewModel.swift */; };
		5C9BCA542C166AD600668900 /* FrontCardView.swift in Sources */ = {isa = PBXBuildFile; fileRef = 5C9BCA532C166AD600668900 /* FrontCardView.swift */; };
		5C9DDB042C0C0C5500D83DE3 /* MyStereoviews.store in Resources */ = {isa = PBXBuildFile; fileRef = 5C9DDB032C0C0C5500D83DE3 /* MyStereoviews.store */; };
		5CC5A5C32BD471D0005811DA /* Title.swift in Sources */ = {isa = PBXBuildFile; fileRef = 5CC5A5C22BD471D0005811DA /* Title.swift */; };
		5CC5A5C52BD47622005811DA /* Author.swift in Sources */ = {isa = PBXBuildFile; fileRef = 5CC5A5C42BD47622005811DA /* Author.swift */; };
		5CC5A5C72BD478CE005811DA /* Subject.swift in Sources */ = {isa = PBXBuildFile; fileRef = 5CC5A5C62BD478CE005811DA /* Subject.swift */; };
		5CC5A5C92BD47ABA005811DA /* Date.swift in Sources */ = {isa = PBXBuildFile; fileRef = 5CC5A5C82BD47ABA005811DA /* Date.swift */; };
		5CCC2B842CFAD968005ED10E /* AuthorsView.swift in Sources */ = {isa = PBXBuildFile; fileRef = 5CCC2B832CFAD964005ED10E /* AuthorsView.swift */; };
		5CCDA5772CE196BA00CA97AE /* StereoMaterialLoader.swift in Sources */ = {isa = PBXBuildFile; fileRef = 5CCDA5762CE196A600CA97AE /* StereoMaterialLoader.swift */; };
		5CD075962BD60B3E002B463C /* Crop.swift in Sources */ = {isa = PBXBuildFile; fileRef = 5CD075952BD60B3E002B463C /* Crop.swift */; };
		5CDEFC252CE04E4C0046FD60 /* StereoViewer in Frameworks */ = {isa = PBXBuildFile; productRef = 5CDEFC242CE04E4C0046FD60 /* StereoViewer */; };
		5CE7849A2CEC46F5000F3D71 /* StereoCardImageView.swift in Sources */ = {isa = PBXBuildFile; fileRef = 5CE784992CEC46EB000F3D71 /* StereoCardImageView.swift */; };
		5CEFA7672CFA7F5100D410EA /* DebugMenu.swift in Sources */ = {isa = PBXBuildFile; fileRef = 5CEFA7662CFA7F4A00D410EA /* DebugMenu.swift */; };
		5CEFA7692CFA83AE00D410EA /* InteractionState.swift in Sources */ = {isa = PBXBuildFile; fileRef = 5CEFA7682CFA83A800D410EA /* InteractionState.swift */; };
		5CEFA76F2CFA8E9000D410EA /* CardGridView.swift in Sources */ = {isa = PBXBuildFile; fileRef = 5CEFA76E2CFA8E8A00D410EA /* CardGridView.swift */; };
		5CEFA7712CFA8EC600D410EA /* BrowseLayout.swift in Sources */ = {isa = PBXBuildFile; fileRef = 5CEFA7702CFA8EBC00D410EA /* BrowseLayout.swift */; };
		5CEFA7732CFA96FF00D410EA /* PlatformModifiers.swift in Sources */ = {isa = PBXBuildFile; fileRef = 5CEFA7722CFA96F600D410EA /* PlatformModifiers.swift */; };
/* End PBXBuildFile section */

/* Begin PBXContainerItemProxy section */
		5C6676BE2BC210F8002DD52E /* PBXContainerItemProxy */ = {
			isa = PBXContainerItemProxy;
			containerPortal = 5C6676A42BC210F7002DD52E /* Project object */;
			proxyType = 1;
			remoteGlobalIDString = 5C6676AB2BC210F7002DD52E;
			remoteInfo = Retroview;
		};
		5C6676C82BC210F9002DD52E /* PBXContainerItemProxy */ = {
			isa = PBXContainerItemProxy;
			containerPortal = 5C6676A42BC210F7002DD52E /* Project object */;
			proxyType = 1;
			remoteGlobalIDString = 5C6676AB2BC210F7002DD52E;
			remoteInfo = Retroview;
		};
/* End PBXContainerItemProxy section */

/* Begin PBXCopyFilesBuildPhase section */
		5CD600162C054C18008732E8 /* CopyFiles */ = {
			isa = PBXCopyFilesBuildPhase;
			buildActionMask = 2147483647;
			dstPath = /usr/share/man/man1/;
			dstSubfolderSpec = 0;
			files = (
			);
			runOnlyForDeploymentPostprocessing = 1;
		};
/* End PBXCopyFilesBuildPhase section */

/* Begin PBXFileReference section */
		5C1454102CF5760300D5C232 /* ImageLoading.swift */ = {isa = PBXFileReference; lastKnownFileType = sourcecode.swift; path = ImageLoading.swift; sourceTree = "<group>"; };
		5C1454112CF5760300D5C232 /* StereoViewCoordinator.swift */ = {isa = PBXFileReference; lastKnownFileType = sourcecode.swift; path = StereoViewCoordinator.swift; sourceTree = "<group>"; };
		5C1454212CF5834000D5C232 /* CardContentView.swift */ = {isa = PBXFileReference; lastKnownFileType = sourcecode.swift; path = CardContentView.swift; sourceTree = "<group>"; };
		5C14542A2CF6D86000D5C232 /* SquareCropView.swift */ = {isa = PBXFileReference; lastKnownFileType = sourcecode.swift; path = SquareCropView.swift; sourceTree = "<group>"; };
		5C14542E2CF6F5EC00D5C232 /* GalleryScreen.swift */ = {isa = PBXFileReference; lastKnownFileType = sourcecode.swift; path = GalleryScreen.swift; sourceTree = "<group>"; };
		5C1454302CF6F74600D5C232 /* LibraryView.swift */ = {isa = PBXFileReference; lastKnownFileType = sourcecode.swift; path = LibraryView.swift; sourceTree = "<group>"; };
		5C1454332CF7A63600D5C232 /* CardColorAnalyzer.swift */ = {isa = PBXFileReference; lastKnownFileType = sourcecode.swift; path = CardColorAnalyzer.swift; sourceTree = "<group>"; };
		5C1454352CF7E07500D5C232 /* PreviewInfrastructure.swift */ = {isa = PBXFileReference; lastKnownFileType = sourcecode.swift; path = PreviewInfrastructure.swift; sourceTree = "<group>"; };
		5C1454372CF7ED0B00D5C232 /* SquareAspectRatioModifier.swift */ = {isa = PBXFileReference; lastKnownFileType = sourcecode.swift; path = SquareAspectRatioModifier.swift; sourceTree = "<group>"; };
		5C1454392CF7F5FA00D5C232 /* NavigationState.swift */ = {isa = PBXFileReference; lastKnownFileType = sourcecode.swift; path = NavigationState.swift; sourceTree = "<group>"; };
		5C14543B2CF7FF8800D5C232 /* ColorUtility.swift */ = {isa = PBXFileReference; lastKnownFileType = sourcecode.swift; path = ColorUtility.swift; sourceTree = "<group>"; };
		5C1454412CF816D100D5C232 /* JSONStructures.swift */ = {isa = PBXFileReference; lastKnownFileType = sourcecode.swift; path = JSONStructures.swift; sourceTree = "<group>"; };
		5C1454432CF816EF00D5C232 /* ImportService.swift */ = {isa = PBXFileReference; lastKnownFileType = sourcecode.swift; path = ImportService.swift; sourceTree = "<group>"; };
		5C1454452CF8172900D5C232 /* BatchImportService.swift */ = {isa = PBXFileReference; lastKnownFileType = sourcecode.swift; path = BatchImportService.swift; sourceTree = "<group>"; };
		5C1454472CF8174700D5C232 /* ImportView.swift */ = {isa = PBXFileReference; lastKnownFileType = sourcecode.swift; path = ImportView.swift; sourceTree = "<group>"; };
		5C14544E2CF849D700D5C232 /* Collection.swift */ = {isa = PBXFileReference; lastKnownFileType = sourcecode.swift; path = Collection.swift; sourceTree = "<group>"; };
		5C1454502CF84B4000D5C232 /* ReorderableGridView.swift */ = {isa = PBXFileReference; lastKnownFileType = sourcecode.swift; path = ReorderableGridView.swift; sourceTree = "<group>"; };
		5C1454522CF84C7900D5C232 /* CollectionView.swift */ = {isa = PBXFileReference; lastKnownFileType = sourcecode.swift; path = CollectionView.swift; sourceTree = "<group>"; };
		5C1454562CF84E8500D5C232 /* AddToCollectionMenu.swift */ = {isa = PBXFileReference; lastKnownFileType = sourcecode.swift; path = AddToCollectionMenu.swift; sourceTree = "<group>"; };
		5C14545A2CF93F2A00D5C232 /* CollectionDefaults.swift */ = {isa = PBXFileReference; lastKnownFileType = sourcecode.swift; path = CollectionDefaults.swift; sourceTree = "<group>"; };
		5C19F16A2CC5B98E00BD7A2A /* StereoView.swift */ = {isa = PBXFileReference; lastKnownFileType = sourcecode.swift; path = StereoView.swift; sourceTree = "<group>"; };
		5C267EBA2CE3209600AE3493 /* Info.plist */ = {isa = PBXFileReference; lastKnownFileType = text.plist; path = Info.plist; sourceTree = "<group>"; };
		5C43BC462CF98BF20053FAFD /* CollectionMenuView.swift */ = {isa = PBXFileReference; lastKnownFileType = sourcecode.swift; path = CollectionMenuView.swift; sourceTree = "<group>"; };
		5C43BC482CF98D880053FAFD /* ModelContextPreviewExtension.swift */ = {isa = PBXFileReference; lastKnownFileType = sourcecode.swift; path = ModelContextPreviewExtension.swift; sourceTree = "<group>"; };
		5C43BC4A2CF992FB0053FAFD /* ImportServiceTests.swift */ = {isa = PBXFileReference; lastKnownFileType = sourcecode.swift; path = ImportServiceTests.swift; sourceTree = "<group>"; };
		5C43BC4E2CF99D8D0053FAFD /* SubjectsView.swift */ = {isa = PBXFileReference; lastKnownFileType = sourcecode.swift; path = SubjectsView.swift; sourceTree = "<group>"; };
		5C43BC522CF9A9530053FAFD /* NavigationSidebar.swift */ = {isa = PBXFileReference; lastKnownFileType = sourcecode.swift; path = NavigationSidebar.swift; sourceTree = "<group>"; };
		5C665F552CF9591A00838F37 /* FavoriteButton.swift */ = {isa = PBXFileReference; lastKnownFileType = sourcecode.swift; path = FavoriteButton.swift; sourceTree = "<group>"; };
		5C665F572CF95E9F00838F37 /* CardHoverOverlay.swift */ = {isa = PBXFileReference; lastKnownFileType = sourcecode.swift; path = CardHoverOverlay.swift; sourceTree = "<group>"; };
		5C6676AC2BC210F7002DD52E /* Retroview.app */ = {isa = PBXFileReference; explicitFileType = wrapper.application; includeInIndex = 0; path = Retroview.app; sourceTree = BUILT_PRODUCTS_DIR; };
		5C6676AF2BC210F7002DD52E /* RetroviewApp.swift */ = {isa = PBXFileReference; lastKnownFileType = sourcecode.swift; path = RetroviewApp.swift; sourceTree = "<group>"; };
		5C6676B32BC210F8002DD52E /* Assets.xcassets */ = {isa = PBXFileReference; lastKnownFileType = folder.assetcatalog; path = Assets.xcassets; sourceTree = "<group>"; };
		5C6676B52BC210F8002DD52E /* Retroview.entitlements */ = {isa = PBXFileReference; lastKnownFileType = text.plist.entitlements; path = Retroview.entitlements; sourceTree = "<group>"; };
		5C6676B72BC210F8002DD52E /* Preview Assets.xcassets */ = {isa = PBXFileReference; lastKnownFileType = folder.assetcatalog; path = "Preview Assets.xcassets"; sourceTree = "<group>"; };
		5C6676BD2BC210F8002DD52E /* RetroviewTests.xctest */ = {isa = PBXFileReference; explicitFileType = wrapper.cfbundle; includeInIndex = 0; path = RetroviewTests.xctest; sourceTree = BUILT_PRODUCTS_DIR; };
		5C6676C12BC210F8002DD52E /* RetroviewTests.swift */ = {isa = PBXFileReference; lastKnownFileType = sourcecode.swift; path = RetroviewTests.swift; sourceTree = "<group>"; };
		5C6676C72BC210F9002DD52E /* RetroviewUITests.xctest */ = {isa = PBXFileReference; explicitFileType = wrapper.cfbundle; includeInIndex = 0; path = RetroviewUITests.xctest; sourceTree = BUILT_PRODUCTS_DIR; };
		5C6676CB2BC210F9002DD52E /* RetroviewUITests.swift */ = {isa = PBXFileReference; lastKnownFileType = sourcecode.swift; path = RetroviewUITests.swift; sourceTree = "<group>"; };
		5C6676CD2BC210F9002DD52E /* RetroviewUITestsLaunchTests.swift */ = {isa = PBXFileReference; lastKnownFileType = sourcecode.swift; path = RetroviewUITestsLaunchTests.swift; sourceTree = "<group>"; };
		5C6676DA2BC215C7002DD52E /* .gitignore */ = {isa = PBXFileReference; lastKnownFileType = text; path = .gitignore; sourceTree = "<group>"; };
		5C6676DB2BC21881002DD52E /* StereoCard.swift */ = {isa = PBXFileReference; lastKnownFileType = sourcecode.swift; path = StereoCard.swift; sourceTree = "<group>"; };
		5C6676E92BC4EF2F002DD52E /* all_examples.json */ = {isa = PBXFileReference; fileEncoding = 4; lastKnownFileType = text.json; path = all_examples.json; sourceTree = "<group>"; };
		5C7014F32BF1AC01001D6CC3 /* CardView.swift */ = {isa = PBXFileReference; lastKnownFileType = sourcecode.swift; path = CardView.swift; sourceTree = "<group>"; };
		5C8C88CE2C1FF11300874E19 /* BackCardView.swift */ = {isa = PBXFileReference; lastKnownFileType = sourcecode.swift; path = BackCardView.swift; sourceTree = "<group>"; };
		5C9BCA512C166A2D00668900 /* StereoCardViewModel.swift */ = {isa = PBXFileReference; lastKnownFileType = sourcecode.swift; path = StereoCardViewModel.swift; sourceTree = "<group>"; };
		5C9BCA532C166AD600668900 /* FrontCardView.swift */ = {isa = PBXFileReference; lastKnownFileType = sourcecode.swift; path = FrontCardView.swift; sourceTree = "<group>"; };
		5C9DDB032C0C0C5500D83DE3 /* MyStereoviews.store */ = {isa = PBXFileReference; lastKnownFileType = file; path = MyStereoviews.store; sourceTree = "<group>"; };
		5CC5A5C22BD471D0005811DA /* Title.swift */ = {isa = PBXFileReference; lastKnownFileType = sourcecode.swift; path = Title.swift; sourceTree = "<group>"; };
		5CC5A5C42BD47622005811DA /* Author.swift */ = {isa = PBXFileReference; lastKnownFileType = sourcecode.swift; path = Author.swift; sourceTree = "<group>"; };
		5CC5A5C62BD478CE005811DA /* Subject.swift */ = {isa = PBXFileReference; lastKnownFileType = sourcecode.swift; path = Subject.swift; sourceTree = "<group>"; };
		5CC5A5C82BD47ABA005811DA /* Date.swift */ = {isa = PBXFileReference; lastKnownFileType = sourcecode.swift; path = Date.swift; sourceTree = "<group>"; };
		5CCC2B832CFAD964005ED10E /* AuthorsView.swift */ = {isa = PBXFileReference; lastKnownFileType = sourcecode.swift; path = AuthorsView.swift; sourceTree = "<group>"; };
		5CCDA5762CE196A600CA97AE /* StereoMaterialLoader.swift */ = {isa = PBXFileReference; lastKnownFileType = sourcecode.swift; path = StereoMaterialLoader.swift; sourceTree = "<group>"; };
		5CD075952BD60B3E002B463C /* Crop.swift */ = {isa = PBXFileReference; lastKnownFileType = sourcecode.swift; path = Crop.swift; sourceTree = "<group>"; };
		5CD600182C054C18008732E8 /* CardLoader */ = {isa = PBXFileReference; explicitFileType = "compiled.mach-o.executable"; includeInIndex = 0; path = CardLoader; sourceTree = BUILT_PRODUCTS_DIR; };
		5CE784992CEC46EB000F3D71 /* StereoCardImageView.swift */ = {isa = PBXFileReference; lastKnownFileType = sourcecode.swift; path = StereoCardImageView.swift; sourceTree = "<group>"; };
		5CEFA7662CFA7F4A00D410EA /* DebugMenu.swift */ = {isa = PBXFileReference; lastKnownFileType = sourcecode.swift; path = DebugMenu.swift; sourceTree = "<group>"; };
		5CEFA7682CFA83A800D410EA /* InteractionState.swift */ = {isa = PBXFileReference; lastKnownFileType = sourcecode.swift; path = InteractionState.swift; sourceTree = "<group>"; };
		5CEFA76E2CFA8E8A00D410EA /* CardGridView.swift */ = {isa = PBXFileReference; lastKnownFileType = sourcecode.swift; path = CardGridView.swift; sourceTree = "<group>"; };
		5CEFA7702CFA8EBC00D410EA /* BrowseLayout.swift */ = {isa = PBXFileReference; lastKnownFileType = sourcecode.swift; path = BrowseLayout.swift; sourceTree = "<group>"; };
		5CEFA7722CFA96F600D410EA /* PlatformModifiers.swift */ = {isa = PBXFileReference; lastKnownFileType = sourcecode.swift; path = PlatformModifiers.swift; sourceTree = "<group>"; };
/* End PBXFileReference section */

/* Begin PBXFrameworksBuildPhase section */
		5C6676A92BC210F7002DD52E /* Frameworks */ = {
			isa = PBXFrameworksBuildPhase;
			buildActionMask = 2147483647;
			files = (
				5CDEFC252CE04E4C0046FD60 /* StereoViewer in Frameworks */,
				5C7EA0F22CC5C631002FC3D2 /* StereoViewer in Frameworks */,
			);
			runOnlyForDeploymentPostprocessing = 0;
		};
		5C6676BA2BC210F8002DD52E /* Frameworks */ = {
			isa = PBXFrameworksBuildPhase;
			buildActionMask = 2147483647;
			files = (
			);
			runOnlyForDeploymentPostprocessing = 0;
		};
		5C6676C42BC210F9002DD52E /* Frameworks */ = {
			isa = PBXFrameworksBuildPhase;
			buildActionMask = 2147483647;
			files = (
			);
			runOnlyForDeploymentPostprocessing = 0;
		};
		5CD600152C054C18008732E8 /* Frameworks */ = {
			isa = PBXFrameworksBuildPhase;
			buildActionMask = 2147483647;
			files = (
			);
			runOnlyForDeploymentPostprocessing = 0;
		};
/* End PBXFrameworksBuildPhase section */

/* Begin PBXGroup section */
		5C1454322CF7A61400D5C232 /* Utilities */ = {
			isa = PBXGroup;
			children = (
				5C1454452CF8172900D5C232 /* BatchImportService.swift */,
				5C1454332CF7A63600D5C232 /* CardColorAnalyzer.swift */,
				5C14543B2CF7FF8800D5C232 /* ColorUtility.swift */,
				5C1454102CF5760300D5C232 /* ImageLoading.swift */,
				5C1454432CF816EF00D5C232 /* ImportService.swift */,
				5CEFA7682CFA83A800D410EA /* InteractionState.swift */,
				5C43BC482CF98D880053FAFD /* ModelContextPreviewExtension.swift */,
				5CEFA7722CFA96F600D410EA /* PlatformModifiers.swift */,
				5C1454372CF7ED0B00D5C232 /* SquareAspectRatioModifier.swift */,
				5CCDA5762CE196A600CA97AE /* StereoMaterialLoader.swift */,
				5C1454112CF5760300D5C232 /* StereoViewCoordinator.swift */,
			);
			path = Utilities;
			sourceTree = "<group>";
		};
		5C6676A32BC210F7002DD52E = {
			isa = PBXGroup;
			children = (
				5C9DDB032C0C0C5500D83DE3 /* MyStereoviews.store */,
				5C6676DA2BC215C7002DD52E /* .gitignore */,
				5C6676AE2BC210F7002DD52E /* Retroview */,
				5C6676C02BC210F8002DD52E /* RetroviewTests */,
				5C6676CA2BC210F9002DD52E /* RetroviewUITests */,
				5C6676AD2BC210F7002DD52E /* Products */,
			);
			sourceTree = "<group>";
		};
		5C6676AD2BC210F7002DD52E /* Products */ = {
			isa = PBXGroup;
			children = (
				5C6676AC2BC210F7002DD52E /* Retroview.app */,
				5C6676BD2BC210F8002DD52E /* RetroviewTests.xctest */,
				5C6676C72BC210F9002DD52E /* RetroviewUITests.xctest */,
				5CD600182C054C18008732E8 /* CardLoader */,
			);
			name = Products;
			sourceTree = "<group>";
		};
		5C6676AE2BC210F7002DD52E /* Retroview */ = {
			isa = PBXGroup;
			children = (
				5C267EBA2CE3209600AE3493 /* Info.plist */,
				5C6676AF2BC210F7002DD52E /* RetroviewApp.swift */,
				5CC89F052BE835AF001ECF22 /* Preview Helpers */,
				5C1454322CF7A61400D5C232 /* Utilities */,
				5CD0759B2BDF29AB002B463C /* Screens */,
				5CB421B32BCCB9E20065C130 /* Views */,
				5CB421B42BCCB9EA0065C130 /* Models */,
				5C6676B32BC210F8002DD52E /* Assets.xcassets */,
				5C6676B52BC210F8002DD52E /* Retroview.entitlements */,
				5C6676B62BC210F8002DD52E /* Preview Content */,
			);
			path = Retroview;
			sourceTree = "<group>";
		};
		5C6676B62BC210F8002DD52E /* Preview Content */ = {
			isa = PBXGroup;
			children = (
				5C6676E92BC4EF2F002DD52E /* all_examples.json */,
				5C6676B72BC210F8002DD52E /* Preview Assets.xcassets */,
			);
			path = "Preview Content";
			sourceTree = "<group>";
		};
		5C6676C02BC210F8002DD52E /* RetroviewTests */ = {
			isa = PBXGroup;
			children = (
				5C43BC4A2CF992FB0053FAFD /* ImportServiceTests.swift */,
				5C6676C12BC210F8002DD52E /* RetroviewTests.swift */,
			);
			path = RetroviewTests;
			sourceTree = "<group>";
		};
		5C6676CA2BC210F9002DD52E /* RetroviewUITests */ = {
			isa = PBXGroup;
			children = (
				5C6676CB2BC210F9002DD52E /* RetroviewUITests.swift */,
				5C6676CD2BC210F9002DD52E /* RetroviewUITestsLaunchTests.swift */,
			);
			path = RetroviewUITests;
			sourceTree = "<group>";
		};
		5CB421B32BCCB9E20065C130 /* Views */ = {
			isa = PBXGroup;
			children = (
				5C8C88CE2C1FF11300874E19 /* BackCardView.swift */,
				5CEFA7702CFA8EBC00D410EA /* BrowseLayout.swift */,
				5C1454212CF5834000D5C232 /* CardContentView.swift */,
				5CEFA76E2CFA8E8A00D410EA /* CardGridView.swift */,
				5C7014F32BF1AC01001D6CC3 /* CardView.swift */,
				5C43BC462CF98BF20053FAFD /* CollectionMenuView.swift */,
				5C1454522CF84C7900D5C232 /* CollectionView.swift */,
				5C9BCA532C166AD600668900 /* FrontCardView.swift */,
				5C1454472CF8174700D5C232 /* ImportView.swift */,
				5C1454302CF6F74600D5C232 /* LibraryView.swift */,
				5C1454502CF84B4000D5C232 /* ReorderableGridView.swift */,
				5C14542A2CF6D86000D5C232 /* SquareCropView.swift */,
				5CE784992CEC46EB000F3D71 /* StereoCardImageView.swift */,
				5C9BCA512C166A2D00668900 /* StereoCardViewModel.swift */,
				5C19F16A2CC5B98E00BD7A2A /* StereoView.swift */,
				5CCC2B832CFAD964005ED10E /* AuthorsView.swift */,
				5C43BC4E2CF99D8D0053FAFD /* SubjectsView.swift */,
			);
			path = Views;
			sourceTree = "<group>";
		};
		5CB421B42BCCB9EA0065C130 /* Models */ = {
			isa = PBXGroup;
			children = (
				5C14544E2CF849D700D5C232 /* Collection.swift */,
				5C1454412CF816D100D5C232 /* JSONStructures.swift */,
				5C6676DB2BC21881002DD52E /* StereoCard.swift */,
				5CC5A5C22BD471D0005811DA /* Title.swift */,
				5CC5A5C42BD47622005811DA /* Author.swift */,
				5CC5A5C82BD47ABA005811DA /* Date.swift */,
				5CD075952BD60B3E002B463C /* Crop.swift */,
				5CC5A5C62BD478CE005811DA /* Subject.swift */,
			);
			path = Models;
			sourceTree = "<group>";
		};
		5CC89F052BE835AF001ECF22 /* Preview Helpers */ = {
			isa = PBXGroup;
			children = (
				5C1454352CF7E07500D5C232 /* PreviewInfrastructure.swift */,
			);
			path = "Preview Helpers";
			sourceTree = "<group>";
		};
		5CD0759B2BDF29AB002B463C /* Screens */ = {
			isa = PBXGroup;
			children = (
				5C1454562CF84E8500D5C232 /* AddToCollectionMenu.swift */,
				5C665F572CF95E9F00838F37 /* CardHoverOverlay.swift */,
				5C14545A2CF93F2A00D5C232 /* CollectionDefaults.swift */,
				5CEFA7662CFA7F4A00D410EA /* DebugMenu.swift */,
				5C665F552CF9591A00838F37 /* FavoriteButton.swift */,
				5C43BC522CF9A9530053FAFD /* NavigationSidebar.swift */,
				5C1454392CF7F5FA00D5C232 /* NavigationState.swift */,
				5C14542E2CF6F5EC00D5C232 /* GalleryScreen.swift */,
			);
			path = Screens;
			sourceTree = "<group>";
		};
/* End PBXGroup section */

/* Begin PBXNativeTarget section */
		5C6676AB2BC210F7002DD52E /* Retroview */ = {
			isa = PBXNativeTarget;
			buildConfigurationList = 5C6676D12BC210F9002DD52E /* Build configuration list for PBXNativeTarget "Retroview" */;
			buildPhases = (
				5C6676A82BC210F7002DD52E /* Sources */,
				5C6676A92BC210F7002DD52E /* Frameworks */,
				5C6676AA2BC210F7002DD52E /* Resources */,
			);
			buildRules = (
			);
			dependencies = (
			);
			name = Retroview;
			productName = Retroview;
			productReference = 5C6676AC2BC210F7002DD52E /* Retroview.app */;
			productType = "com.apple.product-type.application";
		};
		5C6676BC2BC210F8002DD52E /* RetroviewTests */ = {
			isa = PBXNativeTarget;
			buildConfigurationList = 5C6676D42BC210F9002DD52E /* Build configuration list for PBXNativeTarget "RetroviewTests" */;
			buildPhases = (
				5C6676B92BC210F8002DD52E /* Sources */,
				5C6676BA2BC210F8002DD52E /* Frameworks */,
				5C6676BB2BC210F8002DD52E /* Resources */,
			);
			buildRules = (
			);
			dependencies = (
				5C6676BF2BC210F8002DD52E /* PBXTargetDependency */,
			);
			name = RetroviewTests;
			productName = RetroviewTests;
			productReference = 5C6676BD2BC210F8002DD52E /* RetroviewTests.xctest */;
			productType = "com.apple.product-type.bundle.unit-test";
		};
		5C6676C62BC210F9002DD52E /* RetroviewUITests */ = {
			isa = PBXNativeTarget;
			buildConfigurationList = 5C6676D72BC210F9002DD52E /* Build configuration list for PBXNativeTarget "RetroviewUITests" */;
			buildPhases = (
				5C6676C32BC210F9002DD52E /* Sources */,
				5C6676C42BC210F9002DD52E /* Frameworks */,
				5C6676C52BC210F9002DD52E /* Resources */,
			);
			buildRules = (
			);
			dependencies = (
				5C6676C92BC210F9002DD52E /* PBXTargetDependency */,
			);
			name = RetroviewUITests;
			productName = RetroviewUITests;
			productReference = 5C6676C72BC210F9002DD52E /* RetroviewUITests.xctest */;
			productType = "com.apple.product-type.bundle.ui-testing";
		};
		5CD600172C054C18008732E8 /* CardLoader */ = {
			isa = PBXNativeTarget;
			buildConfigurationList = 5CD6001C2C054C18008732E8 /* Build configuration list for PBXNativeTarget "CardLoader" */;
			buildPhases = (
				5CD600142C054C18008732E8 /* Sources */,
				5CD600152C054C18008732E8 /* Frameworks */,
				5CD600162C054C18008732E8 /* CopyFiles */,
			);
			buildRules = (
			);
			dependencies = (
			);
			name = CardLoader;
			productName = CardLoader;
			productReference = 5CD600182C054C18008732E8 /* CardLoader */;
			productType = "com.apple.product-type.tool";
		};
/* End PBXNativeTarget section */

/* Begin PBXProject section */
		5C6676A42BC210F7002DD52E /* Project object */ = {
			isa = PBXProject;
			attributes = {
				BuildIndependentTargetsInParallel = 1;
				LastSwiftUpdateCheck = 1540;
				LastUpgradeCheck = 1600;
				TargetAttributes = {
					5C6676AB2BC210F7002DD52E = {
						CreatedOnToolsVersion = 15.3;
					};
					5C6676BC2BC210F8002DD52E = {
						CreatedOnToolsVersion = 15.3;
						TestTargetID = 5C6676AB2BC210F7002DD52E;
					};
					5C6676C62BC210F9002DD52E = {
						CreatedOnToolsVersion = 15.3;
						TestTargetID = 5C6676AB2BC210F7002DD52E;
					};
					5CD600172C054C18008732E8 = {
						CreatedOnToolsVersion = 15.4;
					};
				};
			};
			buildConfigurationList = 5C6676A72BC210F7002DD52E /* Build configuration list for PBXProject "Retroview" */;
			compatibilityVersion = "Xcode 14.0";
			developmentRegion = en;
			hasScannedForEncodings = 0;
			knownRegions = (
				en,
				Base,
			);
			mainGroup = 5C6676A32BC210F7002DD52E;
			packageReferences = (
				5CDEFC232CE04E4C0046FD60 /* XCLocalSwiftPackageReference "../StereoViewer" */,
			);
			productRefGroup = 5C6676AD2BC210F7002DD52E /* Products */;
			projectDirPath = "";
			projectRoot = "";
			targets = (
				5C6676AB2BC210F7002DD52E /* Retroview */,
				5C6676BC2BC210F8002DD52E /* RetroviewTests */,
				5C6676C62BC210F9002DD52E /* RetroviewUITests */,
				5CD600172C054C18008732E8 /* CardLoader */,
			);
		};
/* End PBXProject section */

/* Begin PBXResourcesBuildPhase section */
		5C6676AA2BC210F7002DD52E /* Resources */ = {
			isa = PBXResourcesBuildPhase;
			buildActionMask = 2147483647;
			files = (
				5C9DDB042C0C0C5500D83DE3 /* MyStereoviews.store in Resources */,
				5C6676EA2BC4EF30002DD52E /* all_examples.json in Resources */,
				5C6676B82BC210F8002DD52E /* Preview Assets.xcassets in Resources */,
				5C6676B42BC210F8002DD52E /* Assets.xcassets in Resources */,
			);
			runOnlyForDeploymentPostprocessing = 0;
		};
		5C6676BB2BC210F8002DD52E /* Resources */ = {
			isa = PBXResourcesBuildPhase;
			buildActionMask = 2147483647;
			files = (
			);
			runOnlyForDeploymentPostprocessing = 0;
		};
		5C6676C52BC210F9002DD52E /* Resources */ = {
			isa = PBXResourcesBuildPhase;
			buildActionMask = 2147483647;
			files = (
			);
			runOnlyForDeploymentPostprocessing = 0;
		};
/* End PBXResourcesBuildPhase section */

/* Begin PBXSourcesBuildPhase section */
		5C6676A82BC210F7002DD52E /* Sources */ = {
			isa = PBXSourcesBuildPhase;
			buildActionMask = 2147483647;
			files = (
				5CEFA7692CFA83AE00D410EA /* InteractionState.swift in Sources */,
				5C1454482CF8174C00D5C232 /* ImportView.swift in Sources */,
				5C1454422CF816D500D5C232 /* JSONStructures.swift in Sources */,
				5C43BC472CF98BF70053FAFD /* CollectionMenuView.swift in Sources */,
				5C43BC532CF9A9530053FAFD /* NavigationSidebar.swift in Sources */,
				5C9BCA522C166A2D00668900 /* StereoCardViewModel.swift in Sources */,
				5C14543C2CF7FF8B00D5C232 /* ColorUtility.swift in Sources */,
				5CE7849A2CEC46F5000F3D71 /* StereoCardImageView.swift in Sources */,
				5C1454222CF5834400D5C232 /* CardContentView.swift in Sources */,
				5CEFA7732CFA96FF00D410EA /* PlatformModifiers.swift in Sources */,
				5CCDA5772CE196BA00CA97AE /* StereoMaterialLoader.swift in Sources */,
				5C43BC4F2CF99D910053FAFD /* SubjectsView.swift in Sources */,
				5C9BCA542C166AD600668900 /* FrontCardView.swift in Sources */,
				5C1454362CF7E07A00D5C232 /* PreviewInfrastructure.swift in Sources */,
				5C14542F2CF6F5F100D5C232 /* GalleryScreen.swift in Sources */,
				5C1454162CF5760300D5C232 /* ImageLoading.swift in Sources */,
				5C1454172CF5760300D5C232 /* StereoViewCoordinator.swift in Sources */,
				5CCC2B842CFAD968005ED10E /* AuthorsView.swift in Sources */,
				5CC5A5C72BD478CE005811DA /* Subject.swift in Sources */,
				5C6676DC2BC21881002DD52E /* StereoCard.swift in Sources */,
				5CC5A5C32BD471D0005811DA /* Title.swift in Sources */,
				5CEFA76F2CFA8E9000D410EA /* CardGridView.swift in Sources */,
				5C19F16B2CC5B98E00BD7A2A /* StereoView.swift in Sources */,
				5C14542B2CF6D86500D5C232 /* SquareCropView.swift in Sources */,
				5C1454342CF7A63D00D5C232 /* CardColorAnalyzer.swift in Sources */,
				5C665F582CF95EA500838F37 /* CardHoverOverlay.swift in Sources */,
				5C7014F42BF1AC01001D6CC3 /* CardView.swift in Sources */,
				5C14543A2CF7F5FE00D5C232 /* NavigationState.swift in Sources */,
				5CEFA7712CFA8EC600D410EA /* BrowseLayout.swift in Sources */,
				5C8C88CF2C1FF11300874E19 /* BackCardView.swift in Sources */,
				5C1454382CF7ED1600D5C232 /* SquareAspectRatioModifier.swift in Sources */,
				5C1454512CF84B5100D5C232 /* ReorderableGridView.swift in Sources */,
				5C1454572CF84E8D00D5C232 /* AddToCollectionMenu.swift in Sources */,
				5C14544F2CF849DA00D5C232 /* Collection.swift in Sources */,
				5CC5A5C52BD47622005811DA /* Author.swift in Sources */,
				5C1454532CF84C7E00D5C232 /* CollectionView.swift in Sources */,
				5CD075962BD60B3E002B463C /* Crop.swift in Sources */,
				5C1454312CF6F74B00D5C232 /* LibraryView.swift in Sources */,
				5C665F562CF9591E00838F37 /* FavoriteButton.swift in Sources */,
				5C43BC492CF98D910053FAFD /* ModelContextPreviewExtension.swift in Sources */,
				5C14545B2CF93F3000D5C232 /* CollectionDefaults.swift in Sources */,
				5C6676B02BC210F7002DD52E /* RetroviewApp.swift in Sources */,
				5CEFA7672CFA7F5100D410EA /* DebugMenu.swift in Sources */,
				5CC5A5C92BD47ABA005811DA /* Date.swift in Sources */,
				5C1454442CF816F700D5C232 /* ImportService.swift in Sources */,
				5C1454462CF8173100D5C232 /* BatchImportService.swift in Sources */,
			);
			runOnlyForDeploymentPostprocessing = 0;
		};
		5C6676B92BC210F8002DD52E /* Sources */ = {
			isa = PBXSourcesBuildPhase;
			buildActionMask = 2147483647;
			files = (
				5C43BC4B2CF993010053FAFD /* ImportServiceTests.swift in Sources */,
				5C6676C22BC210F8002DD52E /* RetroviewTests.swift in Sources */,
			);
			runOnlyForDeploymentPostprocessing = 0;
		};
		5C6676C32BC210F9002DD52E /* Sources */ = {
			isa = PBXSourcesBuildPhase;
			buildActionMask = 2147483647;
			files = (
				5C6676CE2BC210F9002DD52E /* RetroviewUITestsLaunchTests.swift in Sources */,
				5C6676CC2BC210F9002DD52E /* RetroviewUITests.swift in Sources */,
			);
			runOnlyForDeploymentPostprocessing = 0;
		};
		5CD600142C054C18008732E8 /* Sources */ = {
			isa = PBXSourcesBuildPhase;
			buildActionMask = 2147483647;
			files = (
			);
			runOnlyForDeploymentPostprocessing = 0;
		};
/* End PBXSourcesBuildPhase section */

/* Begin PBXTargetDependency section */
		5C6676BF2BC210F8002DD52E /* PBXTargetDependency */ = {
			isa = PBXTargetDependency;
			target = 5C6676AB2BC210F7002DD52E /* Retroview */;
			targetProxy = 5C6676BE2BC210F8002DD52E /* PBXContainerItemProxy */;
		};
		5C6676C92BC210F9002DD52E /* PBXTargetDependency */ = {
			isa = PBXTargetDependency;
			target = 5C6676AB2BC210F7002DD52E /* Retroview */;
			targetProxy = 5C6676C82BC210F9002DD52E /* PBXContainerItemProxy */;
		};
/* End PBXTargetDependency section */

/* Begin XCBuildConfiguration section */
		5C6676CF2BC210F9002DD52E /* Debug */ = {
			isa = XCBuildConfiguration;
			buildSettings = {
				ALWAYS_SEARCH_USER_PATHS = NO;
				ASSETCATALOG_COMPILER_GENERATE_SWIFT_ASSET_SYMBOL_EXTENSIONS = YES;
				CLANG_ANALYZER_NONNULL = YES;
				CLANG_ANALYZER_NUMBER_OBJECT_CONVERSION = YES_AGGRESSIVE;
				CLANG_CXX_LANGUAGE_STANDARD = "gnu++20";
				CLANG_ENABLE_MODULES = YES;
				CLANG_ENABLE_OBJC_ARC = YES;
				CLANG_ENABLE_OBJC_WEAK = YES;
				CLANG_WARN_BLOCK_CAPTURE_AUTORELEASING = YES;
				CLANG_WARN_BOOL_CONVERSION = YES;
				CLANG_WARN_COMMA = YES;
				CLANG_WARN_CONSTANT_CONVERSION = YES;
				CLANG_WARN_DEPRECATED_OBJC_IMPLEMENTATIONS = YES;
				CLANG_WARN_DIRECT_OBJC_ISA_USAGE = YES_ERROR;
				CLANG_WARN_DOCUMENTATION_COMMENTS = YES;
				CLANG_WARN_EMPTY_BODY = YES;
				CLANG_WARN_ENUM_CONVERSION = YES;
				CLANG_WARN_INFINITE_RECURSION = YES;
				CLANG_WARN_INT_CONVERSION = YES;
				CLANG_WARN_NON_LITERAL_NULL_CONVERSION = YES;
				CLANG_WARN_OBJC_IMPLICIT_RETAIN_SELF = YES;
				CLANG_WARN_OBJC_LITERAL_CONVERSION = YES;
				CLANG_WARN_OBJC_ROOT_CLASS = YES_ERROR;
				CLANG_WARN_QUOTED_INCLUDE_IN_FRAMEWORK_HEADER = YES;
				CLANG_WARN_RANGE_LOOP_ANALYSIS = YES;
				CLANG_WARN_STRICT_PROTOTYPES = YES;
				CLANG_WARN_SUSPICIOUS_MOVE = YES;
				CLANG_WARN_UNGUARDED_AVAILABILITY = YES_AGGRESSIVE;
				CLANG_WARN_UNREACHABLE_CODE = YES;
				CLANG_WARN__DUPLICATE_METHOD_MATCH = YES;
				COPY_PHASE_STRIP = NO;
				DEAD_CODE_STRIPPING = YES;
				DEBUG_INFORMATION_FORMAT = dwarf;
				ENABLE_STRICT_OBJC_MSGSEND = YES;
				ENABLE_TESTABILITY = YES;
				ENABLE_USER_SCRIPT_SANDBOXING = YES;
				GCC_C_LANGUAGE_STANDARD = gnu17;
				GCC_DYNAMIC_NO_PIC = NO;
				GCC_NO_COMMON_BLOCKS = YES;
				GCC_OPTIMIZATION_LEVEL = 0;
				GCC_PREPROCESSOR_DEFINITIONS = (
					"DEBUG=1",
					"$(inherited)",
				);
				GCC_WARN_64_TO_32_BIT_CONVERSION = YES;
				GCC_WARN_ABOUT_RETURN_TYPE = YES_ERROR;
				GCC_WARN_UNDECLARED_SELECTOR = YES;
				GCC_WARN_UNINITIALIZED_AUTOS = YES_AGGRESSIVE;
				GCC_WARN_UNUSED_FUNCTION = YES;
				GCC_WARN_UNUSED_VARIABLE = YES;
				LOCALIZATION_PREFERS_STRING_CATALOGS = YES;
				MTL_ENABLE_DEBUG_INFO = INCLUDE_SOURCE;
				MTL_FAST_MATH = YES;
				ONLY_ACTIVE_ARCH = YES;
				SWIFT_ACTIVE_COMPILATION_CONDITIONS = "DEBUG $(inherited)";
				SWIFT_OPTIMIZATION_LEVEL = "-Onone";
			};
			name = Debug;
		};
		5C6676D02BC210F9002DD52E /* Release */ = {
			isa = XCBuildConfiguration;
			buildSettings = {
				ALWAYS_SEARCH_USER_PATHS = NO;
				ASSETCATALOG_COMPILER_GENERATE_SWIFT_ASSET_SYMBOL_EXTENSIONS = YES;
				CLANG_ANALYZER_NONNULL = YES;
				CLANG_ANALYZER_NUMBER_OBJECT_CONVERSION = YES_AGGRESSIVE;
				CLANG_CXX_LANGUAGE_STANDARD = "gnu++20";
				CLANG_ENABLE_MODULES = YES;
				CLANG_ENABLE_OBJC_ARC = YES;
				CLANG_ENABLE_OBJC_WEAK = YES;
				CLANG_WARN_BLOCK_CAPTURE_AUTORELEASING = YES;
				CLANG_WARN_BOOL_CONVERSION = YES;
				CLANG_WARN_COMMA = YES;
				CLANG_WARN_CONSTANT_CONVERSION = YES;
				CLANG_WARN_DEPRECATED_OBJC_IMPLEMENTATIONS = YES;
				CLANG_WARN_DIRECT_OBJC_ISA_USAGE = YES_ERROR;
				CLANG_WARN_DOCUMENTATION_COMMENTS = YES;
				CLANG_WARN_EMPTY_BODY = YES;
				CLANG_WARN_ENUM_CONVERSION = YES;
				CLANG_WARN_INFINITE_RECURSION = YES;
				CLANG_WARN_INT_CONVERSION = YES;
				CLANG_WARN_NON_LITERAL_NULL_CONVERSION = YES;
				CLANG_WARN_OBJC_IMPLICIT_RETAIN_SELF = YES;
				CLANG_WARN_OBJC_LITERAL_CONVERSION = YES;
				CLANG_WARN_OBJC_ROOT_CLASS = YES_ERROR;
				CLANG_WARN_QUOTED_INCLUDE_IN_FRAMEWORK_HEADER = YES;
				CLANG_WARN_RANGE_LOOP_ANALYSIS = YES;
				CLANG_WARN_STRICT_PROTOTYPES = YES;
				CLANG_WARN_SUSPICIOUS_MOVE = YES;
				CLANG_WARN_UNGUARDED_AVAILABILITY = YES_AGGRESSIVE;
				CLANG_WARN_UNREACHABLE_CODE = YES;
				CLANG_WARN__DUPLICATE_METHOD_MATCH = YES;
				COPY_PHASE_STRIP = NO;
				DEAD_CODE_STRIPPING = YES;
				DEBUG_INFORMATION_FORMAT = "dwarf-with-dsym";
				ENABLE_NS_ASSERTIONS = NO;
				ENABLE_STRICT_OBJC_MSGSEND = YES;
				ENABLE_USER_SCRIPT_SANDBOXING = YES;
				GCC_C_LANGUAGE_STANDARD = gnu17;
				GCC_NO_COMMON_BLOCKS = YES;
				GCC_WARN_64_TO_32_BIT_CONVERSION = YES;
				GCC_WARN_ABOUT_RETURN_TYPE = YES_ERROR;
				GCC_WARN_UNDECLARED_SELECTOR = YES;
				GCC_WARN_UNINITIALIZED_AUTOS = YES_AGGRESSIVE;
				GCC_WARN_UNUSED_FUNCTION = YES;
				GCC_WARN_UNUSED_VARIABLE = YES;
				LOCALIZATION_PREFERS_STRING_CATALOGS = YES;
				MTL_ENABLE_DEBUG_INFO = NO;
				MTL_FAST_MATH = YES;
				SWIFT_COMPILATION_MODE = wholemodule;
			};
			name = Release;
		};
		5C6676D22BC210F9002DD52E /* Debug */ = {
			isa = XCBuildConfiguration;
			buildSettings = {
				ASSETCATALOG_COMPILER_APPICON_NAME = AppIcon;
				ASSETCATALOG_COMPILER_GLOBAL_ACCENT_COLOR_NAME = AccentColor;
				ASSETCATALOG_COMPILER_INCLUDE_ALL_APPICON_ASSETS = YES;
				CODE_SIGN_ENTITLEMENTS = Retroview/Retroview.entitlements;
				CODE_SIGN_STYLE = Automatic;
				CURRENT_PROJECT_VERSION = 1;
				DEAD_CODE_STRIPPING = YES;
				DEVELOPMENT_ASSET_PATHS = "\"Retroview/Preview Content\"";
				DEVELOPMENT_TEAM = MYU957XGF6;
				ENABLE_HARDENED_RUNTIME = YES;
				ENABLE_PREVIEWS = YES;
				GENERATE_INFOPLIST_FILE = YES;
				INFOPLIST_FILE = Retroview/Info.plist;
				"INFOPLIST_KEY_UIApplicationSceneManifest_Generation[sdk=iphoneos*]" = YES;
				"INFOPLIST_KEY_UIApplicationSceneManifest_Generation[sdk=iphonesimulator*]" = YES;
				"INFOPLIST_KEY_UIApplicationSupportsIndirectInputEvents[sdk=iphoneos*]" = YES;
				"INFOPLIST_KEY_UIApplicationSupportsIndirectInputEvents[sdk=iphonesimulator*]" = YES;
				"INFOPLIST_KEY_UILaunchScreen_Generation[sdk=iphoneos*]" = YES;
				"INFOPLIST_KEY_UILaunchScreen_Generation[sdk=iphonesimulator*]" = YES;
				"INFOPLIST_KEY_UIStatusBarStyle[sdk=iphoneos*]" = UIStatusBarStyleDefault;
				"INFOPLIST_KEY_UIStatusBarStyle[sdk=iphonesimulator*]" = UIStatusBarStyleDefault;
				INFOPLIST_KEY_UISupportedInterfaceOrientations_iPad = "UIInterfaceOrientationPortrait UIInterfaceOrientationPortraitUpsideDown UIInterfaceOrientationLandscapeLeft UIInterfaceOrientationLandscapeRight";
				INFOPLIST_KEY_UISupportedInterfaceOrientations_iPhone = "UIInterfaceOrientationPortrait UIInterfaceOrientationLandscapeLeft UIInterfaceOrientationLandscapeRight";
				IPHONEOS_DEPLOYMENT_TARGET = 18.0;
				LD_RUNPATH_SEARCH_PATHS = "@executable_path/Frameworks";
				"LD_RUNPATH_SEARCH_PATHS[sdk=macosx*]" = "@executable_path/../Frameworks";
				MACOSX_DEPLOYMENT_TARGET = 15.0;
				MARKETING_VERSION = 1.0;
				PRODUCT_BUNDLE_IDENTIFIER = net.atompowered.Retroview;
				PRODUCT_NAME = "$(TARGET_NAME)";
				SDKROOT = auto;
				SUPPORTED_PLATFORMS = "iphoneos iphonesimulator macosx xros xrsimulator";
				SUPPORTS_MACCATALYST = NO;
				SWIFT_EMIT_LOC_STRINGS = YES;
				SWIFT_VERSION = 5.0;
				TARGETED_DEVICE_FAMILY = "1,2,7";
				XROS_DEPLOYMENT_TARGET = 2.0;
			};
			name = Debug;
		};
		5C6676D32BC210F9002DD52E /* Release */ = {
			isa = XCBuildConfiguration;
			buildSettings = {
				ASSETCATALOG_COMPILER_APPICON_NAME = AppIcon;
				ASSETCATALOG_COMPILER_GLOBAL_ACCENT_COLOR_NAME = AccentColor;
				ASSETCATALOG_COMPILER_INCLUDE_ALL_APPICON_ASSETS = YES;
				CODE_SIGN_ENTITLEMENTS = Retroview/Retroview.entitlements;
				CODE_SIGN_STYLE = Automatic;
				CURRENT_PROJECT_VERSION = 1;
				DEAD_CODE_STRIPPING = YES;
				DEVELOPMENT_ASSET_PATHS = "\"Retroview/Preview Content\"";
				DEVELOPMENT_TEAM = MYU957XGF6;
				ENABLE_HARDENED_RUNTIME = YES;
				ENABLE_PREVIEWS = YES;
				GENERATE_INFOPLIST_FILE = YES;
				INFOPLIST_FILE = Retroview/Info.plist;
				"INFOPLIST_KEY_UIApplicationSceneManifest_Generation[sdk=iphoneos*]" = YES;
				"INFOPLIST_KEY_UIApplicationSceneManifest_Generation[sdk=iphonesimulator*]" = YES;
				"INFOPLIST_KEY_UIApplicationSupportsIndirectInputEvents[sdk=iphoneos*]" = YES;
				"INFOPLIST_KEY_UIApplicationSupportsIndirectInputEvents[sdk=iphonesimulator*]" = YES;
				"INFOPLIST_KEY_UILaunchScreen_Generation[sdk=iphoneos*]" = YES;
				"INFOPLIST_KEY_UILaunchScreen_Generation[sdk=iphonesimulator*]" = YES;
				"INFOPLIST_KEY_UIStatusBarStyle[sdk=iphoneos*]" = UIStatusBarStyleDefault;
				"INFOPLIST_KEY_UIStatusBarStyle[sdk=iphonesimulator*]" = UIStatusBarStyleDefault;
				INFOPLIST_KEY_UISupportedInterfaceOrientations_iPad = "UIInterfaceOrientationPortrait UIInterfaceOrientationPortraitUpsideDown UIInterfaceOrientationLandscapeLeft UIInterfaceOrientationLandscapeRight";
				INFOPLIST_KEY_UISupportedInterfaceOrientations_iPhone = "UIInterfaceOrientationPortrait UIInterfaceOrientationLandscapeLeft UIInterfaceOrientationLandscapeRight";
				IPHONEOS_DEPLOYMENT_TARGET = 18.0;
				LD_RUNPATH_SEARCH_PATHS = "@executable_path/Frameworks";
				"LD_RUNPATH_SEARCH_PATHS[sdk=macosx*]" = "@executable_path/../Frameworks";
				MACOSX_DEPLOYMENT_TARGET = 15.0;
				MARKETING_VERSION = 1.0;
				PRODUCT_BUNDLE_IDENTIFIER = net.atompowered.Retroview;
				PRODUCT_NAME = "$(TARGET_NAME)";
				SDKROOT = auto;
				SUPPORTED_PLATFORMS = "iphoneos iphonesimulator macosx xros xrsimulator";
				SUPPORTS_MACCATALYST = NO;
				SWIFT_EMIT_LOC_STRINGS = YES;
				SWIFT_VERSION = 5.0;
				TARGETED_DEVICE_FAMILY = "1,2,7";
				XROS_DEPLOYMENT_TARGET = 2.0;
			};
			name = Release;
		};
		5C6676D52BC210F9002DD52E /* Debug */ = {
			isa = XCBuildConfiguration;
			buildSettings = {
				BUNDLE_LOADER = "$(TEST_HOST)";
				CODE_SIGN_STYLE = Automatic;
				CURRENT_PROJECT_VERSION = 1;
				DEAD_CODE_STRIPPING = YES;
				DEVELOPMENT_TEAM = MYU957XGF6;
				GENERATE_INFOPLIST_FILE = YES;
				IPHONEOS_DEPLOYMENT_TARGET = 18.0;
				MACOSX_DEPLOYMENT_TARGET = 15.0;
				MARKETING_VERSION = 1.0;
				PRODUCT_BUNDLE_IDENTIFIER = net.atompowered.RetroviewTests;
				PRODUCT_NAME = "$(TARGET_NAME)";
				SDKROOT = auto;
				SUPPORTED_PLATFORMS = "iphoneos iphonesimulator macosx";
				SWIFT_EMIT_LOC_STRINGS = NO;
				SWIFT_VERSION = 5.0;
				TARGETED_DEVICE_FAMILY = "1,2";
				TEST_HOST = "$(BUILT_PRODUCTS_DIR)/Retroview.app/$(BUNDLE_EXECUTABLE_FOLDER_PATH)/Retroview";
			};
			name = Debug;
		};
		5C6676D62BC210F9002DD52E /* Release */ = {
			isa = XCBuildConfiguration;
			buildSettings = {
				BUNDLE_LOADER = "$(TEST_HOST)";
				CODE_SIGN_STYLE = Automatic;
				CURRENT_PROJECT_VERSION = 1;
				DEAD_CODE_STRIPPING = YES;
				DEVELOPMENT_TEAM = MYU957XGF6;
				GENERATE_INFOPLIST_FILE = YES;
				IPHONEOS_DEPLOYMENT_TARGET = 18.0;
				MACOSX_DEPLOYMENT_TARGET = 15.0;
				MARKETING_VERSION = 1.0;
				PRODUCT_BUNDLE_IDENTIFIER = net.atompowered.RetroviewTests;
				PRODUCT_NAME = "$(TARGET_NAME)";
				SDKROOT = auto;
				SUPPORTED_PLATFORMS = "iphoneos iphonesimulator macosx";
				SWIFT_EMIT_LOC_STRINGS = NO;
				SWIFT_VERSION = 5.0;
				TARGETED_DEVICE_FAMILY = "1,2";
				TEST_HOST = "$(BUILT_PRODUCTS_DIR)/Retroview.app/$(BUNDLE_EXECUTABLE_FOLDER_PATH)/Retroview";
			};
			name = Release;
		};
		5C6676D82BC210F9002DD52E /* Debug */ = {
			isa = XCBuildConfiguration;
			buildSettings = {
				CODE_SIGN_STYLE = Automatic;
				CURRENT_PROJECT_VERSION = 1;
				DEAD_CODE_STRIPPING = YES;
				DEVELOPMENT_TEAM = MYU957XGF6;
				GENERATE_INFOPLIST_FILE = YES;
				IPHONEOS_DEPLOYMENT_TARGET = 17.4;
				MACOSX_DEPLOYMENT_TARGET = 15.0;
				MARKETING_VERSION = 1.0;
				PRODUCT_BUNDLE_IDENTIFIER = net.atompowered.RetroviewUITests;
				PRODUCT_NAME = "$(TARGET_NAME)";
				SDKROOT = auto;
				SUPPORTED_PLATFORMS = "iphoneos iphonesimulator macosx";
				SWIFT_EMIT_LOC_STRINGS = NO;
				SWIFT_VERSION = 5.0;
				TARGETED_DEVICE_FAMILY = "1,2";
				TEST_TARGET_NAME = Retroview;
			};
			name = Debug;
		};
		5C6676D92BC210F9002DD52E /* Release */ = {
			isa = XCBuildConfiguration;
			buildSettings = {
				CODE_SIGN_STYLE = Automatic;
				CURRENT_PROJECT_VERSION = 1;
				DEAD_CODE_STRIPPING = YES;
				DEVELOPMENT_TEAM = MYU957XGF6;
				GENERATE_INFOPLIST_FILE = YES;
				IPHONEOS_DEPLOYMENT_TARGET = 17.4;
				MACOSX_DEPLOYMENT_TARGET = 15.0;
				MARKETING_VERSION = 1.0;
				PRODUCT_BUNDLE_IDENTIFIER = net.atompowered.RetroviewUITests;
				PRODUCT_NAME = "$(TARGET_NAME)";
				SDKROOT = auto;
				SUPPORTED_PLATFORMS = "iphoneos iphonesimulator macosx";
				SWIFT_EMIT_LOC_STRINGS = NO;
				SWIFT_VERSION = 5.0;
				TARGETED_DEVICE_FAMILY = "1,2";
				TEST_TARGET_NAME = Retroview;
			};
			name = Release;
		};
		5CD6001D2C054C18008732E8 /* Debug */ = {
			isa = XCBuildConfiguration;
			buildSettings = {
				CODE_SIGN_STYLE = Automatic;
				DEVELOPMENT_TEAM = MYU957XGF6;
				ENABLE_HARDENED_RUNTIME = YES;
				MACOSX_DEPLOYMENT_TARGET = 14.5;
				PRODUCT_NAME = "$(TARGET_NAME)";
				SDKROOT = macosx;
				SWIFT_VERSION = 5.0;
			};
			name = Debug;
		};
		5CD6001E2C054C18008732E8 /* Release */ = {
			isa = XCBuildConfiguration;
			buildSettings = {
				CODE_SIGN_STYLE = Automatic;
				DEVELOPMENT_TEAM = MYU957XGF6;
				ENABLE_HARDENED_RUNTIME = YES;
				MACOSX_DEPLOYMENT_TARGET = 14.5;
				PRODUCT_NAME = "$(TARGET_NAME)";
				SDKROOT = macosx;
				SWIFT_VERSION = 5.0;
			};
			name = Release;
		};
/* End XCBuildConfiguration section */

/* Begin XCConfigurationList section */
		5C6676A72BC210F7002DD52E /* Build configuration list for PBXProject "Retroview" */ = {
			isa = XCConfigurationList;
			buildConfigurations = (
				5C6676CF2BC210F9002DD52E /* Debug */,
				5C6676D02BC210F9002DD52E /* Release */,
			);
			defaultConfigurationIsVisible = 0;
			defaultConfigurationName = Release;
		};
		5C6676D12BC210F9002DD52E /* Build configuration list for PBXNativeTarget "Retroview" */ = {
			isa = XCConfigurationList;
			buildConfigurations = (
				5C6676D22BC210F9002DD52E /* Debug */,
				5C6676D32BC210F9002DD52E /* Release */,
			);
			defaultConfigurationIsVisible = 0;
			defaultConfigurationName = Release;
		};
		5C6676D42BC210F9002DD52E /* Build configuration list for PBXNativeTarget "RetroviewTests" */ = {
			isa = XCConfigurationList;
			buildConfigurations = (
				5C6676D52BC210F9002DD52E /* Debug */,
				5C6676D62BC210F9002DD52E /* Release */,
			);
			defaultConfigurationIsVisible = 0;
			defaultConfigurationName = Release;
		};
		5C6676D72BC210F9002DD52E /* Build configuration list for PBXNativeTarget "RetroviewUITests" */ = {
			isa = XCConfigurationList;
			buildConfigurations = (
				5C6676D82BC210F9002DD52E /* Debug */,
				5C6676D92BC210F9002DD52E /* Release */,
			);
			defaultConfigurationIsVisible = 0;
			defaultConfigurationName = Release;
		};
		5CD6001C2C054C18008732E8 /* Build configuration list for PBXNativeTarget "CardLoader" */ = {
			isa = XCConfigurationList;
			buildConfigurations = (
				5CD6001D2C054C18008732E8 /* Debug */,
				5CD6001E2C054C18008732E8 /* Release */,
			);
			defaultConfigurationIsVisible = 0;
			defaultConfigurationName = Release;
		};
/* End XCConfigurationList section */

/* Begin XCLocalSwiftPackageReference section */
		5CDEFC232CE04E4C0046FD60 /* XCLocalSwiftPackageReference "../StereoViewer" */ = {
			isa = XCLocalSwiftPackageReference;
			relativePath = ../StereoViewer;
		};
/* End XCLocalSwiftPackageReference section */

/* Begin XCSwiftPackageProductDependency section */
		5C7EA0F12CC5C631002FC3D2 /* StereoViewer */ = {
			isa = XCSwiftPackageProductDependency;
			productName = StereoViewer;
		};
		5CDEFC242CE04E4C0046FD60 /* StereoViewer */ = {
			isa = XCSwiftPackageProductDependency;
			productName = StereoViewer;
		};
/* End XCSwiftPackageProductDependency section */
	};
	rootObject = 5C6676A42BC210F7002DD52E /* Project object */;
}
