// !$*UTF8*$!
{
	archiveVersion = 1;
	classes = {
	};
	objectVersion = 60;
	objects = {

/* Begin PBXBuildFile section */
		5C1454422CF816D500D5C232 /* JSONStructures.swift in Sources */ = {isa = PBXBuildFile; fileRef = 5C1454412CF816D100D5C232 /* JSONStructures.swift */; };
		5C14544F2CF849DA00D5C232 /* Collection.swift in Sources */ = {isa = PBXBuildFile; fileRef = 5C14544E2CF849D700D5C232 /* Collection.swift */; };
		5C17C74F2D07EC6600F79567 /* ThumbnailGridView.swift in Sources */ = {isa = PBXBuildFile; fileRef = 5C17C74E2D07EC5F00F79567 /* ThumbnailGridView.swift */; };
		5C17C7512D07EDEB00F79567 /* ContentView.swift in Sources */ = {isa = PBXBuildFile; fileRef = 5C17C7502D07EDE800F79567 /* ContentView.swift */; };
		5C17C7532D07F03F00F79567 /* ImageServiceFactory.swift in Sources */ = {isa = PBXBuildFile; fileRef = 5C17C7522D07F03600F79567 /* ImageServiceFactory.swift */; };
		5C17C7552D07F05300F79567 /* ImageConversion.swift in Sources */ = {isa = PBXBuildFile; fileRef = 5C17C7542D07F04E00F79567 /* ImageConversion.swift */; };
		5C19F16B2CC5B98E00BD7A2A /* StereoView.swift in Sources */ = {isa = PBXBuildFile; fileRef = 5C19F16A2CC5B98E00BD7A2A /* StereoView.swift */; };
		5C3DFECC2D053406003D3CF2 /* PreviewDataCreation.swift in Sources */ = {isa = PBXBuildFile; fileRef = 5C3DFECB2D053401003D3CF2 /* PreviewDataCreation.swift */; };
		5C43BC4B2CF993010053FAFD /* ImportServiceTests.swift in Sources */ = {isa = PBXBuildFile; fileRef = 5C43BC4A2CF992FB0053FAFD /* ImportServiceTests.swift */; };
		5C4A27202D04E972009ECECE /* ImageService.swift in Sources */ = {isa = PBXBuildFile; fileRef = 5C4A271F2D04E965009ECECE /* ImageService.swift */; };
		5C65FB112D04FC8B001A2E5B /* PreviewDataManager.swift in Sources */ = {isa = PBXBuildFile; fileRef = 5C65FB102D04FC84001A2E5B /* PreviewDataManager.swift */; };
		5C6676B02BC210F7002DD52E /* RetroviewApp.swift in Sources */ = {isa = PBXBuildFile; fileRef = 5C6676AF2BC210F7002DD52E /* RetroviewApp.swift */; };
		5C6676B42BC210F8002DD52E /* Assets.xcassets in Resources */ = {isa = PBXBuildFile; fileRef = 5C6676B32BC210F8002DD52E /* Assets.xcassets */; };
		5C6676B82BC210F8002DD52E /* Preview Assets.xcassets in Resources */ = {isa = PBXBuildFile; fileRef = 5C6676B72BC210F8002DD52E /* Preview Assets.xcassets */; };
		5C6676C22BC210F8002DD52E /* RetroviewTests.swift in Sources */ = {isa = PBXBuildFile; fileRef = 5C6676C12BC210F8002DD52E /* RetroviewTests.swift */; };
		5C6676CC2BC210F9002DD52E /* RetroviewUITests.swift in Sources */ = {isa = PBXBuildFile; fileRef = 5C6676CB2BC210F9002DD52E /* RetroviewUITests.swift */; };
		5C6676CE2BC210F9002DD52E /* RetroviewUITestsLaunchTests.swift in Sources */ = {isa = PBXBuildFile; fileRef = 5C6676CD2BC210F9002DD52E /* RetroviewUITestsLaunchTests.swift */; };
		5C6676DC2BC21881002DD52E /* StereoCard.swift in Sources */ = {isa = PBXBuildFile; fileRef = 5C6676DB2BC21881002DD52E /* StereoCard.swift */; };
		5C6676EA2BC4EF30002DD52E /* all_examples.json in Resources */ = {isa = PBXBuildFile; fileRef = 5C6676E92BC4EF2F002DD52E /* all_examples.json */; };
		5C7EA0F22CC5C631002FC3D2 /* StereoViewer in Frameworks */ = {isa = PBXBuildFile; productRef = 5C7EA0F12CC5C631002FC3D2 /* StereoViewer */; };
		5C9DDB042C0C0C5500D83DE3 /* MyStereoviews.store in Resources */ = {isa = PBXBuildFile; fileRef = 5C9DDB032C0C0C5500D83DE3 /* MyStereoviews.store */; };
		5CC0DB142CFBCB010054E48D /* DevelopmentFlags.swift in Sources */ = {isa = PBXBuildFile; fileRef = 5CC0DB132CFBCAFE0054E48D /* DevelopmentFlags.swift */; };
		5CC5A5C32BD471D0005811DA /* Title.swift in Sources */ = {isa = PBXBuildFile; fileRef = 5CC5A5C22BD471D0005811DA /* Title.swift */; };
		5CC5A5C52BD47622005811DA /* Author.swift in Sources */ = {isa = PBXBuildFile; fileRef = 5CC5A5C42BD47622005811DA /* Author.swift */; };
		5CC5A5C72BD478CE005811DA /* Subject.swift in Sources */ = {isa = PBXBuildFile; fileRef = 5CC5A5C62BD478CE005811DA /* Subject.swift */; };
		5CC5A5C92BD47ABA005811DA /* Date.swift in Sources */ = {isa = PBXBuildFile; fileRef = 5CC5A5C82BD47ABA005811DA /* Date.swift */; };
		5CD075962BD60B3E002B463C /* Crop.swift in Sources */ = {isa = PBXBuildFile; fileRef = 5CD075952BD60B3E002B463C /* Crop.swift */; };
		5CDEFC252CE04E4C0046FD60 /* StereoViewer in Frameworks */ = {isa = PBXBuildFile; productRef = 5CDEFC242CE04E4C0046FD60 /* StereoViewer */; };
		5CFF7EF92D07D03E00C59DA9 /* CardViewModel.swift in Sources */ = {isa = PBXBuildFile; fileRef = 5CFF7EF82D07D03900C59DA9 /* CardViewModel.swift */; };
		5CFF7EFC2D07D0F700C59DA9 /* StereoViewModel.swift in Sources */ = {isa = PBXBuildFile; fileRef = 5CFF7EFB2D07D0F200C59DA9 /* StereoViewModel.swift */; };
		5CFF7EFE2D07D13F00C59DA9 /* CollectionViewModel.swift in Sources */ = {isa = PBXBuildFile; fileRef = 5CFF7EFD2D07D13700C59DA9 /* CollectionViewModel.swift */; };
		5CFF7F002D07D1B700C59DA9 /* ImportViewModel.swift in Sources */ = {isa = PBXBuildFile; fileRef = 5CFF7EFF2D07D1B200C59DA9 /* ImportViewModel.swift */; };
		5CFF7F092D07D2D300C59DA9 /* CardImageView.swift in Sources */ = {isa = PBXBuildFile; fileRef = 5CFF7F082D07D2CE00C59DA9 /* CardImageView.swift */; };
		5CFF7F0B2D07D32000C59DA9 /* CardSquareView.swift in Sources */ = {isa = PBXBuildFile; fileRef = 5CFF7F0A2D07D31B00C59DA9 /* CardSquareView.swift */; };
		5CFF7F0D2D07D3F000C59DA9 /* ThumbnailView.swift in Sources */ = {isa = PBXBuildFile; fileRef = 5CFF7F0C2D07D3EB00C59DA9 /* ThumbnailView.swift */; };
		5CFF7F0F2D07D44B00C59DA9 /* CardMetadataView.swift in Sources */ = {isa = PBXBuildFile; fileRef = 5CFF7F0E2D07D44200C59DA9 /* CardMetadataView.swift */; };
		5CFF7F112D07D48400C59DA9 /* CroppedImageView.swift in Sources */ = {isa = PBXBuildFile; fileRef = 5CFF7F102D07D47F00C59DA9 /* CroppedImageView.swift */; };
		5CFF7F132D07D51F00C59DA9 /* CardContentView.swift in Sources */ = {isa = PBXBuildFile; fileRef = 5CFF7F122D07D51A00C59DA9 /* CardContentView.swift */; };
		5CFF7F162D07D63300C59DA9 /* StereoControlsView.swift in Sources */ = {isa = PBXBuildFile; fileRef = 5CFF7F152D07D62900C59DA9 /* StereoControlsView.swift */; };
		5CFF7F1C2D07D70500C59DA9 /* CollectionGridItem.swift in Sources */ = {isa = PBXBuildFile; fileRef = 5CFF7F1B2D07D6FD00C59DA9 /* CollectionGridItem.swift */; };
		5CFF7F1E2D07D7A300C59DA9 /* CollectionListItem.swift in Sources */ = {isa = PBXBuildFile; fileRef = 5CFF7F1D2D07D79E00C59DA9 /* CollectionListItem.swift */; };
		5CFF7F202D07D7EF00C59DA9 /* CollectionView.swift in Sources */ = {isa = PBXBuildFile; fileRef = 5CFF7F1F2D07D7EA00C59DA9 /* CollectionView.swift */; };
		5CFF7F222D07D85500C59DA9 /* CollectionsView.swift in Sources */ = {isa = PBXBuildFile; fileRef = 5CFF7F212D07D85200C59DA9 /* CollectionsView.swift */; };
		5CFF7F242D07D95500C59DA9 /* BrowseGrid.swift in Sources */ = {isa = PBXBuildFile; fileRef = 5CFF7F232D07D94F00C59DA9 /* BrowseGrid.swift */; };
		5CFF7F262D07D9D300C59DA9 /* LibraryView.swift in Sources */ = {isa = PBXBuildFile; fileRef = 5CFF7F252D07D9CF00C59DA9 /* LibraryView.swift */; };
		5CFF7F282D07DA8200C59DA9 /* BrowseSidebar.swift in Sources */ = {isa = PBXBuildFile; fileRef = 5CFF7F272D07DA7C00C59DA9 /* BrowseSidebar.swift */; };
		5CFF7F2A2D07DB8400C59DA9 /* SubjectsView.swift in Sources */ = {isa = PBXBuildFile; fileRef = 5CFF7F292D07DB8000C59DA9 /* SubjectsView.swift */; };
		5CFF7F2C2D07DC1800C59DA9 /* AuthorsView.swift in Sources */ = {isa = PBXBuildFile; fileRef = 5CFF7F2B2D07DC1200C59DA9 /* AuthorsView.swift */; };
		5CFF7F2F2D07DCA300C59DA9 /* ImportView.swift in Sources */ = {isa = PBXBuildFile; fileRef = 5CFF7F2E2D07DC9D00C59DA9 /* ImportView.swift */; };
		5CFF7F312D07DD1D00C59DA9 /* ImportProgressView.swift in Sources */ = {isa = PBXBuildFile; fileRef = 5CFF7F302D07DD1900C59DA9 /* ImportProgressView.swift */; };
		5CFF7F352D07DE0F00C59DA9 /* CardStrip.swift in Sources */ = {isa = PBXBuildFile; fileRef = 5CFF7F342D07DE0B00C59DA9 /* CardStrip.swift */; };
		5CFF7F372D07DE5B00C59DA9 /* StereoBrowser.swift in Sources */ = {isa = PBXBuildFile; fileRef = 5CFF7F362D07DE5300C59DA9 /* StereoBrowser.swift */; };
		5CFF7F392D07DEEC00C59DA9 /* OrnamentalDivider.swift in Sources */ = {isa = PBXBuildFile; fileRef = 5CFF7F382D07DEE600C59DA9 /* OrnamentalDivider.swift */; };
		5CFF7F3B2D07DF1700C59DA9 /* LoadingIndicator.swift in Sources */ = {isa = PBXBuildFile; fileRef = 5CFF7F3A2D07DF1000C59DA9 /* LoadingIndicator.swift */; };
		5CFF7F3F2D07DF6800C59DA9 /* InteractionModifier.swift in Sources */ = {isa = PBXBuildFile; fileRef = 5CFF7F3E2D07DF5E00C59DA9 /* InteractionModifier.swift */; };
		5CFF7F412D07DFFA00C59DA9 /* PlatformModifiers.swift in Sources */ = {isa = PBXBuildFile; fileRef = 5CFF7F402D07DFEE00C59DA9 /* PlatformModifiers.swift */; };
		5CFF7F462D07E15400C59DA9 /* ImageLoading.swift in Sources */ = {isa = PBXBuildFile; fileRef = 5CFF7F452D07E15000C59DA9 /* ImageLoading.swift */; };
		5CFF7F482D07E1C600C59DA9 /* ImageCache.swift in Sources */ = {isa = PBXBuildFile; fileRef = 5CFF7F472D07E1C300C59DA9 /* ImageCache.swift */; };
		5CFF7F4B2D07E25E00C59DA9 /* ImportService.swift in Sources */ = {isa = PBXBuildFile; fileRef = 5CFF7F4A2D07E25A00C59DA9 /* ImportService.swift */; };
		5CFF7F4D2D07E2C600C59DA9 /* BatchImportService.swift in Sources */ = {isa = PBXBuildFile; fileRef = 5CFF7F4C2D07E2BE00C59DA9 /* BatchImportService.swift */; };
		5CFF7F502D07E32300C59DA9 /* StoreManager.swift in Sources */ = {isa = PBXBuildFile; fileRef = 5CFF7F4F2D07E31F00C59DA9 /* StoreManager.swift */; };
		5CFF7F552D07E49700C59DA9 /* ColorUtility.swift in Sources */ = {isa = PBXBuildFile; fileRef = 5CFF7F542D07E49100C59DA9 /* ColorUtility.swift */; };
		5CFF7F572D07E4E600C59DA9 /* CardColorAnalyzer.swift in Sources */ = {isa = PBXBuildFile; fileRef = 5CFF7F562D07E4DE00C59DA9 /* CardColorAnalyzer.swift */; };
		5CFF7F592D07E55900C59DA9 /* View+Extensions.swift in Sources */ = {isa = PBXBuildFile; fileRef = 5CFF7F582D07E55500C59DA9 /* View+Extensions.swift */; };
		5CFF7F5B2D07E58700C59DA9 /* SwiftData+Extensions.swift in Sources */ = {isa = PBXBuildFile; fileRef = 5CFF7F5A2D07E58100C59DA9 /* SwiftData+Extensions.swift */; };
		5CFF7F602D07E67100C59DA9 /* PreviewContainer.swift in Sources */ = {isa = PBXBuildFile; fileRef = 5CFF7F5F2D07E66C00C59DA9 /* PreviewContainer.swift */; };
		5CFF7F622D07E69A00C59DA9 /* PreviewSupport.swift in Sources */ = {isa = PBXBuildFile; fileRef = 5CFF7F612D07E69700C59DA9 /* PreviewSupport.swift */; };
		5CFF7F642D07E7E300C59DA9 /* CardSide.swift in Sources */ = {isa = PBXBuildFile; fileRef = 5CFF7F632D07E7E000C59DA9 /* CardSide.swift */; };
		5CFF7F662D07E80900C59DA9 /* MetadataSection.swift in Sources */ = {isa = PBXBuildFile; fileRef = 5CFF7F652D07E80100C59DA9 /* MetadataSection.swift */; };
		5CFF7F682D07E99800C59DA9 /* CollectionMenu.swift in Sources */ = {isa = PBXBuildFile; fileRef = 5CFF7F672D07E99400C59DA9 /* CollectionMenu.swift */; };
		5CFF7F6A2D07EAD300C59DA9 /* AddToCollectionSheet.swift in Sources */ = {isa = PBXBuildFile; fileRef = 5CFF7F692D07EACD00C59DA9 /* AddToCollectionSheet.swift */; };
/* End PBXBuildFile section */

/* Begin PBXContainerItemProxy section */
		5C6676BE2BC210F8002DD52E /* PBXContainerItemProxy */ = {
			isa = PBXContainerItemProxy;
			containerPortal = 5C6676A42BC210F7002DD52E /* Project object */;
			proxyType = 1;
			remoteGlobalIDString = 5C6676AB2BC210F7002DD52E;
			remoteInfo = Retroview;
		};
		5C6676C82BC210F9002DD52E /* PBXContainerItemProxy */ = {
			isa = PBXContainerItemProxy;
			containerPortal = 5C6676A42BC210F7002DD52E /* Project object */;
			proxyType = 1;
			remoteGlobalIDString = 5C6676AB2BC210F7002DD52E;
			remoteInfo = Retroview;
		};
/* End PBXContainerItemProxy section */

/* Begin PBXCopyFilesBuildPhase section */
		5CD600162C054C18008732E8 /* CopyFiles */ = {
			isa = PBXCopyFilesBuildPhase;
			buildActionMask = 2147483647;
			dstPath = /usr/share/man/man1/;
			dstSubfolderSpec = 0;
			files = (
			);
			runOnlyForDeploymentPostprocessing = 1;
		};
/* End PBXCopyFilesBuildPhase section */

/* Begin PBXFileReference section */
		5C1454412CF816D100D5C232 /* JSONStructures.swift */ = {isa = PBXFileReference; lastKnownFileType = sourcecode.swift; path = JSONStructures.swift; sourceTree = "<group>"; };
		5C14544E2CF849D700D5C232 /* Collection.swift */ = {isa = PBXFileReference; lastKnownFileType = sourcecode.swift; path = Collection.swift; sourceTree = "<group>"; };
		5C17C74E2D07EC5F00F79567 /* ThumbnailGridView.swift */ = {isa = PBXFileReference; lastKnownFileType = sourcecode.swift; path = ThumbnailGridView.swift; sourceTree = "<group>"; };
		5C17C7502D07EDE800F79567 /* ContentView.swift */ = {isa = PBXFileReference; lastKnownFileType = sourcecode.swift; path = ContentView.swift; sourceTree = "<group>"; };
		5C17C7522D07F03600F79567 /* ImageServiceFactory.swift */ = {isa = PBXFileReference; lastKnownFileType = sourcecode.swift; path = ImageServiceFactory.swift; sourceTree = "<group>"; };
		5C17C7542D07F04E00F79567 /* ImageConversion.swift */ = {isa = PBXFileReference; lastKnownFileType = sourcecode.swift; path = ImageConversion.swift; sourceTree = "<group>"; };
		5C19F16A2CC5B98E00BD7A2A /* StereoView.swift */ = {isa = PBXFileReference; lastKnownFileType = sourcecode.swift; path = StereoView.swift; sourceTree = "<group>"; };
		5C267EBA2CE3209600AE3493 /* Info.plist */ = {isa = PBXFileReference; lastKnownFileType = text.plist.xml; path = Info.plist; sourceTree = "<group>"; };
		5C3DFECB2D053401003D3CF2 /* PreviewDataCreation.swift */ = {isa = PBXFileReference; lastKnownFileType = sourcecode.swift; path = PreviewDataCreation.swift; sourceTree = "<group>"; };
		5C43BC4A2CF992FB0053FAFD /* ImportServiceTests.swift */ = {isa = PBXFileReference; lastKnownFileType = sourcecode.swift; path = ImportServiceTests.swift; sourceTree = "<group>"; };
		5C4A271F2D04E965009ECECE /* ImageService.swift */ = {isa = PBXFileReference; lastKnownFileType = sourcecode.swift; path = ImageService.swift; sourceTree = "<group>"; };
		5C65FB102D04FC84001A2E5B /* PreviewDataManager.swift */ = {isa = PBXFileReference; lastKnownFileType = sourcecode.swift; path = PreviewDataManager.swift; sourceTree = "<group>"; };
		5C6676AC2BC210F7002DD52E /* Retroview.app */ = {isa = PBXFileReference; explicitFileType = wrapper.application; includeInIndex = 0; path = Retroview.app; sourceTree = BUILT_PRODUCTS_DIR; };
		5C6676AF2BC210F7002DD52E /* RetroviewApp.swift */ = {isa = PBXFileReference; lastKnownFileType = sourcecode.swift; path = RetroviewApp.swift; sourceTree = "<group>"; };
		5C6676B32BC210F8002DD52E /* Assets.xcassets */ = {isa = PBXFileReference; lastKnownFileType = folder.assetcatalog; path = Assets.xcassets; sourceTree = "<group>"; };
		5C6676B52BC210F8002DD52E /* Retroview.entitlements */ = {isa = PBXFileReference; lastKnownFileType = text.plist.entitlements; path = Retroview.entitlements; sourceTree = "<group>"; };
		5C6676B72BC210F8002DD52E /* Preview Assets.xcassets */ = {isa = PBXFileReference; lastKnownFileType = folder.assetcatalog; path = "Preview Assets.xcassets"; sourceTree = "<group>"; };
		5C6676BD2BC210F8002DD52E /* RetroviewTests.xctest */ = {isa = PBXFileReference; explicitFileType = wrapper.cfbundle; includeInIndex = 0; path = RetroviewTests.xctest; sourceTree = BUILT_PRODUCTS_DIR; };
		5C6676C12BC210F8002DD52E /* RetroviewTests.swift */ = {isa = PBXFileReference; lastKnownFileType = sourcecode.swift; path = RetroviewTests.swift; sourceTree = "<group>"; };
		5C6676C72BC210F9002DD52E /* RetroviewUITests.xctest */ = {isa = PBXFileReference; explicitFileType = wrapper.cfbundle; includeInIndex = 0; path = RetroviewUITests.xctest; sourceTree = BUILT_PRODUCTS_DIR; };
		5C6676CB2BC210F9002DD52E /* RetroviewUITests.swift */ = {isa = PBXFileReference; lastKnownFileType = sourcecode.swift; path = RetroviewUITests.swift; sourceTree = "<group>"; };
		5C6676CD2BC210F9002DD52E /* RetroviewUITestsLaunchTests.swift */ = {isa = PBXFileReference; lastKnownFileType = sourcecode.swift; path = RetroviewUITestsLaunchTests.swift; sourceTree = "<group>"; };
		5C6676DA2BC215C7002DD52E /* .gitignore */ = {isa = PBXFileReference; lastKnownFileType = text; path = .gitignore; sourceTree = "<group>"; };
		5C6676DB2BC21881002DD52E /* StereoCard.swift */ = {isa = PBXFileReference; lastKnownFileType = sourcecode.swift; path = StereoCard.swift; sourceTree = "<group>"; };
		5C6676E92BC4EF2F002DD52E /* all_examples.json */ = {isa = PBXFileReference; fileEncoding = 4; lastKnownFileType = text.json; path = all_examples.json; sourceTree = "<group>"; };
		5C9DDB032C0C0C5500D83DE3 /* MyStereoviews.store */ = {isa = PBXFileReference; lastKnownFileType = file; path = MyStereoviews.store; sourceTree = "<group>"; };
		5CC0DB132CFBCAFE0054E48D /* DevelopmentFlags.swift */ = {isa = PBXFileReference; lastKnownFileType = sourcecode.swift; path = DevelopmentFlags.swift; sourceTree = "<group>"; };
		5CC5A5C22BD471D0005811DA /* Title.swift */ = {isa = PBXFileReference; lastKnownFileType = sourcecode.swift; path = Title.swift; sourceTree = "<group>"; };
		5CC5A5C42BD47622005811DA /* Author.swift */ = {isa = PBXFileReference; lastKnownFileType = sourcecode.swift; path = Author.swift; sourceTree = "<group>"; };
		5CC5A5C62BD478CE005811DA /* Subject.swift */ = {isa = PBXFileReference; lastKnownFileType = sourcecode.swift; path = Subject.swift; sourceTree = "<group>"; };
		5CC5A5C82BD47ABA005811DA /* Date.swift */ = {isa = PBXFileReference; lastKnownFileType = sourcecode.swift; path = Date.swift; sourceTree = "<group>"; };
		5CD075952BD60B3E002B463C /* Crop.swift */ = {isa = PBXFileReference; lastKnownFileType = sourcecode.swift; path = Crop.swift; sourceTree = "<group>"; };
		5CD600182C054C18008732E8 /* CardLoader */ = {isa = PBXFileReference; explicitFileType = "compiled.mach-o.executable"; includeInIndex = 0; path = CardLoader; sourceTree = BUILT_PRODUCTS_DIR; };
		5CFF7EF82D07D03900C59DA9 /* CardViewModel.swift */ = {isa = PBXFileReference; lastKnownFileType = sourcecode.swift; path = CardViewModel.swift; sourceTree = "<group>"; };
		5CFF7EFB2D07D0F200C59DA9 /* StereoViewModel.swift */ = {isa = PBXFileReference; lastKnownFileType = sourcecode.swift; path = StereoViewModel.swift; sourceTree = "<group>"; };
		5CFF7EFD2D07D13700C59DA9 /* CollectionViewModel.swift */ = {isa = PBXFileReference; lastKnownFileType = sourcecode.swift; path = CollectionViewModel.swift; sourceTree = "<group>"; };
		5CFF7EFF2D07D1B200C59DA9 /* ImportViewModel.swift */ = {isa = PBXFileReference; lastKnownFileType = sourcecode.swift; path = ImportViewModel.swift; sourceTree = "<group>"; };
		5CFF7F082D07D2CE00C59DA9 /* CardImageView.swift */ = {isa = PBXFileReference; lastKnownFileType = sourcecode.swift; path = CardImageView.swift; sourceTree = "<group>"; };
		5CFF7F0A2D07D31B00C59DA9 /* CardSquareView.swift */ = {isa = PBXFileReference; lastKnownFileType = sourcecode.swift; path = CardSquareView.swift; sourceTree = "<group>"; };
		5CFF7F0C2D07D3EB00C59DA9 /* ThumbnailView.swift */ = {isa = PBXFileReference; lastKnownFileType = sourcecode.swift; path = ThumbnailView.swift; sourceTree = "<group>"; };
		5CFF7F0E2D07D44200C59DA9 /* CardMetadataView.swift */ = {isa = PBXFileReference; lastKnownFileType = sourcecode.swift; path = CardMetadataView.swift; sourceTree = "<group>"; };
		5CFF7F102D07D47F00C59DA9 /* CroppedImageView.swift */ = {isa = PBXFileReference; lastKnownFileType = sourcecode.swift; path = CroppedImageView.swift; sourceTree = "<group>"; };
		5CFF7F122D07D51A00C59DA9 /* CardContentView.swift */ = {isa = PBXFileReference; lastKnownFileType = sourcecode.swift; path = CardContentView.swift; sourceTree = "<group>"; };
		5CFF7F152D07D62900C59DA9 /* StereoControlsView.swift */ = {isa = PBXFileReference; lastKnownFileType = sourcecode.swift; path = StereoControlsView.swift; sourceTree = "<group>"; };
		5CFF7F1B2D07D6FD00C59DA9 /* CollectionGridItem.swift */ = {isa = PBXFileReference; lastKnownFileType = sourcecode.swift; path = CollectionGridItem.swift; sourceTree = "<group>"; };
		5CFF7F1D2D07D79E00C59DA9 /* CollectionListItem.swift */ = {isa = PBXFileReference; lastKnownFileType = sourcecode.swift; path = CollectionListItem.swift; sourceTree = "<group>"; };
		5CFF7F1F2D07D7EA00C59DA9 /* CollectionView.swift */ = {isa = PBXFileReference; lastKnownFileType = sourcecode.swift; path = CollectionView.swift; sourceTree = "<group>"; };
		5CFF7F212D07D85200C59DA9 /* CollectionsView.swift */ = {isa = PBXFileReference; lastKnownFileType = sourcecode.swift; path = CollectionsView.swift; sourceTree = "<group>"; };
		5CFF7F232D07D94F00C59DA9 /* BrowseGrid.swift */ = {isa = PBXFileReference; lastKnownFileType = sourcecode.swift; path = BrowseGrid.swift; sourceTree = "<group>"; };
		5CFF7F252D07D9CF00C59DA9 /* LibraryView.swift */ = {isa = PBXFileReference; lastKnownFileType = sourcecode.swift; path = LibraryView.swift; sourceTree = "<group>"; };
		5CFF7F272D07DA7C00C59DA9 /* BrowseSidebar.swift */ = {isa = PBXFileReference; lastKnownFileType = sourcecode.swift; path = BrowseSidebar.swift; sourceTree = "<group>"; };
		5CFF7F292D07DB8000C59DA9 /* SubjectsView.swift */ = {isa = PBXFileReference; lastKnownFileType = sourcecode.swift; path = SubjectsView.swift; sourceTree = "<group>"; };
		5CFF7F2B2D07DC1200C59DA9 /* AuthorsView.swift */ = {isa = PBXFileReference; lastKnownFileType = sourcecode.swift; path = AuthorsView.swift; sourceTree = "<group>"; };
		5CFF7F2E2D07DC9D00C59DA9 /* ImportView.swift */ = {isa = PBXFileReference; lastKnownFileType = sourcecode.swift; path = ImportView.swift; sourceTree = "<group>"; };
		5CFF7F302D07DD1900C59DA9 /* ImportProgressView.swift */ = {isa = PBXFileReference; lastKnownFileType = sourcecode.swift; path = ImportProgressView.swift; sourceTree = "<group>"; };
		5CFF7F342D07DE0B00C59DA9 /* CardStrip.swift */ = {isa = PBXFileReference; lastKnownFileType = sourcecode.swift; path = CardStrip.swift; sourceTree = "<group>"; };
		5CFF7F362D07DE5300C59DA9 /* StereoBrowser.swift */ = {isa = PBXFileReference; lastKnownFileType = sourcecode.swift; path = StereoBrowser.swift; sourceTree = "<group>"; };
		5CFF7F382D07DEE600C59DA9 /* OrnamentalDivider.swift */ = {isa = PBXFileReference; lastKnownFileType = sourcecode.swift; path = OrnamentalDivider.swift; sourceTree = "<group>"; };
		5CFF7F3A2D07DF1000C59DA9 /* LoadingIndicator.swift */ = {isa = PBXFileReference; lastKnownFileType = sourcecode.swift; path = LoadingIndicator.swift; sourceTree = "<group>"; };
		5CFF7F3E2D07DF5E00C59DA9 /* InteractionModifier.swift */ = {isa = PBXFileReference; lastKnownFileType = sourcecode.swift; path = InteractionModifier.swift; sourceTree = "<group>"; };
		5CFF7F402D07DFEE00C59DA9 /* PlatformModifiers.swift */ = {isa = PBXFileReference; lastKnownFileType = sourcecode.swift; path = PlatformModifiers.swift; sourceTree = "<group>"; };
		5CFF7F452D07E15000C59DA9 /* ImageLoading.swift */ = {isa = PBXFileReference; lastKnownFileType = sourcecode.swift; path = ImageLoading.swift; sourceTree = "<group>"; };
		5CFF7F472D07E1C300C59DA9 /* ImageCache.swift */ = {isa = PBXFileReference; lastKnownFileType = sourcecode.swift; path = ImageCache.swift; sourceTree = "<group>"; };
		5CFF7F4A2D07E25A00C59DA9 /* ImportService.swift */ = {isa = PBXFileReference; lastKnownFileType = sourcecode.swift; path = ImportService.swift; sourceTree = "<group>"; };
		5CFF7F4C2D07E2BE00C59DA9 /* BatchImportService.swift */ = {isa = PBXFileReference; lastKnownFileType = sourcecode.swift; path = BatchImportService.swift; sourceTree = "<group>"; };
		5CFF7F4F2D07E31F00C59DA9 /* StoreManager.swift */ = {isa = PBXFileReference; lastKnownFileType = sourcecode.swift; path = StoreManager.swift; sourceTree = "<group>"; };
		5CFF7F542D07E49100C59DA9 /* ColorUtility.swift */ = {isa = PBXFileReference; lastKnownFileType = sourcecode.swift; path = ColorUtility.swift; sourceTree = "<group>"; };
		5CFF7F562D07E4DE00C59DA9 /* CardColorAnalyzer.swift */ = {isa = PBXFileReference; lastKnownFileType = sourcecode.swift; path = CardColorAnalyzer.swift; sourceTree = "<group>"; };
		5CFF7F582D07E55500C59DA9 /* View+Extensions.swift */ = {isa = PBXFileReference; lastKnownFileType = sourcecode.swift; path = "View+Extensions.swift"; sourceTree = "<group>"; };
		5CFF7F5A2D07E58100C59DA9 /* SwiftData+Extensions.swift */ = {isa = PBXFileReference; lastKnownFileType = sourcecode.swift; path = "SwiftData+Extensions.swift"; sourceTree = "<group>"; };
		5CFF7F5F2D07E66C00C59DA9 /* PreviewContainer.swift */ = {isa = PBXFileReference; lastKnownFileType = sourcecode.swift; path = PreviewContainer.swift; sourceTree = "<group>"; };
		5CFF7F612D07E69700C59DA9 /* PreviewSupport.swift */ = {isa = PBXFileReference; lastKnownFileType = sourcecode.swift; path = PreviewSupport.swift; sourceTree = "<group>"; };
		5CFF7F632D07E7E000C59DA9 /* CardSide.swift */ = {isa = PBXFileReference; lastKnownFileType = sourcecode.swift; path = CardSide.swift; sourceTree = "<group>"; };
		5CFF7F652D07E80100C59DA9 /* MetadataSection.swift */ = {isa = PBXFileReference; lastKnownFileType = sourcecode.swift; path = MetadataSection.swift; sourceTree = "<group>"; };
		5CFF7F672D07E99400C59DA9 /* CollectionMenu.swift */ = {isa = PBXFileReference; lastKnownFileType = sourcecode.swift; path = CollectionMenu.swift; sourceTree = "<group>"; };
		5CFF7F692D07EACD00C59DA9 /* AddToCollectionSheet.swift */ = {isa = PBXFileReference; lastKnownFileType = sourcecode.swift; path = AddToCollectionSheet.swift; sourceTree = "<group>"; };
/* End PBXFileReference section */

/* Begin PBXFrameworksBuildPhase section */
		5C6676A92BC210F7002DD52E /* Frameworks */ = {
			isa = PBXFrameworksBuildPhase;
			buildActionMask = 2147483647;
			files = (
				5CDEFC252CE04E4C0046FD60 /* StereoViewer in Frameworks */,
				5C7EA0F22CC5C631002FC3D2 /* StereoViewer in Frameworks */,
			);
			runOnlyForDeploymentPostprocessing = 0;
		};
		5C6676BA2BC210F8002DD52E /* Frameworks */ = {
			isa = PBXFrameworksBuildPhase;
			buildActionMask = 2147483647;
			files = (
			);
			runOnlyForDeploymentPostprocessing = 0;
		};
		5C6676C42BC210F9002DD52E /* Frameworks */ = {
			isa = PBXFrameworksBuildPhase;
			buildActionMask = 2147483647;
			files = (
			);
			runOnlyForDeploymentPostprocessing = 0;
		};
		5CD600152C054C18008732E8 /* Frameworks */ = {
			isa = PBXFrameworksBuildPhase;
			buildActionMask = 2147483647;
			files = (
			);
			runOnlyForDeploymentPostprocessing = 0;
		};
/* End PBXFrameworksBuildPhase section */

/* Begin PBXGroup section */
		5C4A271E2D04E954009ECECE /* Services */ = {
			isa = PBXGroup;
			children = (
				5CFF7F442D07E08500C59DA9 /* Image */,
				5CFF7F492D07E24400C59DA9 /* Import */,
				5CFF7F4E2D07E31800C59DA9 /* Store */,
			);
			path = Services;
			sourceTree = "<group>";
		};
		5C4A27232D04E9DD009ECECE /* ViewModels */ = {
			isa = PBXGroup;
			children = (
				5CFF7F032D07D20D00C59DA9 /* Import */,
				5CFF7F022D07D20400C59DA9 /* Collections */,
				5CFF7F012D07D1E100C59DA9 /* Cards */,
			);
			path = ViewModels;
			sourceTree = "<group>";
		};
		5C6676A32BC210F7002DD52E = {
			isa = PBXGroup;
			children = (
				5C9DDB032C0C0C5500D83DE3 /* MyStereoviews.store */,
				5C6676DA2BC215C7002DD52E /* .gitignore */,
				5C6676AE2BC210F7002DD52E /* Retroview */,
				5C6676C02BC210F8002DD52E /* RetroviewTests */,
				5C6676CA2BC210F9002DD52E /* RetroviewUITests */,
				5C6676AD2BC210F7002DD52E /* Products */,
			);
			sourceTree = "<group>";
		};
		5C6676AD2BC210F7002DD52E /* Products */ = {
			isa = PBXGroup;
			children = (
				5C6676AC2BC210F7002DD52E /* Retroview.app */,
				5C6676BD2BC210F8002DD52E /* RetroviewTests.xctest */,
				5C6676C72BC210F9002DD52E /* RetroviewUITests.xctest */,
				5CD600182C054C18008732E8 /* CardLoader */,
			);
			name = Products;
			sourceTree = "<group>";
		};
		5C6676AE2BC210F7002DD52E /* Retroview */ = {
			isa = PBXGroup;
			children = (
				5CFF7EF52D07CE4900C59DA9 /* App */,
				5CB421B42BCCB9EA0065C130 /* Models */,
				5C4A27232D04E9DD009ECECE /* ViewModels */,
				5CB421B32BCCB9E20065C130 /* Views */,
				5C4A271E2D04E954009ECECE /* Services */,
				5CFF7F512D07E46D00C59DA9 /* Utils */,
				5CC89F052BE835AF001ECF22 /* Preview */,
				5C6676B32BC210F8002DD52E /* Assets.xcassets */,
				5C6676B52BC210F8002DD52E /* Retroview.entitlements */,
				5C6676B62BC210F8002DD52E /* Preview Content */,
				5C267EBA2CE3209600AE3493 /* Info.plist */,
			);
			path = Retroview;
			sourceTree = "<group>";
		};
		5C6676B62BC210F8002DD52E /* Preview Content */ = {
			isa = PBXGroup;
			children = (
				5C6676E92BC4EF2F002DD52E /* all_examples.json */,
				5C6676B72BC210F8002DD52E /* Preview Assets.xcassets */,
			);
			path = "Preview Content";
			sourceTree = "<group>";
		};
		5C6676C02BC210F8002DD52E /* RetroviewTests */ = {
			isa = PBXGroup;
			children = (
				5C43BC4A2CF992FB0053FAFD /* ImportServiceTests.swift */,
				5C6676C12BC210F8002DD52E /* RetroviewTests.swift */,
			);
			path = RetroviewTests;
			sourceTree = "<group>";
		};
		5C6676CA2BC210F9002DD52E /* RetroviewUITests */ = {
			isa = PBXGroup;
			children = (
				5C6676CB2BC210F9002DD52E /* RetroviewUITests.swift */,
				5C6676CD2BC210F9002DD52E /* RetroviewUITestsLaunchTests.swift */,
			);
			path = RetroviewUITests;
			sourceTree = "<group>";
		};
		5CB421B32BCCB9E20065C130 /* Views */ = {
			isa = PBXGroup;
			children = (
				5CFF7F042D07D26000C59DA9 /* Cards */,
				5CFF7F172D07D66F00C59DA9 /* Collections */,
				5CFF7F192D07D68C00C59DA9 /* Browse */,
				5CFF7F2D2D07DC9700C59DA9 /* Import */,
				5CFF7F322D07DD5F00C59DA9 /* Shared */,
			);
			path = Views;
			sourceTree = "<group>";
		};
		5CB421B42BCCB9EA0065C130 /* Models */ = {
			isa = PBXGroup;
			children = (
				5CFF7EF62D07CF1600C59DA9 /* Core */,
				5CFF7EF72D07CF2100C59DA9 /* DTO */,
			);
			path = Models;
			sourceTree = "<group>";
		};
		5CC89F052BE835AF001ECF22 /* Preview */ = {
			isa = PBXGroup;
			children = (
				5CFF7F5C2D07E5C100C59DA9 /* PreviewData */,
				5CFF7F5E2D07E62F00C59DA9 /* Containers */,
			);
			path = Preview;
			sourceTree = "<group>";
		};
		5CFF7EF52D07CE4900C59DA9 /* App */ = {
			isa = PBXGroup;
			children = (
				5CC0DB132CFBCAFE0054E48D /* DevelopmentFlags.swift */,
				5C6676AF2BC210F7002DD52E /* RetroviewApp.swift */,
			);
			path = App;
			sourceTree = "<group>";
		};
		5CFF7EF62D07CF1600C59DA9 /* Core */ = {
			isa = PBXGroup;
			children = (
				5CFF7F632D07E7E000C59DA9 /* CardSide.swift */,
				5CC5A5C42BD47622005811DA /* Author.swift */,
				5C14544E2CF849D700D5C232 /* Collection.swift */,
				5CD075952BD60B3E002B463C /* Crop.swift */,
				5CC5A5C82BD47ABA005811DA /* Date.swift */,
				5C6676DB2BC21881002DD52E /* StereoCard.swift */,
				5CC5A5C62BD478CE005811DA /* Subject.swift */,
				5CC5A5C22BD471D0005811DA /* Title.swift */,
			);
			path = Core;
			sourceTree = "<group>";
		};
		5CFF7EF72D07CF2100C59DA9 /* DTO */ = {
			isa = PBXGroup;
			children = (
				5C1454412CF816D100D5C232 /* JSONStructures.swift */,
			);
			path = DTO;
			sourceTree = "<group>";
		};
		5CFF7F012D07D1E100C59DA9 /* Cards */ = {
			isa = PBXGroup;
			children = (
				5CFF7EFB2D07D0F200C59DA9 /* StereoViewModel.swift */,
				5CFF7EF82D07D03900C59DA9 /* CardViewModel.swift */,
			);
			path = Cards;
			sourceTree = "<group>";
		};
		5CFF7F022D07D20400C59DA9 /* Collections */ = {
			isa = PBXGroup;
			children = (
				5CFF7EFD2D07D13700C59DA9 /* CollectionViewModel.swift */,
			);
			path = Collections;
			sourceTree = "<group>";
		};
		5CFF7F032D07D20D00C59DA9 /* Import */ = {
			isa = PBXGroup;
			children = (
				5CFF7EFF2D07D1B200C59DA9 /* ImportViewModel.swift */,
			);
			path = Import;
			sourceTree = "<group>";
		};
		5CFF7F042D07D26000C59DA9 /* Cards */ = {
			isa = PBXGroup;
			children = (
				5CFF7F052D07D26700C59DA9 /* Components */,
				5CFF7F062D07D27200C59DA9 /* Content */,
				5CFF7F072D07D27900C59DA9 /* Stereo */,
			);
			path = Cards;
			sourceTree = "<group>";
		};
		5CFF7F052D07D26700C59DA9 /* Components */ = {
			isa = PBXGroup;
			children = (
				5C17C74E2D07EC5F00F79567 /* ThumbnailGridView.swift */,
				5CFF7F652D07E80100C59DA9 /* MetadataSection.swift */,
				5CFF7F102D07D47F00C59DA9 /* CroppedImageView.swift */,
				5CFF7F082D07D2CE00C59DA9 /* CardImageView.swift */,
				5CFF7F0A2D07D31B00C59DA9 /* CardSquareView.swift */,
				5CFF7F0C2D07D3EB00C59DA9 /* ThumbnailView.swift */,
			);
			path = Components;
			sourceTree = "<group>";
		};
		5CFF7F062D07D27200C59DA9 /* Content */ = {
			isa = PBXGroup;
			children = (
				5C17C7502D07EDE800F79567 /* ContentView.swift */,
				5CFF7F122D07D51A00C59DA9 /* CardContentView.swift */,
				5CFF7F0E2D07D44200C59DA9 /* CardMetadataView.swift */,
			);
			path = Content;
			sourceTree = "<group>";
		};
		5CFF7F072D07D27900C59DA9 /* Stereo */ = {
			isa = PBXGroup;
			children = (
				5CFF7F362D07DE5300C59DA9 /* StereoBrowser.swift */,
				5CFF7F342D07DE0B00C59DA9 /* CardStrip.swift */,
				5C19F16A2CC5B98E00BD7A2A /* StereoView.swift */,
				5CFF7F152D07D62900C59DA9 /* StereoControlsView.swift */,
			);
			path = Stereo;
			sourceTree = "<group>";
		};
		5CFF7F172D07D66F00C59DA9 /* Collections */ = {
			isa = PBXGroup;
			children = (
				5CFF7F182D07D68000C59DA9 /* Components */,
				5CFF7F1F2D07D7EA00C59DA9 /* CollectionView.swift */,
				5CFF7F212D07D85200C59DA9 /* CollectionsView.swift */,
			);
			path = Collections;
			sourceTree = "<group>";
		};
		5CFF7F182D07D68000C59DA9 /* Components */ = {
			isa = PBXGroup;
			children = (
				5CFF7F692D07EACD00C59DA9 /* AddToCollectionSheet.swift */,
				5CFF7F672D07E99400C59DA9 /* CollectionMenu.swift */,
				5CFF7F1B2D07D6FD00C59DA9 /* CollectionGridItem.swift */,
				5CFF7F1D2D07D79E00C59DA9 /* CollectionListItem.swift */,
			);
			path = Components;
			sourceTree = "<group>";
		};
		5CFF7F192D07D68C00C59DA9 /* Browse */ = {
			isa = PBXGroup;
			children = (
				5CFF7F1A2D07D6C500C59DA9 /* Components */,
				5CFF7F2B2D07DC1200C59DA9 /* AuthorsView.swift */,
				5CFF7F292D07DB8000C59DA9 /* SubjectsView.swift */,
				5CFF7F252D07D9CF00C59DA9 /* LibraryView.swift */,
			);
			path = Browse;
			sourceTree = "<group>";
		};
		5CFF7F1A2D07D6C500C59DA9 /* Components */ = {
			isa = PBXGroup;
			children = (
				5CFF7F272D07DA7C00C59DA9 /* BrowseSidebar.swift */,
				5CFF7F232D07D94F00C59DA9 /* BrowseGrid.swift */,
			);
			path = Components;
			sourceTree = "<group>";
		};
		5CFF7F2D2D07DC9700C59DA9 /* Import */ = {
			isa = PBXGroup;
			children = (
				5CFF7F302D07DD1900C59DA9 /* ImportProgressView.swift */,
				5CFF7F2E2D07DC9D00C59DA9 /* ImportView.swift */,
			);
			path = Import;
			sourceTree = "<group>";
		};
		5CFF7F322D07DD5F00C59DA9 /* Shared */ = {
			isa = PBXGroup;
			children = (
				5CFF7F3D2D07DF5300C59DA9 /* Modifiers */,
				5CFF7F332D07DD6600C59DA9 /* Components */,
			);
			path = Shared;
			sourceTree = "<group>";
		};
		5CFF7F332D07DD6600C59DA9 /* Components */ = {
			isa = PBXGroup;
			children = (
				5CFF7F382D07DEE600C59DA9 /* OrnamentalDivider.swift */,
				5CFF7F3A2D07DF1000C59DA9 /* LoadingIndicator.swift */,
			);
			path = Components;
			sourceTree = "<group>";
		};
		5CFF7F3D2D07DF5300C59DA9 /* Modifiers */ = {
			isa = PBXGroup;
			children = (
				5CFF7F402D07DFEE00C59DA9 /* PlatformModifiers.swift */,
				5CFF7F3E2D07DF5E00C59DA9 /* InteractionModifier.swift */,
			);
			path = Modifiers;
			sourceTree = "<group>";
		};
		5CFF7F442D07E08500C59DA9 /* Image */ = {
			isa = PBXGroup;
			children = (
				5C17C7542D07F04E00F79567 /* ImageConversion.swift */,
				5C17C7522D07F03600F79567 /* ImageServiceFactory.swift */,
				5C4A271F2D04E965009ECECE /* ImageService.swift */,
				5CFF7F452D07E15000C59DA9 /* ImageLoading.swift */,
				5CFF7F472D07E1C300C59DA9 /* ImageCache.swift */,
			);
			path = Image;
			sourceTree = "<group>";
		};
		5CFF7F492D07E24400C59DA9 /* Import */ = {
			isa = PBXGroup;
			children = (
				5CFF7F4A2D07E25A00C59DA9 /* ImportService.swift */,
				5CFF7F4C2D07E2BE00C59DA9 /* BatchImportService.swift */,
			);
			path = Import;
			sourceTree = "<group>";
		};
		5CFF7F4E2D07E31800C59DA9 /* Store */ = {
			isa = PBXGroup;
			children = (
				5CFF7F4F2D07E31F00C59DA9 /* StoreManager.swift */,
			);
			path = Store;
			sourceTree = "<group>";
		};
		5CFF7F512D07E46D00C59DA9 /* Utils */ = {
			isa = PBXGroup;
			children = (
				5CFF7F522D07E47900C59DA9 /* Color */,
				5CFF7F532D07E47F00C59DA9 /* Extensions */,
			);
			path = Utils;
			sourceTree = "<group>";
		};
		5CFF7F522D07E47900C59DA9 /* Color */ = {
			isa = PBXGroup;
			children = (
				5CFF7F562D07E4DE00C59DA9 /* CardColorAnalyzer.swift */,
				5CFF7F542D07E49100C59DA9 /* ColorUtility.swift */,
			);
			path = Color;
			sourceTree = "<group>";
		};
		5CFF7F532D07E47F00C59DA9 /* Extensions */ = {
			isa = PBXGroup;
			children = (
				5CFF7F5A2D07E58100C59DA9 /* SwiftData+Extensions.swift */,
				5CFF7F582D07E55500C59DA9 /* View+Extensions.swift */,
			);
			path = Extensions;
			sourceTree = "<group>";
		};
		5CFF7F5C2D07E5C100C59DA9 /* PreviewData */ = {
			isa = PBXGroup;
			children = (
				5C65FB102D04FC84001A2E5B /* PreviewDataManager.swift */,
				5C3DFECB2D053401003D3CF2 /* PreviewDataCreation.swift */,
			);
			path = PreviewData;
			sourceTree = "<group>";
		};
		5CFF7F5E2D07E62F00C59DA9 /* Containers */ = {
			isa = PBXGroup;
			children = (
				5CFF7F612D07E69700C59DA9 /* PreviewSupport.swift */,
				5CFF7F5F2D07E66C00C59DA9 /* PreviewContainer.swift */,
			);
			path = Containers;
			sourceTree = "<group>";
		};
/* End PBXGroup section */

/* Begin PBXNativeTarget section */
		5C6676AB2BC210F7002DD52E /* Retroview */ = {
			isa = PBXNativeTarget;
			buildConfigurationList = 5C6676D12BC210F9002DD52E /* Build configuration list for PBXNativeTarget "Retroview" */;
			buildPhases = (
				5C6676A82BC210F7002DD52E /* Sources */,
				5C6676A92BC210F7002DD52E /* Frameworks */,
				5C6676AA2BC210F7002DD52E /* Resources */,
			);
			buildRules = (
			);
			dependencies = (
			);
			name = Retroview;
			productName = Retroview;
			productReference = 5C6676AC2BC210F7002DD52E /* Retroview.app */;
			productType = "com.apple.product-type.application";
		};
		5C6676BC2BC210F8002DD52E /* RetroviewTests */ = {
			isa = PBXNativeTarget;
			buildConfigurationList = 5C6676D42BC210F9002DD52E /* Build configuration list for PBXNativeTarget "RetroviewTests" */;
			buildPhases = (
				5C6676B92BC210F8002DD52E /* Sources */,
				5C6676BA2BC210F8002DD52E /* Frameworks */,
				5C6676BB2BC210F8002DD52E /* Resources */,
			);
			buildRules = (
			);
			dependencies = (
				5C6676BF2BC210F8002DD52E /* PBXTargetDependency */,
			);
			name = RetroviewTests;
			productName = RetroviewTests;
			productReference = 5C6676BD2BC210F8002DD52E /* RetroviewTests.xctest */;
			productType = "com.apple.product-type.bundle.unit-test";
		};
		5C6676C62BC210F9002DD52E /* RetroviewUITests */ = {
			isa = PBXNativeTarget;
			buildConfigurationList = 5C6676D72BC210F9002DD52E /* Build configuration list for PBXNativeTarget "RetroviewUITests" */;
			buildPhases = (
				5C6676C32BC210F9002DD52E /* Sources */,
				5C6676C42BC210F9002DD52E /* Frameworks */,
				5C6676C52BC210F9002DD52E /* Resources */,
			);
			buildRules = (
			);
			dependencies = (
				5C6676C92BC210F9002DD52E /* PBXTargetDependency */,
			);
			name = RetroviewUITests;
			productName = RetroviewUITests;
			productReference = 5C6676C72BC210F9002DD52E /* RetroviewUITests.xctest */;
			productType = "com.apple.product-type.bundle.ui-testing";
		};
		5CD600172C054C18008732E8 /* CardLoader */ = {
			isa = PBXNativeTarget;
			buildConfigurationList = 5CD6001C2C054C18008732E8 /* Build configuration list for PBXNativeTarget "CardLoader" */;
			buildPhases = (
				5CD600142C054C18008732E8 /* Sources */,
				5CD600152C054C18008732E8 /* Frameworks */,
				5CD600162C054C18008732E8 /* CopyFiles */,
			);
			buildRules = (
			);
			dependencies = (
			);
			name = CardLoader;
			productName = CardLoader;
			productReference = 5CD600182C054C18008732E8 /* CardLoader */;
			productType = "com.apple.product-type.tool";
		};
/* End PBXNativeTarget section */

/* Begin PBXProject section */
		5C6676A42BC210F7002DD52E /* Project object */ = {
			isa = PBXProject;
			attributes = {
				BuildIndependentTargetsInParallel = 1;
				LastSwiftUpdateCheck = 1540;
				LastUpgradeCheck = 1600;
				TargetAttributes = {
					5C6676AB2BC210F7002DD52E = {
						CreatedOnToolsVersion = 15.3;
					};
					5C6676BC2BC210F8002DD52E = {
						CreatedOnToolsVersion = 15.3;
						TestTargetID = 5C6676AB2BC210F7002DD52E;
					};
					5C6676C62BC210F9002DD52E = {
						CreatedOnToolsVersion = 15.3;
						TestTargetID = 5C6676AB2BC210F7002DD52E;
					};
					5CD600172C054C18008732E8 = {
						CreatedOnToolsVersion = 15.4;
					};
				};
			};
			buildConfigurationList = 5C6676A72BC210F7002DD52E /* Build configuration list for PBXProject "Retroview" */;
			compatibilityVersion = "Xcode 14.0";
			developmentRegion = en;
			hasScannedForEncodings = 0;
			knownRegions = (
				en,
				Base,
			);
			mainGroup = 5C6676A32BC210F7002DD52E;
			packageReferences = (
				5CDEFC232CE04E4C0046FD60 /* XCLocalSwiftPackageReference "../StereoViewer" */,
			);
			productRefGroup = 5C6676AD2BC210F7002DD52E /* Products */;
			projectDirPath = "";
			projectRoot = "";
			targets = (
				5C6676AB2BC210F7002DD52E /* Retroview */,
				5C6676BC2BC210F8002DD52E /* RetroviewTests */,
				5C6676C62BC210F9002DD52E /* RetroviewUITests */,
				5CD600172C054C18008732E8 /* CardLoader */,
			);
		};
/* End PBXProject section */

/* Begin PBXResourcesBuildPhase section */
		5C6676AA2BC210F7002DD52E /* Resources */ = {
			isa = PBXResourcesBuildPhase;
			buildActionMask = 2147483647;
			files = (
				5C9DDB042C0C0C5500D83DE3 /* MyStereoviews.store in Resources */,
				5C6676EA2BC4EF30002DD52E /* all_examples.json in Resources */,
				5C6676B82BC210F8002DD52E /* Preview Assets.xcassets in Resources */,
				5C6676B42BC210F8002DD52E /* Assets.xcassets in Resources */,
			);
			runOnlyForDeploymentPostprocessing = 0;
		};
		5C6676BB2BC210F8002DD52E /* Resources */ = {
			isa = PBXResourcesBuildPhase;
			buildActionMask = 2147483647;
			files = (
			);
			runOnlyForDeploymentPostprocessing = 0;
		};
		5C6676C52BC210F9002DD52E /* Resources */ = {
			isa = PBXResourcesBuildPhase;
			buildActionMask = 2147483647;
			files = (
			);
			runOnlyForDeploymentPostprocessing = 0;
		};
/* End PBXResourcesBuildPhase section */

/* Begin PBXSourcesBuildPhase section */
		5C6676A82BC210F7002DD52E /* Sources */ = {
			isa = PBXSourcesBuildPhase;
			buildActionMask = 2147483647;
			files = (
				5CFF7F1E2D07D7A300C59DA9 /* CollectionListItem.swift in Sources */,
				5CFF7F572D07E4E600C59DA9 /* CardColorAnalyzer.swift in Sources */,
				5CFF7F602D07E67100C59DA9 /* PreviewContainer.swift in Sources */,
				5CFF7F412D07DFFA00C59DA9 /* PlatformModifiers.swift in Sources */,
				5C1454422CF816D500D5C232 /* JSONStructures.swift in Sources */,
				5CFF7EFE2D07D13F00C59DA9 /* CollectionViewModel.swift in Sources */,
				5CFF7F552D07E49700C59DA9 /* ColorUtility.swift in Sources */,
				5CFF7F662D07E80900C59DA9 /* MetadataSection.swift in Sources */,
				5CFF7F392D07DEEC00C59DA9 /* OrnamentalDivider.swift in Sources */,
				5CFF7F502D07E32300C59DA9 /* StoreManager.swift in Sources */,
				5CFF7F2C2D07DC1800C59DA9 /* AuthorsView.swift in Sources */,
				5C17C7512D07EDEB00F79567 /* ContentView.swift in Sources */,
				5C17C7532D07F03F00F79567 /* ImageServiceFactory.swift in Sources */,
				5CFF7F202D07D7EF00C59DA9 /* CollectionView.swift in Sources */,
				5CFF7F262D07D9D300C59DA9 /* LibraryView.swift in Sources */,
				5CC5A5C72BD478CE005811DA /* Subject.swift in Sources */,
				5C6676DC2BC21881002DD52E /* StereoCard.swift in Sources */,
				5CFF7F282D07DA8200C59DA9 /* BrowseSidebar.swift in Sources */,
				5CFF7F592D07E55900C59DA9 /* View+Extensions.swift in Sources */,
				5CFF7F642D07E7E300C59DA9 /* CardSide.swift in Sources */,
				5CC5A5C32BD471D0005811DA /* Title.swift in Sources */,
				5CFF7F3B2D07DF1700C59DA9 /* LoadingIndicator.swift in Sources */,
				5C3DFECC2D053406003D3CF2 /* PreviewDataCreation.swift in Sources */,
				5C19F16B2CC5B98E00BD7A2A /* StereoView.swift in Sources */,
				5CFF7F3F2D07DF6800C59DA9 /* InteractionModifier.swift in Sources */,
				5CFF7F372D07DE5B00C59DA9 /* StereoBrowser.swift in Sources */,
				5CFF7F5B2D07E58700C59DA9 /* SwiftData+Extensions.swift in Sources */,
				5CFF7F132D07D51F00C59DA9 /* CardContentView.swift in Sources */,
				5CC0DB142CFBCB010054E48D /* DevelopmentFlags.swift in Sources */,
				5CFF7F222D07D85500C59DA9 /* CollectionsView.swift in Sources */,
				5CFF7F162D07D63300C59DA9 /* StereoControlsView.swift in Sources */,
				5CFF7F4D2D07E2C600C59DA9 /* BatchImportService.swift in Sources */,
				5C14544F2CF849DA00D5C232 /* Collection.swift in Sources */,
				5CC5A5C52BD47622005811DA /* Author.swift in Sources */,
				5CFF7F682D07E99800C59DA9 /* CollectionMenu.swift in Sources */,
				5CFF7F312D07DD1D00C59DA9 /* ImportProgressView.swift in Sources */,
				5C4A27202D04E972009ECECE /* ImageService.swift in Sources */,
				5CFF7F4B2D07E25E00C59DA9 /* ImportService.swift in Sources */,
				5CFF7F2A2D07DB8400C59DA9 /* SubjectsView.swift in Sources */,
				5CFF7F0F2D07D44B00C59DA9 /* CardMetadataView.swift in Sources */,
				5C17C7552D07F05300F79567 /* ImageConversion.swift in Sources */,
				5CD075962BD60B3E002B463C /* Crop.swift in Sources */,
				5CFF7F112D07D48400C59DA9 /* CroppedImageView.swift in Sources */,
				5CFF7F092D07D2D300C59DA9 /* CardImageView.swift in Sources */,
				5CFF7F002D07D1B700C59DA9 /* ImportViewModel.swift in Sources */,
				5CFF7EFC2D07D0F700C59DA9 /* StereoViewModel.swift in Sources */,
				5CFF7F352D07DE0F00C59DA9 /* CardStrip.swift in Sources */,
				5CFF7F6A2D07EAD300C59DA9 /* AddToCollectionSheet.swift in Sources */,
				5CFF7F622D07E69A00C59DA9 /* PreviewSupport.swift in Sources */,
				5CFF7F462D07E15400C59DA9 /* ImageLoading.swift in Sources */,
				5C65FB112D04FC8B001A2E5B /* PreviewDataManager.swift in Sources */,
				5CFF7F0D2D07D3F000C59DA9 /* ThumbnailView.swift in Sources */,
				5C17C74F2D07EC6600F79567 /* ThumbnailGridView.swift in Sources */,
				5CFF7F1C2D07D70500C59DA9 /* CollectionGridItem.swift in Sources */,
				5CFF7EF92D07D03E00C59DA9 /* CardViewModel.swift in Sources */,
				5CFF7F0B2D07D32000C59DA9 /* CardSquareView.swift in Sources */,
				5CFF7F482D07E1C600C59DA9 /* ImageCache.swift in Sources */,
				5C6676B02BC210F7002DD52E /* RetroviewApp.swift in Sources */,
				5CFF7F2F2D07DCA300C59DA9 /* ImportView.swift in Sources */,
				5CC5A5C92BD47ABA005811DA /* Date.swift in Sources */,
				5CFF7F242D07D95500C59DA9 /* BrowseGrid.swift in Sources */,
			);
			runOnlyForDeploymentPostprocessing = 0;
		};
		5C6676B92BC210F8002DD52E /* Sources */ = {
			isa = PBXSourcesBuildPhase;
			buildActionMask = 2147483647;
			files = (
				5C43BC4B2CF993010053FAFD /* ImportServiceTests.swift in Sources */,
				5C6676C22BC210F8002DD52E /* RetroviewTests.swift in Sources */,
			);
			runOnlyForDeploymentPostprocessing = 0;
		};
		5C6676C32BC210F9002DD52E /* Sources */ = {
			isa = PBXSourcesBuildPhase;
			buildActionMask = 2147483647;
			files = (
				5C6676CE2BC210F9002DD52E /* RetroviewUITestsLaunchTests.swift in Sources */,
				5C6676CC2BC210F9002DD52E /* RetroviewUITests.swift in Sources */,
			);
			runOnlyForDeploymentPostprocessing = 0;
		};
		5CD600142C054C18008732E8 /* Sources */ = {
			isa = PBXSourcesBuildPhase;
			buildActionMask = 2147483647;
			files = (
			);
			runOnlyForDeploymentPostprocessing = 0;
		};
/* End PBXSourcesBuildPhase section */

/* Begin PBXTargetDependency section */
		5C6676BF2BC210F8002DD52E /* PBXTargetDependency */ = {
			isa = PBXTargetDependency;
			target = 5C6676AB2BC210F7002DD52E /* Retroview */;
			targetProxy = 5C6676BE2BC210F8002DD52E /* PBXContainerItemProxy */;
		};
		5C6676C92BC210F9002DD52E /* PBXTargetDependency */ = {
			isa = PBXTargetDependency;
			target = 5C6676AB2BC210F7002DD52E /* Retroview */;
			targetProxy = 5C6676C82BC210F9002DD52E /* PBXContainerItemProxy */;
		};
/* End PBXTargetDependency section */

/* Begin XCBuildConfiguration section */
		5C6676CF2BC210F9002DD52E /* Debug */ = {
			isa = XCBuildConfiguration;
			buildSettings = {
				ALWAYS_SEARCH_USER_PATHS = NO;
				ASSETCATALOG_COMPILER_GENERATE_SWIFT_ASSET_SYMBOL_EXTENSIONS = YES;
				CLANG_ANALYZER_NONNULL = YES;
				CLANG_ANALYZER_NUMBER_OBJECT_CONVERSION = YES_AGGRESSIVE;
				CLANG_CXX_LANGUAGE_STANDARD = "gnu++20";
				CLANG_ENABLE_MODULES = YES;
				CLANG_ENABLE_OBJC_ARC = YES;
				CLANG_ENABLE_OBJC_WEAK = YES;
				CLANG_WARN_BLOCK_CAPTURE_AUTORELEASING = YES;
				CLANG_WARN_BOOL_CONVERSION = YES;
				CLANG_WARN_COMMA = YES;
				CLANG_WARN_CONSTANT_CONVERSION = YES;
				CLANG_WARN_DEPRECATED_OBJC_IMPLEMENTATIONS = YES;
				CLANG_WARN_DIRECT_OBJC_ISA_USAGE = YES_ERROR;
				CLANG_WARN_DOCUMENTATION_COMMENTS = YES;
				CLANG_WARN_EMPTY_BODY = YES;
				CLANG_WARN_ENUM_CONVERSION = YES;
				CLANG_WARN_INFINITE_RECURSION = YES;
				CLANG_WARN_INT_CONVERSION = YES;
				CLANG_WARN_NON_LITERAL_NULL_CONVERSION = YES;
				CLANG_WARN_OBJC_IMPLICIT_RETAIN_SELF = YES;
				CLANG_WARN_OBJC_LITERAL_CONVERSION = YES;
				CLANG_WARN_OBJC_ROOT_CLASS = YES_ERROR;
				CLANG_WARN_QUOTED_INCLUDE_IN_FRAMEWORK_HEADER = YES;
				CLANG_WARN_RANGE_LOOP_ANALYSIS = YES;
				CLANG_WARN_STRICT_PROTOTYPES = YES;
				CLANG_WARN_SUSPICIOUS_MOVE = YES;
				CLANG_WARN_UNGUARDED_AVAILABILITY = YES_AGGRESSIVE;
				CLANG_WARN_UNREACHABLE_CODE = YES;
				CLANG_WARN__DUPLICATE_METHOD_MATCH = YES;
				COPY_PHASE_STRIP = NO;
				DEAD_CODE_STRIPPING = YES;
				DEBUG_INFORMATION_FORMAT = dwarf;
				ENABLE_STRICT_OBJC_MSGSEND = YES;
				ENABLE_TESTABILITY = YES;
				ENABLE_USER_SCRIPT_SANDBOXING = YES;
				GCC_C_LANGUAGE_STANDARD = gnu17;
				GCC_DYNAMIC_NO_PIC = NO;
				GCC_NO_COMMON_BLOCKS = YES;
				GCC_OPTIMIZATION_LEVEL = 0;
				GCC_PREPROCESSOR_DEFINITIONS = (
					"DEBUG=1",
					"$(inherited)",
				);
				GCC_WARN_64_TO_32_BIT_CONVERSION = YES;
				GCC_WARN_ABOUT_RETURN_TYPE = YES_ERROR;
				GCC_WARN_UNDECLARED_SELECTOR = YES;
				GCC_WARN_UNINITIALIZED_AUTOS = YES_AGGRESSIVE;
				GCC_WARN_UNUSED_FUNCTION = YES;
				GCC_WARN_UNUSED_VARIABLE = YES;
				LOCALIZATION_PREFERS_STRING_CATALOGS = YES;
				MTL_ENABLE_DEBUG_INFO = INCLUDE_SOURCE;
				MTL_FAST_MATH = YES;
				ONLY_ACTIVE_ARCH = YES;
				SWIFT_ACTIVE_COMPILATION_CONDITIONS = "DEBUG $(inherited)";
				SWIFT_OPTIMIZATION_LEVEL = "-Onone";
			};
			name = Debug;
		};
		5C6676D02BC210F9002DD52E /* Release */ = {
			isa = XCBuildConfiguration;
			buildSettings = {
				ALWAYS_SEARCH_USER_PATHS = NO;
				ASSETCATALOG_COMPILER_GENERATE_SWIFT_ASSET_SYMBOL_EXTENSIONS = YES;
				CLANG_ANALYZER_NONNULL = YES;
				CLANG_ANALYZER_NUMBER_OBJECT_CONVERSION = YES_AGGRESSIVE;
				CLANG_CXX_LANGUAGE_STANDARD = "gnu++20";
				CLANG_ENABLE_MODULES = YES;
				CLANG_ENABLE_OBJC_ARC = YES;
				CLANG_ENABLE_OBJC_WEAK = YES;
				CLANG_WARN_BLOCK_CAPTURE_AUTORELEASING = YES;
				CLANG_WARN_BOOL_CONVERSION = YES;
				CLANG_WARN_COMMA = YES;
				CLANG_WARN_CONSTANT_CONVERSION = YES;
				CLANG_WARN_DEPRECATED_OBJC_IMPLEMENTATIONS = YES;
				CLANG_WARN_DIRECT_OBJC_ISA_USAGE = YES_ERROR;
				CLANG_WARN_DOCUMENTATION_COMMENTS = YES;
				CLANG_WARN_EMPTY_BODY = YES;
				CLANG_WARN_ENUM_CONVERSION = YES;
				CLANG_WARN_INFINITE_RECURSION = YES;
				CLANG_WARN_INT_CONVERSION = YES;
				CLANG_WARN_NON_LITERAL_NULL_CONVERSION = YES;
				CLANG_WARN_OBJC_IMPLICIT_RETAIN_SELF = YES;
				CLANG_WARN_OBJC_LITERAL_CONVERSION = YES;
				CLANG_WARN_OBJC_ROOT_CLASS = YES_ERROR;
				CLANG_WARN_QUOTED_INCLUDE_IN_FRAMEWORK_HEADER = YES;
				CLANG_WARN_RANGE_LOOP_ANALYSIS = YES;
				CLANG_WARN_STRICT_PROTOTYPES = YES;
				CLANG_WARN_SUSPICIOUS_MOVE = YES;
				CLANG_WARN_UNGUARDED_AVAILABILITY = YES_AGGRESSIVE;
				CLANG_WARN_UNREACHABLE_CODE = YES;
				CLANG_WARN__DUPLICATE_METHOD_MATCH = YES;
				COPY_PHASE_STRIP = NO;
				DEAD_CODE_STRIPPING = YES;
				DEBUG_INFORMATION_FORMAT = "dwarf-with-dsym";
				ENABLE_NS_ASSERTIONS = NO;
				ENABLE_STRICT_OBJC_MSGSEND = YES;
				ENABLE_USER_SCRIPT_SANDBOXING = YES;
				GCC_C_LANGUAGE_STANDARD = gnu17;
				GCC_NO_COMMON_BLOCKS = YES;
				GCC_WARN_64_TO_32_BIT_CONVERSION = YES;
				GCC_WARN_ABOUT_RETURN_TYPE = YES_ERROR;
				GCC_WARN_UNDECLARED_SELECTOR = YES;
				GCC_WARN_UNINITIALIZED_AUTOS = YES_AGGRESSIVE;
				GCC_WARN_UNUSED_FUNCTION = YES;
				GCC_WARN_UNUSED_VARIABLE = YES;
				LOCALIZATION_PREFERS_STRING_CATALOGS = YES;
				MTL_ENABLE_DEBUG_INFO = NO;
				MTL_FAST_MATH = YES;
				SWIFT_COMPILATION_MODE = wholemodule;
			};
			name = Release;
		};
		5C6676D22BC210F9002DD52E /* Debug */ = {
			isa = XCBuildConfiguration;
			buildSettings = {
				ASSETCATALOG_COMPILER_APPICON_NAME = AppIcon;
				ASSETCATALOG_COMPILER_GLOBAL_ACCENT_COLOR_NAME = AccentColor;
				ASSETCATALOG_COMPILER_INCLUDE_ALL_APPICON_ASSETS = YES;
				CODE_SIGN_ENTITLEMENTS = Retroview/Retroview.entitlements;
				CODE_SIGN_STYLE = Automatic;
				CURRENT_PROJECT_VERSION = 1;
				DEAD_CODE_STRIPPING = YES;
				DEVELOPMENT_ASSET_PATHS = "\"Retroview/Preview Content\"";
				DEVELOPMENT_TEAM = MYU957XGF6;
				ENABLE_HARDENED_RUNTIME = YES;
				ENABLE_PREVIEWS = YES;
				GENERATE_INFOPLIST_FILE = YES;
				INFOPLIST_FILE = Retroview/Info.plist;
				"INFOPLIST_KEY_UIApplicationSceneManifest_Generation[sdk=iphoneos*]" = YES;
				"INFOPLIST_KEY_UIApplicationSceneManifest_Generation[sdk=iphonesimulator*]" = YES;
				"INFOPLIST_KEY_UIApplicationSupportsIndirectInputEvents[sdk=iphoneos*]" = YES;
				"INFOPLIST_KEY_UIApplicationSupportsIndirectInputEvents[sdk=iphonesimulator*]" = YES;
				"INFOPLIST_KEY_UILaunchScreen_Generation[sdk=iphoneos*]" = YES;
				"INFOPLIST_KEY_UILaunchScreen_Generation[sdk=iphonesimulator*]" = YES;
				"INFOPLIST_KEY_UIStatusBarStyle[sdk=iphoneos*]" = UIStatusBarStyleDefault;
				"INFOPLIST_KEY_UIStatusBarStyle[sdk=iphonesimulator*]" = UIStatusBarStyleDefault;
				INFOPLIST_KEY_UISupportedInterfaceOrientations_iPad = "UIInterfaceOrientationPortrait UIInterfaceOrientationPortraitUpsideDown UIInterfaceOrientationLandscapeLeft UIInterfaceOrientationLandscapeRight";
				INFOPLIST_KEY_UISupportedInterfaceOrientations_iPhone = "UIInterfaceOrientationPortrait UIInterfaceOrientationLandscapeLeft UIInterfaceOrientationLandscapeRight";
				IPHONEOS_DEPLOYMENT_TARGET = 18.0;
				LD_RUNPATH_SEARCH_PATHS = "@executable_path/Frameworks";
				"LD_RUNPATH_SEARCH_PATHS[sdk=macosx*]" = "@executable_path/../Frameworks";
				MACOSX_DEPLOYMENT_TARGET = 15.0;
				MARKETING_VERSION = 1.0;
				PRODUCT_BUNDLE_IDENTIFIER = net.atompowered.Retroview;
				PRODUCT_NAME = "$(TARGET_NAME)";
				SDKROOT = auto;
				SUPPORTED_PLATFORMS = "iphoneos iphonesimulator macosx xros xrsimulator";
				SUPPORTS_MACCATALYST = NO;
				SWIFT_EMIT_LOC_STRINGS = YES;
				SWIFT_VERSION = 5.0;
				TARGETED_DEVICE_FAMILY = "1,2,7";
				XROS_DEPLOYMENT_TARGET = 2.0;
			};
			name = Debug;
		};
		5C6676D32BC210F9002DD52E /* Release */ = {
			isa = XCBuildConfiguration;
			buildSettings = {
				ASSETCATALOG_COMPILER_APPICON_NAME = AppIcon;
				ASSETCATALOG_COMPILER_GLOBAL_ACCENT_COLOR_NAME = AccentColor;
				ASSETCATALOG_COMPILER_INCLUDE_ALL_APPICON_ASSETS = YES;
				CODE_SIGN_ENTITLEMENTS = Retroview/Retroview.entitlements;
				CODE_SIGN_STYLE = Automatic;
				CURRENT_PROJECT_VERSION = 1;
				DEAD_CODE_STRIPPING = YES;
				DEVELOPMENT_ASSET_PATHS = "\"Retroview/Preview Content\"";
				DEVELOPMENT_TEAM = MYU957XGF6;
				ENABLE_HARDENED_RUNTIME = YES;
				ENABLE_PREVIEWS = YES;
				GENERATE_INFOPLIST_FILE = YES;
				INFOPLIST_FILE = Retroview/Info.plist;
				"INFOPLIST_KEY_UIApplicationSceneManifest_Generation[sdk=iphoneos*]" = YES;
				"INFOPLIST_KEY_UIApplicationSceneManifest_Generation[sdk=iphonesimulator*]" = YES;
				"INFOPLIST_KEY_UIApplicationSupportsIndirectInputEvents[sdk=iphoneos*]" = YES;
				"INFOPLIST_KEY_UIApplicationSupportsIndirectInputEvents[sdk=iphonesimulator*]" = YES;
				"INFOPLIST_KEY_UILaunchScreen_Generation[sdk=iphoneos*]" = YES;
				"INFOPLIST_KEY_UILaunchScreen_Generation[sdk=iphonesimulator*]" = YES;
				"INFOPLIST_KEY_UIStatusBarStyle[sdk=iphoneos*]" = UIStatusBarStyleDefault;
				"INFOPLIST_KEY_UIStatusBarStyle[sdk=iphonesimulator*]" = UIStatusBarStyleDefault;
				INFOPLIST_KEY_UISupportedInterfaceOrientations_iPad = "UIInterfaceOrientationPortrait UIInterfaceOrientationPortraitUpsideDown UIInterfaceOrientationLandscapeLeft UIInterfaceOrientationLandscapeRight";
				INFOPLIST_KEY_UISupportedInterfaceOrientations_iPhone = "UIInterfaceOrientationPortrait UIInterfaceOrientationLandscapeLeft UIInterfaceOrientationLandscapeRight";
				IPHONEOS_DEPLOYMENT_TARGET = 18.0;
				LD_RUNPATH_SEARCH_PATHS = "@executable_path/Frameworks";
				"LD_RUNPATH_SEARCH_PATHS[sdk=macosx*]" = "@executable_path/../Frameworks";
				MACOSX_DEPLOYMENT_TARGET = 15.0;
				MARKETING_VERSION = 1.0;
				PRODUCT_BUNDLE_IDENTIFIER = net.atompowered.Retroview;
				PRODUCT_NAME = "$(TARGET_NAME)";
				SDKROOT = auto;
				SUPPORTED_PLATFORMS = "iphoneos iphonesimulator macosx xros xrsimulator";
				SUPPORTS_MACCATALYST = NO;
				SWIFT_EMIT_LOC_STRINGS = YES;
				SWIFT_VERSION = 5.0;
				TARGETED_DEVICE_FAMILY = "1,2,7";
				XROS_DEPLOYMENT_TARGET = 2.0;
			};
			name = Release;
		};
		5C6676D52BC210F9002DD52E /* Debug */ = {
			isa = XCBuildConfiguration;
			buildSettings = {
				BUNDLE_LOADER = "$(TEST_HOST)";
				CODE_SIGN_STYLE = Automatic;
				CURRENT_PROJECT_VERSION = 1;
				DEAD_CODE_STRIPPING = YES;
				DEVELOPMENT_TEAM = MYU957XGF6;
				GENERATE_INFOPLIST_FILE = YES;
				IPHONEOS_DEPLOYMENT_TARGET = 18.0;
				MACOSX_DEPLOYMENT_TARGET = 15.0;
				MARKETING_VERSION = 1.0;
				PRODUCT_BUNDLE_IDENTIFIER = net.atompowered.RetroviewTests;
				PRODUCT_NAME = "$(TARGET_NAME)";
				SDKROOT = auto;
				SUPPORTED_PLATFORMS = "iphoneos iphonesimulator macosx";
				SWIFT_EMIT_LOC_STRINGS = NO;
				SWIFT_VERSION = 5.0;
				TARGETED_DEVICE_FAMILY = "1,2";
				TEST_HOST = "$(BUILT_PRODUCTS_DIR)/Retroview.app/$(BUNDLE_EXECUTABLE_FOLDER_PATH)/Retroview";
			};
			name = Debug;
		};
		5C6676D62BC210F9002DD52E /* Release */ = {
			isa = XCBuildConfiguration;
			buildSettings = {
				BUNDLE_LOADER = "$(TEST_HOST)";
				CODE_SIGN_STYLE = Automatic;
				CURRENT_PROJECT_VERSION = 1;
				DEAD_CODE_STRIPPING = YES;
				DEVELOPMENT_TEAM = MYU957XGF6;
				GENERATE_INFOPLIST_FILE = YES;
				IPHONEOS_DEPLOYMENT_TARGET = 18.0;
				MACOSX_DEPLOYMENT_TARGET = 15.0;
				MARKETING_VERSION = 1.0;
				PRODUCT_BUNDLE_IDENTIFIER = net.atompowered.RetroviewTests;
				PRODUCT_NAME = "$(TARGET_NAME)";
				SDKROOT = auto;
				SUPPORTED_PLATFORMS = "iphoneos iphonesimulator macosx";
				SWIFT_EMIT_LOC_STRINGS = NO;
				SWIFT_VERSION = 5.0;
				TARGETED_DEVICE_FAMILY = "1,2";
				TEST_HOST = "$(BUILT_PRODUCTS_DIR)/Retroview.app/$(BUNDLE_EXECUTABLE_FOLDER_PATH)/Retroview";
			};
			name = Release;
		};
		5C6676D82BC210F9002DD52E /* Debug */ = {
			isa = XCBuildConfiguration;
			buildSettings = {
				CODE_SIGN_STYLE = Automatic;
				CURRENT_PROJECT_VERSION = 1;
				DEAD_CODE_STRIPPING = YES;
				DEVELOPMENT_TEAM = MYU957XGF6;
				GENERATE_INFOPLIST_FILE = YES;
				IPHONEOS_DEPLOYMENT_TARGET = 17.4;
				MACOSX_DEPLOYMENT_TARGET = 15.0;
				MARKETING_VERSION = 1.0;
				PRODUCT_BUNDLE_IDENTIFIER = net.atompowered.RetroviewUITests;
				PRODUCT_NAME = "$(TARGET_NAME)";
				SDKROOT = auto;
				SUPPORTED_PLATFORMS = "iphoneos iphonesimulator macosx";
				SWIFT_EMIT_LOC_STRINGS = NO;
				SWIFT_VERSION = 5.0;
				TARGETED_DEVICE_FAMILY = "1,2";
				TEST_TARGET_NAME = Retroview;
			};
			name = Debug;
		};
		5C6676D92BC210F9002DD52E /* Release */ = {
			isa = XCBuildConfiguration;
			buildSettings = {
				CODE_SIGN_STYLE = Automatic;
				CURRENT_PROJECT_VERSION = 1;
				DEAD_CODE_STRIPPING = YES;
				DEVELOPMENT_TEAM = MYU957XGF6;
				GENERATE_INFOPLIST_FILE = YES;
				IPHONEOS_DEPLOYMENT_TARGET = 17.4;
				MACOSX_DEPLOYMENT_TARGET = 15.0;
				MARKETING_VERSION = 1.0;
				PRODUCT_BUNDLE_IDENTIFIER = net.atompowered.RetroviewUITests;
				PRODUCT_NAME = "$(TARGET_NAME)";
				SDKROOT = auto;
				SUPPORTED_PLATFORMS = "iphoneos iphonesimulator macosx";
				SWIFT_EMIT_LOC_STRINGS = NO;
				SWIFT_VERSION = 5.0;
				TARGETED_DEVICE_FAMILY = "1,2";
				TEST_TARGET_NAME = Retroview;
			};
			name = Release;
		};
		5CD6001D2C054C18008732E8 /* Debug */ = {
			isa = XCBuildConfiguration;
			buildSettings = {
				CODE_SIGN_STYLE = Automatic;
				DEVELOPMENT_TEAM = MYU957XGF6;
				ENABLE_HARDENED_RUNTIME = YES;
				MACOSX_DEPLOYMENT_TARGET = 14.5;
				PRODUCT_NAME = "$(TARGET_NAME)";
				SDKROOT = macosx;
				SWIFT_VERSION = 5.0;
			};
			name = Debug;
		};
		5CD6001E2C054C18008732E8 /* Release */ = {
			isa = XCBuildConfiguration;
			buildSettings = {
				CODE_SIGN_STYLE = Automatic;
				DEVELOPMENT_TEAM = MYU957XGF6;
				ENABLE_HARDENED_RUNTIME = YES;
				MACOSX_DEPLOYMENT_TARGET = 14.5;
				PRODUCT_NAME = "$(TARGET_NAME)";
				SDKROOT = macosx;
				SWIFT_VERSION = 5.0;
			};
			name = Release;
		};
/* End XCBuildConfiguration section */

/* Begin XCConfigurationList section */
		5C6676A72BC210F7002DD52E /* Build configuration list for PBXProject "Retroview" */ = {
			isa = XCConfigurationList;
			buildConfigurations = (
				5C6676CF2BC210F9002DD52E /* Debug */,
				5C6676D02BC210F9002DD52E /* Release */,
			);
			defaultConfigurationIsVisible = 0;
			defaultConfigurationName = Release;
		};
		5C6676D12BC210F9002DD52E /* Build configuration list for PBXNativeTarget "Retroview" */ = {
			isa = XCConfigurationList;
			buildConfigurations = (
				5C6676D22BC210F9002DD52E /* Debug */,
				5C6676D32BC210F9002DD52E /* Release */,
			);
			defaultConfigurationIsVisible = 0;
			defaultConfigurationName = Release;
		};
		5C6676D42BC210F9002DD52E /* Build configuration list for PBXNativeTarget "RetroviewTests" */ = {
			isa = XCConfigurationList;
			buildConfigurations = (
				5C6676D52BC210F9002DD52E /* Debug */,
				5C6676D62BC210F9002DD52E /* Release */,
			);
			defaultConfigurationIsVisible = 0;
			defaultConfigurationName = Release;
		};
		5C6676D72BC210F9002DD52E /* Build configuration list for PBXNativeTarget "RetroviewUITests" */ = {
			isa = XCConfigurationList;
			buildConfigurations = (
				5C6676D82BC210F9002DD52E /* Debug */,
				5C6676D92BC210F9002DD52E /* Release */,
			);
			defaultConfigurationIsVisible = 0;
			defaultConfigurationName = Release;
		};
		5CD6001C2C054C18008732E8 /* Build configuration list for PBXNativeTarget "CardLoader" */ = {
			isa = XCConfigurationList;
			buildConfigurations = (
				5CD6001D2C054C18008732E8 /* Debug */,
				5CD6001E2C054C18008732E8 /* Release */,
			);
			defaultConfigurationIsVisible = 0;
			defaultConfigurationName = Release;
		};
/* End XCConfigurationList section */

/* Begin XCLocalSwiftPackageReference section */
		5CDEFC232CE04E4C0046FD60 /* XCLocalSwiftPackageReference "../StereoViewer" */ = {
			isa = XCLocalSwiftPackageReference;
			relativePath = ../StereoViewer;
		};
/* End XCLocalSwiftPackageReference section */

/* Begin XCSwiftPackageProductDependency section */
		5C7EA0F12CC5C631002FC3D2 /* StereoViewer */ = {
			isa = XCSwiftPackageProductDependency;
			productName = StereoViewer;
		};
		5CDEFC242CE04E4C0046FD60 /* StereoViewer */ = {
			isa = XCSwiftPackageProductDependency;
			productName = StereoViewer;
		};
/* End XCSwiftPackageProductDependency section */
	};
	rootObject = 5C6676A42BC210F7002DD52E /* Project object */;
}
