// !$*UTF8*$!
{
	archiveVersion = 1;
	classes = {
	};
	objectVersion = 60;
	objects = {

/* Begin PBXBuildFile section */
		5C02AF342D02BC1F00D629A2 /* SpatialBrowserContainer.swift in Sources */ = {isa = PBXBuildFile; fileRef = 5C02AF332D02BC1100D629A2 /* SpatialBrowserContainer.swift */; };
		5C120FA82CFD60BA000B7184 /* StereoBrowser.swift in Sources */ = {isa = PBXBuildFile; fileRef = 5C120FA72CFD60B1000B7184 /* StereoBrowser.swift */; };
		5C1454172CF5760300D5C232 /* StereoViewCoordinator.swift in Sources */ = {isa = PBXBuildFile; fileRef = 5C1454112CF5760300D5C232 /* StereoViewCoordinator.swift */; };
		5C1454342CF7A63D00D5C232 /* CardColorAnalyzer.swift in Sources */ = {isa = PBXBuildFile; fileRef = 5C1454332CF7A63600D5C232 /* CardColorAnalyzer.swift */; };
		5C14543C2CF7FF8B00D5C232 /* ColorUtility.swift in Sources */ = {isa = PBXBuildFile; fileRef = 5C14543B2CF7FF8800D5C232 /* ColorUtility.swift */; };
		5C1454422CF816D500D5C232 /* JSONStructures.swift in Sources */ = {isa = PBXBuildFile; fileRef = 5C1454412CF816D100D5C232 /* JSONStructures.swift */; };
		5C1454442CF816F700D5C232 /* ImportService.swift in Sources */ = {isa = PBXBuildFile; fileRef = 5C1454432CF816EF00D5C232 /* ImportService.swift */; };
		5C1454462CF8173100D5C232 /* BatchImportService.swift in Sources */ = {isa = PBXBuildFile; fileRef = 5C1454452CF8172900D5C232 /* BatchImportService.swift */; };
		5C1454482CF8174C00D5C232 /* ImportView.swift in Sources */ = {isa = PBXBuildFile; fileRef = 5C1454472CF8174700D5C232 /* ImportView.swift */; };
		5C14544F2CF849DA00D5C232 /* Collection.swift in Sources */ = {isa = PBXBuildFile; fileRef = 5C14544E2CF849D700D5C232 /* Collection.swift */; };
		5C14545B2CF93F3000D5C232 /* CollectionDefaults.swift in Sources */ = {isa = PBXBuildFile; fileRef = 5C14545A2CF93F2A00D5C232 /* CollectionDefaults.swift */; };
		5C19F16B2CC5B98E00BD7A2A /* StereoView.swift in Sources */ = {isa = PBXBuildFile; fileRef = 5C19F16A2CC5B98E00BD7A2A /* StereoView.swift */; };
		5C1DBD892D0FAD290050B4DF /* LibraryGridView.swift in Sources */ = {isa = PBXBuildFile; fileRef = 5C1DBD882D0FAD250050B4DF /* LibraryGridView.swift */; };
		5C1DBD912D0FB0B20050B4DF /* StoreUtility.swift in Sources */ = {isa = PBXBuildFile; fileRef = 5C1DBD902D0FB0AD0050B4DF /* StoreUtility.swift */; };
		5C1DBD932D0FB7550050B4DF /* PreviewStoreManager.swift in Sources */ = {isa = PBXBuildFile; fileRef = 5C1DBD922D0FB7510050B4DF /* PreviewStoreManager.swift */; };
		5C1DBD972D0FB8E50050B4DF /* StoreDebugMenu.swift in Sources */ = {isa = PBXBuildFile; fileRef = 5C1DBD962D0FB8DE0050B4DF /* StoreDebugMenu.swift */; };
		5C1DBD992D0FEE930050B4DF /* CardDetailView.swift in Sources */ = {isa = PBXBuildFile; fileRef = 5C1DBD982D0FEE8E0050B4DF /* CardDetailView.swift */; };
		5C1DBD9E2D0FF6C20050B4DF /* ThumbnailView.swift in Sources */ = {isa = PBXBuildFile; fileRef = 5C1DBD9D2D0FF6BD0050B4DF /* ThumbnailView.swift */; };
		5C1DBDA42D1000F10050B4DF /* CardSide.swift in Sources */ = {isa = PBXBuildFile; fileRef = 5C1DBDA32D1000EF0050B4DF /* CardSide.swift */; };
		5C4A271B2D04DC08009ECECE /* AppDestination.swift in Sources */ = {isa = PBXBuildFile; fileRef = 5C4A271A2D04DC01009ECECE /* AppDestination.swift */; };
		5C5913BB2D126EED0011C90D /* FlowLayout.swift in Sources */ = {isa = PBXBuildFile; fileRef = 5C5913BA2D126EEA0011C90D /* FlowLayout.swift */; };
		5C5913BD2D126F220011C90D /* CardImageSection.swift in Sources */ = {isa = PBXBuildFile; fileRef = 5C5913BC2D126F1F0011C90D /* CardImageSection.swift */; };
		5C665F562CF9591E00838F37 /* FavoriteButton.swift in Sources */ = {isa = PBXBuildFile; fileRef = 5C665F552CF9591A00838F37 /* FavoriteButton.swift */; };
		5C6676B02BC210F7002DD52E /* RetroviewApp.swift in Sources */ = {isa = PBXBuildFile; fileRef = 5C6676AF2BC210F7002DD52E /* RetroviewApp.swift */; };
		5C6676B42BC210F8002DD52E /* Assets.xcassets in Resources */ = {isa = PBXBuildFile; fileRef = 5C6676B32BC210F8002DD52E /* Assets.xcassets */; };
		5C6676B82BC210F8002DD52E /* Preview Assets.xcassets in Resources */ = {isa = PBXBuildFile; fileRef = 5C6676B72BC210F8002DD52E /* Preview Assets.xcassets */; };
		5C6676C22BC210F8002DD52E /* RetroviewTests.swift in Sources */ = {isa = PBXBuildFile; fileRef = 5C6676C12BC210F8002DD52E /* RetroviewTests.swift */; };
		5C6676CC2BC210F9002DD52E /* RetroviewUITests.swift in Sources */ = {isa = PBXBuildFile; fileRef = 5C6676CB2BC210F9002DD52E /* RetroviewUITests.swift */; };
		5C6676CE2BC210F9002DD52E /* RetroviewUITestsLaunchTests.swift in Sources */ = {isa = PBXBuildFile; fileRef = 5C6676CD2BC210F9002DD52E /* RetroviewUITestsLaunchTests.swift */; };
		5C6676DC2BC21881002DD52E /* StereoCard.swift in Sources */ = {isa = PBXBuildFile; fileRef = 5C6676DB2BC21881002DD52E /* StereoCard.swift */; };
		5C7639832D06B0BF0043EEFC /* MODSParsingService.swift in Sources */ = {isa = PBXBuildFile; fileRef = 5C7639822D06B0B80043EEFC /* MODSParsingService.swift */; };
		5C7EA0F22CC5C631002FC3D2 /* StereoViewer in Frameworks */ = {isa = PBXBuildFile; productRef = 5C7EA0F12CC5C631002FC3D2 /* StereoViewer */; };
		5C80F6A22D13EFE300C58E7D /* CardImageManager.swift in Sources */ = {isa = PBXBuildFile; fileRef = 5C80F6A12D13EFDE00C58E7D /* CardImageManager.swift */; };
		5C80F6A42D13F02E00C58E7D /* ImagePreloadService.swift in Sources */ = {isa = PBXBuildFile; fileRef = 5C80F6A32D13F02900C58E7D /* ImagePreloadService.swift */; };
		5C80F6A62D150A8500C58E7D /* ThumbnailOverlay.swift in Sources */ = {isa = PBXBuildFile; fileRef = 5C80F6A52D150A8000C58E7D /* ThumbnailOverlay.swift */; };
		5C80F6A82D150AA700C58E7D /* CollectionMenuButton.swift in Sources */ = {isa = PBXBuildFile; fileRef = 5C80F6A72D150AA200C58E7D /* CollectionMenuButton.swift */; };
		5C80F6AA2D150ABF00C58E7D /* NewCollectionSheet.swift in Sources */ = {isa = PBXBuildFile; fileRef = 5C80F6A92D150ABB00C58E7D /* NewCollectionSheet.swift */; };
		5C80F6AC2D169BBB00C58E7D /* CardGridView.swift in Sources */ = {isa = PBXBuildFile; fileRef = 5C80F6AB2D169BB600C58E7D /* CardGridView.swift */; };
		5C80F6AE2D169C6200C58E7D /* CollectionView.swift in Sources */ = {isa = PBXBuildFile; fileRef = 5C80F6AD2D169C5F00C58E7D /* CollectionView.swift */; };
		5C80F6B02D169C8A00C58E7D /* MainView.swift in Sources */ = {isa = PBXBuildFile; fileRef = 5C80F6AF2D169C8700C58E7D /* MainView.swift */; };
		5C80F6B22D169CA100C58E7D /* SidebarView.swift in Sources */ = {isa = PBXBuildFile; fileRef = 5C80F6B12D169C9B00C58E7D /* SidebarView.swift */; };
		5C80F6B42D169D4800C58E7D /* SelectableThumbnailView.swift in Sources */ = {isa = PBXBuildFile; fileRef = 5C80F6B32D169D4000C58E7D /* SelectableThumbnailView.swift */; };
		5C80F6B62D16A6AE00C58E7D /* DatabaseImportProgress.swift in Sources */ = {isa = PBXBuildFile; fileRef = 5C80F6B52D16A6A800C58E7D /* DatabaseImportProgress.swift */; };
		5C80F6B82D176FF100C58E7D /* ModelPredicates.swift in Sources */ = {isa = PBXBuildFile; fileRef = 5C80F6B72D176FE900C58E7D /* ModelPredicates.swift */; };
		5C8F16462CFD44D500CB77F0 /* StereoSpatialViewer.swift in Sources */ = {isa = PBXBuildFile; fileRef = 5C8F16452CFD44CA00CB77F0 /* StereoSpatialViewer.swift */; };
		5C8F16482CFD465300CB77F0 /* CenteredThumbnailStrip.swift in Sources */ = {isa = PBXBuildFile; fileRef = 5C8F16472CFD464D00CB77F0 /* CenteredThumbnailStrip.swift */; };
		5CC5A5C32BD471D0005811DA /* Title.swift in Sources */ = {isa = PBXBuildFile; fileRef = 5CC5A5C22BD471D0005811DA /* Title.swift */; };
		5CC5A5C52BD47622005811DA /* Author.swift in Sources */ = {isa = PBXBuildFile; fileRef = 5CC5A5C42BD47622005811DA /* Author.swift */; };
		5CC5A5C72BD478CE005811DA /* Subject.swift in Sources */ = {isa = PBXBuildFile; fileRef = 5CC5A5C62BD478CE005811DA /* Subject.swift */; };
		5CC5A5C92BD47ABA005811DA /* Date.swift in Sources */ = {isa = PBXBuildFile; fileRef = 5CC5A5C82BD47ABA005811DA /* Date.swift */; };
		5CCB4C132D10F8B400FD4005 /* ImageQuality.swift in Sources */ = {isa = PBXBuildFile; fileRef = 5CCB4C122D10F8AC00FD4005 /* ImageQuality.swift */; };
		5CCDA5772CE196BA00CA97AE /* StereoMaterialLoader.swift in Sources */ = {isa = PBXBuildFile; fileRef = 5CCDA5762CE196A600CA97AE /* StereoMaterialLoader.swift */; };
		5CCFB16E2CFD5AFC00E5633E /* StyleStereoView.swift in Sources */ = {isa = PBXBuildFile; fileRef = 5CCFB16D2CFD5AF600E5633E /* StyleStereoView.swift */; };
		5CD075962BD60B3E002B463C /* Crop.swift in Sources */ = {isa = PBXBuildFile; fileRef = 5CD075952BD60B3E002B463C /* Crop.swift */; };
		5CD5770F2D0D2D89002FA8DB /* Array+Unique.swift in Sources */ = {isa = PBXBuildFile; fileRef = 5CD5770E2D0D2D83002FA8DB /* Array+Unique.swift */; };
		5CD577112D0E36B4002FA8DB /* Array+StringNormalization.swift in Sources */ = {isa = PBXBuildFile; fileRef = 5CD577102D0E36AB002FA8DB /* Array+StringNormalization.swift */; };
		5CD577132D0E39AE002FA8DB /* Array+StringNormalizationTests.swift in Sources */ = {isa = PBXBuildFile; fileRef = 5CD577122D0E39A1002FA8DB /* Array+StringNormalizationTests.swift */; };
		5CD577152D0E5BE6002FA8DB /* ImportLogger.swift in Sources */ = {isa = PBXBuildFile; fileRef = 5CD577142D0E5BDF002FA8DB /* ImportLogger.swift */; };
		5CD577192D0E7528002FA8DB /* DatabaseExportService.swift in Sources */ = {isa = PBXBuildFile; fileRef = 5CD577182D0E7522002FA8DB /* DatabaseExportService.swift */; };
		5CD5771B2D0E7544002FA8DB /* DatabaseTransferView.swift in Sources */ = {isa = PBXBuildFile; fileRef = 5CD5771A2D0E753E002FA8DB /* DatabaseTransferView.swift */; };
		5CD5771F2D0E76F0002FA8DB /* DatabaseTransferTypes.swift in Sources */ = {isa = PBXBuildFile; fileRef = 5CD5771E2D0E76E7002FA8DB /* DatabaseTransferTypes.swift */; };
		5CD577212D0E79AB002FA8DB /* DatabaseTransferManager.swift in Sources */ = {isa = PBXBuildFile; fileRef = 5CD577202D0E79A5002FA8DB /* DatabaseTransferManager.swift */; };
		5CD577232D0E8448002FA8DB /* DatabaseTransferButton.swift in Sources */ = {isa = PBXBuildFile; fileRef = 5CD577222D0E8442002FA8DB /* DatabaseTransferButton.swift */; };
		5CD577252D0E891B002FA8DB /* UniformTypeIdentifiers.swift in Sources */ = {isa = PBXBuildFile; fileRef = 5CD577242D0E8913002FA8DB /* UniformTypeIdentifiers.swift */; };
		5CD577272D0E90E9002FA8DB /* PlatformFileHandler.swift in Sources */ = {isa = PBXBuildFile; fileRef = 5CD577262D0E90E4002FA8DB /* PlatformFileHandler.swift */; };
		5CD5772B2D0EA904002FA8DB /* CropImportTypes.swift in Sources */ = {isa = PBXBuildFile; fileRef = 5CD5772A2D0EA8FF002FA8DB /* CropImportTypes.swift */; };
		5CD577332D0EAEDB002FA8DB /* ImportType.swift in Sources */ = {isa = PBXBuildFile; fileRef = 5CD577322D0EAED7002FA8DB /* ImportType.swift */; };
		5CD577352D0EAEF1002FA8DB /* CropUpdateService.swift in Sources */ = {isa = PBXBuildFile; fileRef = 5CD577342D0EAEED002FA8DB /* CropUpdateService.swift */; };
		5CDEFC252CE04E4C0046FD60 /* StereoViewer in Frameworks */ = {isa = PBXBuildFile; productRef = 5CDEFC242CE04E4C0046FD60 /* StereoViewer */; };
		5CE7849A2CEC46F5000F3D71 /* StereoCardImageView.swift in Sources */ = {isa = PBXBuildFile; fileRef = 5CE784992CEC46EB000F3D71 /* StereoCardImageView.swift */; };
		5CEFA7672CFA7F5100D410EA /* DebugMenu.swift in Sources */ = {isa = PBXBuildFile; fileRef = 5CEFA7662CFA7F4A00D410EA /* DebugMenu.swift */; };
		5CEFA7732CFA96FF00D410EA /* PlatformModifiers.swift in Sources */ = {isa = PBXBuildFile; fileRef = 5CEFA7722CFA96F600D410EA /* PlatformModifiers.swift */; };
/* End PBXBuildFile section */

/* Begin PBXContainerItemProxy section */
		5C6676BE2BC210F8002DD52E /* PBXContainerItemProxy */ = {
			isa = PBXContainerItemProxy;
			containerPortal = 5C6676A42BC210F7002DD52E /* Project object */;
			proxyType = 1;
			remoteGlobalIDString = 5C6676AB2BC210F7002DD52E;
			remoteInfo = Retroview;
		};
		5C6676C82BC210F9002DD52E /* PBXContainerItemProxy */ = {
			isa = PBXContainerItemProxy;
			containerPortal = 5C6676A42BC210F7002DD52E /* Project object */;
			proxyType = 1;
			remoteGlobalIDString = 5C6676AB2BC210F7002DD52E;
			remoteInfo = Retroview;
		};
/* End PBXContainerItemProxy section */

/* Begin PBXCopyFilesBuildPhase section */
		5CD600162C054C18008732E8 /* CopyFiles */ = {
			isa = PBXCopyFilesBuildPhase;
			buildActionMask = 2147483647;
			dstPath = /usr/share/man/man1/;
			dstSubfolderSpec = 0;
			files = (
			);
			runOnlyForDeploymentPostprocessing = 1;
		};
/* End PBXCopyFilesBuildPhase section */

/* Begin PBXFileReference section */
		5C02AF332D02BC1100D629A2 /* SpatialBrowserContainer.swift */ = {isa = PBXFileReference; lastKnownFileType = sourcecode.swift; path = SpatialBrowserContainer.swift; sourceTree = "<group>"; };
		5C120FA72CFD60B1000B7184 /* StereoBrowser.swift */ = {isa = PBXFileReference; lastKnownFileType = sourcecode.swift; path = StereoBrowser.swift; sourceTree = "<group>"; };
		5C1454112CF5760300D5C232 /* StereoViewCoordinator.swift */ = {isa = PBXFileReference; lastKnownFileType = sourcecode.swift; path = StereoViewCoordinator.swift; sourceTree = "<group>"; };
		5C1454332CF7A63600D5C232 /* CardColorAnalyzer.swift */ = {isa = PBXFileReference; lastKnownFileType = sourcecode.swift; path = CardColorAnalyzer.swift; sourceTree = "<group>"; };
		5C14543B2CF7FF8800D5C232 /* ColorUtility.swift */ = {isa = PBXFileReference; lastKnownFileType = sourcecode.swift; path = ColorUtility.swift; sourceTree = "<group>"; };
		5C1454412CF816D100D5C232 /* JSONStructures.swift */ = {isa = PBXFileReference; lastKnownFileType = sourcecode.swift; path = JSONStructures.swift; sourceTree = "<group>"; };
		5C1454432CF816EF00D5C232 /* ImportService.swift */ = {isa = PBXFileReference; lastKnownFileType = sourcecode.swift; path = ImportService.swift; sourceTree = "<group>"; };
		5C1454452CF8172900D5C232 /* BatchImportService.swift */ = {isa = PBXFileReference; lastKnownFileType = sourcecode.swift; path = BatchImportService.swift; sourceTree = "<group>"; };
		5C1454472CF8174700D5C232 /* ImportView.swift */ = {isa = PBXFileReference; lastKnownFileType = sourcecode.swift; path = ImportView.swift; sourceTree = "<group>"; };
		5C14544E2CF849D700D5C232 /* Collection.swift */ = {isa = PBXFileReference; lastKnownFileType = sourcecode.swift; path = Collection.swift; sourceTree = "<group>"; };
		5C14545A2CF93F2A00D5C232 /* CollectionDefaults.swift */ = {isa = PBXFileReference; lastKnownFileType = sourcecode.swift; path = CollectionDefaults.swift; sourceTree = "<group>"; };
		5C19F16A2CC5B98E00BD7A2A /* StereoView.swift */ = {isa = PBXFileReference; lastKnownFileType = sourcecode.swift; path = StereoView.swift; sourceTree = "<group>"; };
		5C1DBD882D0FAD250050B4DF /* LibraryGridView.swift */ = {isa = PBXFileReference; lastKnownFileType = sourcecode.swift; path = LibraryGridView.swift; sourceTree = "<group>"; };
		5C1DBD902D0FB0AD0050B4DF /* StoreUtility.swift */ = {isa = PBXFileReference; lastKnownFileType = sourcecode.swift; path = StoreUtility.swift; sourceTree = "<group>"; };
		5C1DBD922D0FB7510050B4DF /* PreviewStoreManager.swift */ = {isa = PBXFileReference; lastKnownFileType = sourcecode.swift; path = PreviewStoreManager.swift; sourceTree = "<group>"; };
		5C1DBD962D0FB8DE0050B4DF /* StoreDebugMenu.swift */ = {isa = PBXFileReference; lastKnownFileType = sourcecode.swift; path = StoreDebugMenu.swift; sourceTree = "<group>"; };
		5C1DBD982D0FEE8E0050B4DF /* CardDetailView.swift */ = {isa = PBXFileReference; lastKnownFileType = sourcecode.swift; path = CardDetailView.swift; sourceTree = "<group>"; };
		5C1DBD9D2D0FF6BD0050B4DF /* ThumbnailView.swift */ = {isa = PBXFileReference; lastKnownFileType = sourcecode.swift; path = ThumbnailView.swift; sourceTree = "<group>"; };
		5C1DBDA32D1000EF0050B4DF /* CardSide.swift */ = {isa = PBXFileReference; lastKnownFileType = sourcecode.swift; path = CardSide.swift; sourceTree = "<group>"; };
		5C267EBA2CE3209600AE3493 /* Info.plist */ = {isa = PBXFileReference; lastKnownFileType = text.plist; path = Info.plist; sourceTree = "<group>"; };
		5C4A271A2D04DC01009ECECE /* AppDestination.swift */ = {isa = PBXFileReference; lastKnownFileType = sourcecode.swift; path = AppDestination.swift; sourceTree = "<group>"; };
		5C5913BA2D126EEA0011C90D /* FlowLayout.swift */ = {isa = PBXFileReference; lastKnownFileType = sourcecode.swift; path = FlowLayout.swift; sourceTree = "<group>"; };
		5C5913BC2D126F1F0011C90D /* CardImageSection.swift */ = {isa = PBXFileReference; lastKnownFileType = sourcecode.swift; path = CardImageSection.swift; sourceTree = "<group>"; };
		5C665F552CF9591A00838F37 /* FavoriteButton.swift */ = {isa = PBXFileReference; lastKnownFileType = sourcecode.swift; path = FavoriteButton.swift; sourceTree = "<group>"; };
		5C6676AC2BC210F7002DD52E /* Retroview.app */ = {isa = PBXFileReference; explicitFileType = wrapper.application; includeInIndex = 0; path = Retroview.app; sourceTree = BUILT_PRODUCTS_DIR; };
		5C6676AF2BC210F7002DD52E /* RetroviewApp.swift */ = {isa = PBXFileReference; lastKnownFileType = sourcecode.swift; path = RetroviewApp.swift; sourceTree = "<group>"; };
		5C6676B32BC210F8002DD52E /* Assets.xcassets */ = {isa = PBXFileReference; lastKnownFileType = folder.assetcatalog; path = Assets.xcassets; sourceTree = "<group>"; };
		5C6676B52BC210F8002DD52E /* Retroview.entitlements */ = {isa = PBXFileReference; lastKnownFileType = text.plist.entitlements; path = Retroview.entitlements; sourceTree = "<group>"; };
		5C6676B72BC210F8002DD52E /* Preview Assets.xcassets */ = {isa = PBXFileReference; lastKnownFileType = folder.assetcatalog; path = "Preview Assets.xcassets"; sourceTree = "<group>"; };
		5C6676BD2BC210F8002DD52E /* RetroviewTests.xctest */ = {isa = PBXFileReference; explicitFileType = wrapper.cfbundle; includeInIndex = 0; path = RetroviewTests.xctest; sourceTree = BUILT_PRODUCTS_DIR; };
		5C6676C12BC210F8002DD52E /* RetroviewTests.swift */ = {isa = PBXFileReference; lastKnownFileType = sourcecode.swift; path = RetroviewTests.swift; sourceTree = "<group>"; };
		5C6676C72BC210F9002DD52E /* RetroviewUITests.xctest */ = {isa = PBXFileReference; explicitFileType = wrapper.cfbundle; includeInIndex = 0; path = RetroviewUITests.xctest; sourceTree = BUILT_PRODUCTS_DIR; };
		5C6676CB2BC210F9002DD52E /* RetroviewUITests.swift */ = {isa = PBXFileReference; lastKnownFileType = sourcecode.swift; path = RetroviewUITests.swift; sourceTree = "<group>"; };
		5C6676CD2BC210F9002DD52E /* RetroviewUITestsLaunchTests.swift */ = {isa = PBXFileReference; lastKnownFileType = sourcecode.swift; path = RetroviewUITestsLaunchTests.swift; sourceTree = "<group>"; };
		5C6676DA2BC215C7002DD52E /* .gitignore */ = {isa = PBXFileReference; lastKnownFileType = text; path = .gitignore; sourceTree = "<group>"; };
		5C6676DB2BC21881002DD52E /* StereoCard.swift */ = {isa = PBXFileReference; lastKnownFileType = sourcecode.swift; path = StereoCard.swift; sourceTree = "<group>"; };
		5C7639822D06B0B80043EEFC /* MODSParsingService.swift */ = {isa = PBXFileReference; lastKnownFileType = sourcecode.swift; path = MODSParsingService.swift; sourceTree = "<group>"; };
		5C80F6A12D13EFDE00C58E7D /* CardImageManager.swift */ = {isa = PBXFileReference; lastKnownFileType = sourcecode.swift; path = CardImageManager.swift; sourceTree = "<group>"; };
		5C80F6A32D13F02900C58E7D /* ImagePreloadService.swift */ = {isa = PBXFileReference; lastKnownFileType = sourcecode.swift; path = ImagePreloadService.swift; sourceTree = "<group>"; };
		5C80F6A52D150A8000C58E7D /* ThumbnailOverlay.swift */ = {isa = PBXFileReference; lastKnownFileType = sourcecode.swift; path = ThumbnailOverlay.swift; sourceTree = "<group>"; };
		5C80F6A72D150AA200C58E7D /* CollectionMenuButton.swift */ = {isa = PBXFileReference; lastKnownFileType = sourcecode.swift; path = CollectionMenuButton.swift; sourceTree = "<group>"; };
		5C80F6A92D150ABB00C58E7D /* NewCollectionSheet.swift */ = {isa = PBXFileReference; lastKnownFileType = sourcecode.swift; path = NewCollectionSheet.swift; sourceTree = "<group>"; };
		5C80F6AB2D169BB600C58E7D /* CardGridView.swift */ = {isa = PBXFileReference; lastKnownFileType = sourcecode.swift; path = CardGridView.swift; sourceTree = "<group>"; };
		5C80F6AD2D169C5F00C58E7D /* CollectionView.swift */ = {isa = PBXFileReference; lastKnownFileType = sourcecode.swift; path = CollectionView.swift; sourceTree = "<group>"; };
		5C80F6AF2D169C8700C58E7D /* MainView.swift */ = {isa = PBXFileReference; lastKnownFileType = sourcecode.swift; path = MainView.swift; sourceTree = "<group>"; };
		5C80F6B12D169C9B00C58E7D /* SidebarView.swift */ = {isa = PBXFileReference; lastKnownFileType = sourcecode.swift; path = SidebarView.swift; sourceTree = "<group>"; };
		5C80F6B32D169D4000C58E7D /* SelectableThumbnailView.swift */ = {isa = PBXFileReference; lastKnownFileType = sourcecode.swift; path = SelectableThumbnailView.swift; sourceTree = "<group>"; };
		5C80F6B52D16A6A800C58E7D /* DatabaseImportProgress.swift */ = {isa = PBXFileReference; lastKnownFileType = sourcecode.swift; path = DatabaseImportProgress.swift; sourceTree = "<group>"; };
		5C80F6B72D176FE900C58E7D /* ModelPredicates.swift */ = {isa = PBXFileReference; lastKnownFileType = sourcecode.swift; path = ModelPredicates.swift; sourceTree = "<group>"; };
		5C8F16452CFD44CA00CB77F0 /* StereoSpatialViewer.swift */ = {isa = PBXFileReference; lastKnownFileType = sourcecode.swift; path = StereoSpatialViewer.swift; sourceTree = "<group>"; };
		5C8F16472CFD464D00CB77F0 /* CenteredThumbnailStrip.swift */ = {isa = PBXFileReference; lastKnownFileType = sourcecode.swift; path = CenteredThumbnailStrip.swift; sourceTree = "<group>"; };
		5CC5A5C22BD471D0005811DA /* Title.swift */ = {isa = PBXFileReference; lastKnownFileType = sourcecode.swift; path = Title.swift; sourceTree = "<group>"; };
		5CC5A5C42BD47622005811DA /* Author.swift */ = {isa = PBXFileReference; lastKnownFileType = sourcecode.swift; path = Author.swift; sourceTree = "<group>"; };
		5CC5A5C62BD478CE005811DA /* Subject.swift */ = {isa = PBXFileReference; lastKnownFileType = sourcecode.swift; path = Subject.swift; sourceTree = "<group>"; };
		5CC5A5C82BD47ABA005811DA /* Date.swift */ = {isa = PBXFileReference; lastKnownFileType = sourcecode.swift; path = Date.swift; sourceTree = "<group>"; };
		5CCB4C122D10F8AC00FD4005 /* ImageQuality.swift */ = {isa = PBXFileReference; lastKnownFileType = sourcecode.swift; path = ImageQuality.swift; sourceTree = "<group>"; };
		5CCDA5762CE196A600CA97AE /* StereoMaterialLoader.swift */ = {isa = PBXFileReference; lastKnownFileType = sourcecode.swift; path = StereoMaterialLoader.swift; sourceTree = "<group>"; };
		5CCFB16D2CFD5AF600E5633E /* StyleStereoView.swift */ = {isa = PBXFileReference; lastKnownFileType = sourcecode.swift; path = StyleStereoView.swift; sourceTree = "<group>"; };
		5CD075952BD60B3E002B463C /* Crop.swift */ = {isa = PBXFileReference; lastKnownFileType = sourcecode.swift; path = Crop.swift; sourceTree = "<group>"; };
		5CD5770E2D0D2D83002FA8DB /* Array+Unique.swift */ = {isa = PBXFileReference; lastKnownFileType = sourcecode.swift; path = "Array+Unique.swift"; sourceTree = "<group>"; };
		5CD577102D0E36AB002FA8DB /* Array+StringNormalization.swift */ = {isa = PBXFileReference; lastKnownFileType = sourcecode.swift; path = "Array+StringNormalization.swift"; sourceTree = "<group>"; };
		5CD577122D0E39A1002FA8DB /* Array+StringNormalizationTests.swift */ = {isa = PBXFileReference; lastKnownFileType = sourcecode.swift; path = "Array+StringNormalizationTests.swift"; sourceTree = "<group>"; };
		5CD577142D0E5BDF002FA8DB /* ImportLogger.swift */ = {isa = PBXFileReference; lastKnownFileType = sourcecode.swift; path = ImportLogger.swift; sourceTree = "<group>"; };
		5CD577182D0E7522002FA8DB /* DatabaseExportService.swift */ = {isa = PBXFileReference; lastKnownFileType = sourcecode.swift; path = DatabaseExportService.swift; sourceTree = "<group>"; };
		5CD5771A2D0E753E002FA8DB /* DatabaseTransferView.swift */ = {isa = PBXFileReference; lastKnownFileType = sourcecode.swift; path = DatabaseTransferView.swift; sourceTree = "<group>"; };
		5CD5771E2D0E76E7002FA8DB /* DatabaseTransferTypes.swift */ = {isa = PBXFileReference; lastKnownFileType = sourcecode.swift; path = DatabaseTransferTypes.swift; sourceTree = "<group>"; };
		5CD577202D0E79A5002FA8DB /* DatabaseTransferManager.swift */ = {isa = PBXFileReference; lastKnownFileType = sourcecode.swift; path = DatabaseTransferManager.swift; sourceTree = "<group>"; };
		5CD577222D0E8442002FA8DB /* DatabaseTransferButton.swift */ = {isa = PBXFileReference; lastKnownFileType = sourcecode.swift; path = DatabaseTransferButton.swift; sourceTree = "<group>"; };
		5CD577242D0E8913002FA8DB /* UniformTypeIdentifiers.swift */ = {isa = PBXFileReference; lastKnownFileType = sourcecode.swift; path = UniformTypeIdentifiers.swift; sourceTree = "<group>"; };
		5CD577262D0E90E4002FA8DB /* PlatformFileHandler.swift */ = {isa = PBXFileReference; lastKnownFileType = sourcecode.swift; path = PlatformFileHandler.swift; sourceTree = "<group>"; };
		5CD5772A2D0EA8FF002FA8DB /* CropImportTypes.swift */ = {isa = PBXFileReference; lastKnownFileType = sourcecode.swift; path = CropImportTypes.swift; sourceTree = "<group>"; };
		5CD577322D0EAED7002FA8DB /* ImportType.swift */ = {isa = PBXFileReference; lastKnownFileType = sourcecode.swift; path = ImportType.swift; sourceTree = "<group>"; };
		5CD577342D0EAEED002FA8DB /* CropUpdateService.swift */ = {isa = PBXFileReference; lastKnownFileType = sourcecode.swift; path = CropUpdateService.swift; sourceTree = "<group>"; };
		5CD600182C054C18008732E8 /* CardLoader */ = {isa = PBXFileReference; explicitFileType = "compiled.mach-o.executable"; includeInIndex = 0; path = CardLoader; sourceTree = BUILT_PRODUCTS_DIR; };
		5CE784992CEC46EB000F3D71 /* StereoCardImageView.swift */ = {isa = PBXFileReference; lastKnownFileType = sourcecode.swift; path = StereoCardImageView.swift; sourceTree = "<group>"; };
		5CEFA7662CFA7F4A00D410EA /* DebugMenu.swift */ = {isa = PBXFileReference; lastKnownFileType = sourcecode.swift; path = DebugMenu.swift; sourceTree = "<group>"; };
		5CEFA7722CFA96F600D410EA /* PlatformModifiers.swift */ = {isa = PBXFileReference; lastKnownFileType = sourcecode.swift; path = PlatformModifiers.swift; sourceTree = "<group>"; };
/* End PBXFileReference section */

/* Begin PBXFrameworksBuildPhase section */
		5C6676A92BC210F7002DD52E /* Frameworks */ = {
			isa = PBXFrameworksBuildPhase;
			buildActionMask = 2147483647;
			files = (
				5CDEFC252CE04E4C0046FD60 /* StereoViewer in Frameworks */,
				5C7EA0F22CC5C631002FC3D2 /* StereoViewer in Frameworks */,
			);
			runOnlyForDeploymentPostprocessing = 0;
		};
		5C6676BA2BC210F8002DD52E /* Frameworks */ = {
			isa = PBXFrameworksBuildPhase;
			buildActionMask = 2147483647;
			files = (
			);
			runOnlyForDeploymentPostprocessing = 0;
		};
		5C6676C42BC210F9002DD52E /* Frameworks */ = {
			isa = PBXFrameworksBuildPhase;
			buildActionMask = 2147483647;
			files = (
			);
			runOnlyForDeploymentPostprocessing = 0;
		};
		5CD600152C054C18008732E8 /* Frameworks */ = {
			isa = PBXFrameworksBuildPhase;
			buildActionMask = 2147483647;
			files = (
			);
			runOnlyForDeploymentPostprocessing = 0;
		};
/* End PBXFrameworksBuildPhase section */

/* Begin PBXGroup section */
		5C1454322CF7A61400D5C232 /* Utilities */ = {
			isa = PBXGroup;
			children = (
				5CD577102D0E36AB002FA8DB /* Array+StringNormalization.swift */,
				5CD5770E2D0D2D83002FA8DB /* Array+Unique.swift */,
				5C1454332CF7A63600D5C232 /* CardColorAnalyzer.swift */,
				5C14543B2CF7FF8800D5C232 /* ColorUtility.swift */,
				5CD577142D0E5BDF002FA8DB /* ImportLogger.swift */,
				5C80F6B72D176FE900C58E7D /* ModelPredicates.swift */,
				5CD577262D0E90E4002FA8DB /* PlatformFileHandler.swift */,
				5CEFA7722CFA96F600D410EA /* PlatformModifiers.swift */,
				5CCDA5762CE196A600CA97AE /* StereoMaterialLoader.swift */,
				5C1454112CF5760300D5C232 /* StereoViewCoordinator.swift */,
				5C1DBD902D0FB0AD0050B4DF /* StoreUtility.swift */,
				5CD577242D0E8913002FA8DB /* UniformTypeIdentifiers.swift */,
			);
			path = Utilities;
			sourceTree = "<group>";
		};
		5C4A271E2D04E954009ECECE /* Services */ = {
			isa = PBXGroup;
			children = (
				5C1454452CF8172900D5C232 /* BatchImportService.swift */,
				5C80F6A12D13EFDE00C58E7D /* CardImageManager.swift */,
				5CD577342D0EAEED002FA8DB /* CropUpdateService.swift */,
				5CD577182D0E7522002FA8DB /* DatabaseExportService.swift */,
				5CD577202D0E79A5002FA8DB /* DatabaseTransferManager.swift */,
				5C80F6A32D13F02900C58E7D /* ImagePreloadService.swift */,
				5C1454432CF816EF00D5C232 /* ImportService.swift */,
				5C7639822D06B0B80043EEFC /* MODSParsingService.swift */,
			);
			path = Services;
			sourceTree = "<group>";
		};
		5C6676A32BC210F7002DD52E = {
			isa = PBXGroup;
			children = (
				5C6676DA2BC215C7002DD52E /* .gitignore */,
				5C6676AE2BC210F7002DD52E /* Retroview */,
				5C6676C02BC210F8002DD52E /* RetroviewTests */,
				5C6676CA2BC210F9002DD52E /* RetroviewUITests */,
				5C6676AD2BC210F7002DD52E /* Products */,
			);
			sourceTree = "<group>";
		};
		5C6676AD2BC210F7002DD52E /* Products */ = {
			isa = PBXGroup;
			children = (
				5C6676AC2BC210F7002DD52E /* Retroview.app */,
				5C6676BD2BC210F8002DD52E /* RetroviewTests.xctest */,
				5C6676C72BC210F9002DD52E /* RetroviewUITests.xctest */,
				5CD600182C054C18008732E8 /* CardLoader */,
			);
			name = Products;
			sourceTree = "<group>";
		};
		5C6676AE2BC210F7002DD52E /* Retroview */ = {
			isa = PBXGroup;
			children = (
				5C267EBA2CE3209600AE3493 /* Info.plist */,
				5C6676AF2BC210F7002DD52E /* RetroviewApp.swift */,
				5CC89F052BE835AF001ECF22 /* Preview Helpers */,
				5C1454322CF7A61400D5C232 /* Utilities */,
				5C4A271E2D04E954009ECECE /* Services */,
				5CD0759B2BDF29AB002B463C /* Screens */,
				5CB421B32BCCB9E20065C130 /* Views */,
				5CB421B42BCCB9EA0065C130 /* Models */,
				5C6676B32BC210F8002DD52E /* Assets.xcassets */,
				5C6676B52BC210F8002DD52E /* Retroview.entitlements */,
				5C6676B62BC210F8002DD52E /* Preview Content */,
			);
			path = Retroview;
			sourceTree = "<group>";
		};
		5C6676B62BC210F8002DD52E /* Preview Content */ = {
			isa = PBXGroup;
			children = (
				5C6676B72BC210F8002DD52E /* Preview Assets.xcassets */,
			);
			path = "Preview Content";
			sourceTree = "<group>";
		};
		5C6676C02BC210F8002DD52E /* RetroviewTests */ = {
			isa = PBXGroup;
			children = (
				5CD577122D0E39A1002FA8DB /* Array+StringNormalizationTests.swift */,
				5C6676C12BC210F8002DD52E /* RetroviewTests.swift */,
			);
			path = RetroviewTests;
			sourceTree = "<group>";
		};
		5C6676CA2BC210F9002DD52E /* RetroviewUITests */ = {
			isa = PBXGroup;
			children = (
				5C6676CB2BC210F9002DD52E /* RetroviewUITests.swift */,
				5C6676CD2BC210F9002DD52E /* RetroviewUITestsLaunchTests.swift */,
			);
			path = RetroviewUITests;
			sourceTree = "<group>";
		};
		5C66C10A2CFD807800BA5AC1 /* VisionViews */ = {
			isa = PBXGroup;
			children = (
				5C19F16A2CC5B98E00BD7A2A /* StereoView.swift */,
				5C02AF332D02BC1100D629A2 /* SpatialBrowserContainer.swift */,
				5C120FA72CFD60B1000B7184 /* StereoBrowser.swift */,
				5CE784992CEC46EB000F3D71 /* StereoCardImageView.swift */,
				5C8F16452CFD44CA00CB77F0 /* StereoSpatialViewer.swift */,
				5CCFB16D2CFD5AF600E5633E /* StyleStereoView.swift */,
				5C8F16472CFD464D00CB77F0 /* CenteredThumbnailStrip.swift */,
			);
			path = VisionViews;
			sourceTree = "<group>";
		};
		5CB421B32BCCB9E20065C130 /* Views */ = {
			isa = PBXGroup;
			children = (
				5C1DBD982D0FEE8E0050B4DF /* CardDetailView.swift */,
				5C80F6AB2D169BB600C58E7D /* CardGridView.swift */,
				5C5913BC2D126F1F0011C90D /* CardImageSection.swift */,
				5C80F6AD2D169C5F00C58E7D /* CollectionView.swift */,
				5C80F6B52D16A6A800C58E7D /* DatabaseImportProgress.swift */,
				5CD577222D0E8442002FA8DB /* DatabaseTransferButton.swift */,
				5CD5771A2D0E753E002FA8DB /* DatabaseTransferView.swift */,
				5C5913BA2D126EEA0011C90D /* FlowLayout.swift */,
				5CCB4C122D10F8AC00FD4005 /* ImageQuality.swift */,
				5C1454472CF8174700D5C232 /* ImportView.swift */,
				5C1DBD882D0FAD250050B4DF /* LibraryGridView.swift */,
				5C80F6AF2D169C8700C58E7D /* MainView.swift */,
				5C80F6B32D169D4000C58E7D /* SelectableThumbnailView.swift */,
				5C80F6B12D169C9B00C58E7D /* SidebarView.swift */,
				5C80F6A52D150A8000C58E7D /* ThumbnailOverlay.swift */,
				5C1DBD9D2D0FF6BD0050B4DF /* ThumbnailView.swift */,
				5C66C10A2CFD807800BA5AC1 /* VisionViews */,
			);
			path = Views;
			sourceTree = "<group>";
		};
		5CB421B42BCCB9EA0065C130 /* Models */ = {
			isa = PBXGroup;
			children = (
				5CC5A5C42BD47622005811DA /* Author.swift */,
				5C1DBDA32D1000EF0050B4DF /* CardSide.swift */,
				5C14544E2CF849D700D5C232 /* Collection.swift */,
				5CD075952BD60B3E002B463C /* Crop.swift */,
				5CD5772A2D0EA8FF002FA8DB /* CropImportTypes.swift */,
				5CD5771E2D0E76E7002FA8DB /* DatabaseTransferTypes.swift */,
				5CC5A5C82BD47ABA005811DA /* Date.swift */,
				5CD577322D0EAED7002FA8DB /* ImportType.swift */,
				5C1454412CF816D100D5C232 /* JSONStructures.swift */,
				5C6676DB2BC21881002DD52E /* StereoCard.swift */,
				5CC5A5C62BD478CE005811DA /* Subject.swift */,
				5CC5A5C22BD471D0005811DA /* Title.swift */,
			);
			path = Models;
			sourceTree = "<group>";
		};
		5CC89F052BE835AF001ECF22 /* Preview Helpers */ = {
			isa = PBXGroup;
			children = (
				5C1DBD962D0FB8DE0050B4DF /* StoreDebugMenu.swift */,
				5C1DBD922D0FB7510050B4DF /* PreviewStoreManager.swift */,
			);
			path = "Preview Helpers";
			sourceTree = "<group>";
		};
		5CD0759B2BDF29AB002B463C /* Screens */ = {
			isa = PBXGroup;
			children = (
				5C4A271A2D04DC01009ECECE /* AppDestination.swift */,
				5C14545A2CF93F2A00D5C232 /* CollectionDefaults.swift */,
				5C80F6A72D150AA200C58E7D /* CollectionMenuButton.swift */,
				5CEFA7662CFA7F4A00D410EA /* DebugMenu.swift */,
				5C665F552CF9591A00838F37 /* FavoriteButton.swift */,
				5C80F6A92D150ABB00C58E7D /* NewCollectionSheet.swift */,
			);
			path = Screens;
			sourceTree = "<group>";
		};
/* End PBXGroup section */

/* Begin PBXNativeTarget section */
		5C6676AB2BC210F7002DD52E /* Retroview */ = {
			isa = PBXNativeTarget;
			buildConfigurationList = 5C6676D12BC210F9002DD52E /* Build configuration list for PBXNativeTarget "Retroview" */;
			buildPhases = (
				5C6676A82BC210F7002DD52E /* Sources */,
				5C6676A92BC210F7002DD52E /* Frameworks */,
				5C6676AA2BC210F7002DD52E /* Resources */,
			);
			buildRules = (
			);
			dependencies = (
			);
			name = Retroview;
			productName = Retroview;
			productReference = 5C6676AC2BC210F7002DD52E /* Retroview.app */;
			productType = "com.apple.product-type.application";
		};
		5C6676BC2BC210F8002DD52E /* RetroviewTests */ = {
			isa = PBXNativeTarget;
			buildConfigurationList = 5C6676D42BC210F9002DD52E /* Build configuration list for PBXNativeTarget "RetroviewTests" */;
			buildPhases = (
				5C6676B92BC210F8002DD52E /* Sources */,
				5C6676BA2BC210F8002DD52E /* Frameworks */,
				5C6676BB2BC210F8002DD52E /* Resources */,
			);
			buildRules = (
			);
			dependencies = (
				5C6676BF2BC210F8002DD52E /* PBXTargetDependency */,
			);
			name = RetroviewTests;
			productName = RetroviewTests;
			productReference = 5C6676BD2BC210F8002DD52E /* RetroviewTests.xctest */;
			productType = "com.apple.product-type.bundle.unit-test";
		};
		5C6676C62BC210F9002DD52E /* RetroviewUITests */ = {
			isa = PBXNativeTarget;
			buildConfigurationList = 5C6676D72BC210F9002DD52E /* Build configuration list for PBXNativeTarget "RetroviewUITests" */;
			buildPhases = (
				5C6676C32BC210F9002DD52E /* Sources */,
				5C6676C42BC210F9002DD52E /* Frameworks */,
				5C6676C52BC210F9002DD52E /* Resources */,
			);
			buildRules = (
			);
			dependencies = (
				5C6676C92BC210F9002DD52E /* PBXTargetDependency */,
			);
			name = RetroviewUITests;
			productName = RetroviewUITests;
			productReference = 5C6676C72BC210F9002DD52E /* RetroviewUITests.xctest */;
			productType = "com.apple.product-type.bundle.ui-testing";
		};
		5CD600172C054C18008732E8 /* CardLoader */ = {
			isa = PBXNativeTarget;
			buildConfigurationList = 5CD6001C2C054C18008732E8 /* Build configuration list for PBXNativeTarget "CardLoader" */;
			buildPhases = (
				5CD600142C054C18008732E8 /* Sources */,
				5CD600152C054C18008732E8 /* Frameworks */,
				5CD600162C054C18008732E8 /* CopyFiles */,
			);
			buildRules = (
			);
			dependencies = (
			);
			name = CardLoader;
			productName = CardLoader;
			productReference = 5CD600182C054C18008732E8 /* CardLoader */;
			productType = "com.apple.product-type.tool";
		};
/* End PBXNativeTarget section */

/* Begin PBXProject section */
		5C6676A42BC210F7002DD52E /* Project object */ = {
			isa = PBXProject;
			attributes = {
				BuildIndependentTargetsInParallel = 1;
				LastSwiftUpdateCheck = 1540;
				LastUpgradeCheck = 1600;
				TargetAttributes = {
					5C6676AB2BC210F7002DD52E = {
						CreatedOnToolsVersion = 15.3;
					};
					5C6676BC2BC210F8002DD52E = {
						CreatedOnToolsVersion = 15.3;
						TestTargetID = 5C6676AB2BC210F7002DD52E;
					};
					5C6676C62BC210F9002DD52E = {
						CreatedOnToolsVersion = 15.3;
						TestTargetID = 5C6676AB2BC210F7002DD52E;
					};
					5CD600172C054C18008732E8 = {
						CreatedOnToolsVersion = 15.4;
					};
				};
			};
			buildConfigurationList = 5C6676A72BC210F7002DD52E /* Build configuration list for PBXProject "Retroview" */;
			compatibilityVersion = "Xcode 14.0";
			developmentRegion = en;
			hasScannedForEncodings = 0;
			knownRegions = (
				en,
				Base,
			);
			mainGroup = 5C6676A32BC210F7002DD52E;
			packageReferences = (
				5CDEFC232CE04E4C0046FD60 /* XCLocalSwiftPackageReference "../StereoViewer" */,
			);
			productRefGroup = 5C6676AD2BC210F7002DD52E /* Products */;
			projectDirPath = "";
			projectRoot = "";
			targets = (
				5C6676AB2BC210F7002DD52E /* Retroview */,
				5C6676BC2BC210F8002DD52E /* RetroviewTests */,
				5C6676C62BC210F9002DD52E /* RetroviewUITests */,
				5CD600172C054C18008732E8 /* CardLoader */,
			);
		};
/* End PBXProject section */

/* Begin PBXResourcesBuildPhase section */
		5C6676AA2BC210F7002DD52E /* Resources */ = {
			isa = PBXResourcesBuildPhase;
			buildActionMask = 2147483647;
			files = (
				5C6676B82BC210F8002DD52E /* Preview Assets.xcassets in Resources */,
				5C6676B42BC210F8002DD52E /* Assets.xcassets in Resources */,
			);
			runOnlyForDeploymentPostprocessing = 0;
		};
		5C6676BB2BC210F8002DD52E /* Resources */ = {
			isa = PBXResourcesBuildPhase;
			buildActionMask = 2147483647;
			files = (
			);
			runOnlyForDeploymentPostprocessing = 0;
		};
		5C6676C52BC210F9002DD52E /* Resources */ = {
			isa = PBXResourcesBuildPhase;
			buildActionMask = 2147483647;
			files = (
			);
			runOnlyForDeploymentPostprocessing = 0;
		};
/* End PBXResourcesBuildPhase section */

/* Begin PBXSourcesBuildPhase section */
		5C6676A82BC210F7002DD52E /* Sources */ = {
			isa = PBXSourcesBuildPhase;
			buildActionMask = 2147483647;
			files = (
				5C1DBDA42D1000F10050B4DF /* CardSide.swift in Sources */,
				5C80F6B82D176FF100C58E7D /* ModelPredicates.swift in Sources */,
				5C8F16462CFD44D500CB77F0 /* StereoSpatialViewer.swift in Sources */,
				5C1454482CF8174C00D5C232 /* ImportView.swift in Sources */,
				5CD577352D0EAEF1002FA8DB /* CropUpdateService.swift in Sources */,
				5CCB4C132D10F8B400FD4005 /* ImageQuality.swift in Sources */,
				5C1454422CF816D500D5C232 /* JSONStructures.swift in Sources */,
				5C80F6AE2D169C6200C58E7D /* CollectionView.swift in Sources */,
				5C1DBD9E2D0FF6C20050B4DF /* ThumbnailView.swift in Sources */,
				5CD577152D0E5BE6002FA8DB /* ImportLogger.swift in Sources */,
				5C80F6B22D169CA100C58E7D /* SidebarView.swift in Sources */,
				5C14543C2CF7FF8B00D5C232 /* ColorUtility.swift in Sources */,
				5CE7849A2CEC46F5000F3D71 /* StereoCardImageView.swift in Sources */,
				5CEFA7732CFA96FF00D410EA /* PlatformModifiers.swift in Sources */,
				5C1DBD932D0FB7550050B4DF /* PreviewStoreManager.swift in Sources */,
				5CD577252D0E891B002FA8DB /* UniformTypeIdentifiers.swift in Sources */,
				5CCDA5772CE196BA00CA97AE /* StereoMaterialLoader.swift in Sources */,
				5C80F6A42D13F02E00C58E7D /* ImagePreloadService.swift in Sources */,
				5C80F6A62D150A8500C58E7D /* ThumbnailOverlay.swift in Sources */,
				5C1DBD892D0FAD290050B4DF /* LibraryGridView.swift in Sources */,
				5C1DBD912D0FB0B20050B4DF /* StoreUtility.swift in Sources */,
				5CD5772B2D0EA904002FA8DB /* CropImportTypes.swift in Sources */,
				5C1454172CF5760300D5C232 /* StereoViewCoordinator.swift in Sources */,
				5CD577192D0E7528002FA8DB /* DatabaseExportService.swift in Sources */,
				5C80F6A22D13EFE300C58E7D /* CardImageManager.swift in Sources */,
				5CC5A5C72BD478CE005811DA /* Subject.swift in Sources */,
				5C6676DC2BC21881002DD52E /* StereoCard.swift in Sources */,
				5CC5A5C32BD471D0005811DA /* Title.swift in Sources */,
				5C4A271B2D04DC08009ECECE /* AppDestination.swift in Sources */,
				5C80F6B62D16A6AE00C58E7D /* DatabaseImportProgress.swift in Sources */,
				5C19F16B2CC5B98E00BD7A2A /* StereoView.swift in Sources */,
				5CCFB16E2CFD5AFC00E5633E /* StyleStereoView.swift in Sources */,
				5CD5770F2D0D2D89002FA8DB /* Array+Unique.swift in Sources */,
				5CD577332D0EAEDB002FA8DB /* ImportType.swift in Sources */,
				5CD577272D0E90E9002FA8DB /* PlatformFileHandler.swift in Sources */,
				5CD5771B2D0E7544002FA8DB /* DatabaseTransferView.swift in Sources */,
				5CD577112D0E36B4002FA8DB /* Array+StringNormalization.swift in Sources */,
				5C80F6B02D169C8A00C58E7D /* MainView.swift in Sources */,
				5C1454342CF7A63D00D5C232 /* CardColorAnalyzer.swift in Sources */,
				5C5913BD2D126F220011C90D /* CardImageSection.swift in Sources */,
				5C8F16482CFD465300CB77F0 /* CenteredThumbnailStrip.swift in Sources */,
				5CD577212D0E79AB002FA8DB /* DatabaseTransferManager.swift in Sources */,
				5C5913BB2D126EED0011C90D /* FlowLayout.swift in Sources */,
				5C80F6A82D150AA700C58E7D /* CollectionMenuButton.swift in Sources */,
				5C1DBD972D0FB8E50050B4DF /* StoreDebugMenu.swift in Sources */,
				5C14544F2CF849DA00D5C232 /* Collection.swift in Sources */,
				5CC5A5C52BD47622005811DA /* Author.swift in Sources */,
				5CD075962BD60B3E002B463C /* Crop.swift in Sources */,
				5C80F6B42D169D4800C58E7D /* SelectableThumbnailView.swift in Sources */,
				5C02AF342D02BC1F00D629A2 /* SpatialBrowserContainer.swift in Sources */,
				5CD5771F2D0E76F0002FA8DB /* DatabaseTransferTypes.swift in Sources */,
				5C80F6AC2D169BBB00C58E7D /* CardGridView.swift in Sources */,
				5C665F562CF9591E00838F37 /* FavoriteButton.swift in Sources */,
				5C1DBD992D0FEE930050B4DF /* CardDetailView.swift in Sources */,
				5CD577232D0E8448002FA8DB /* DatabaseTransferButton.swift in Sources */,
				5C7639832D06B0BF0043EEFC /* MODSParsingService.swift in Sources */,
				5C120FA82CFD60BA000B7184 /* StereoBrowser.swift in Sources */,
				5C14545B2CF93F3000D5C232 /* CollectionDefaults.swift in Sources */,
				5C6676B02BC210F7002DD52E /* RetroviewApp.swift in Sources */,
				5CEFA7672CFA7F5100D410EA /* DebugMenu.swift in Sources */,
				5C80F6AA2D150ABF00C58E7D /* NewCollectionSheet.swift in Sources */,
				5CC5A5C92BD47ABA005811DA /* Date.swift in Sources */,
				5C1454442CF816F700D5C232 /* ImportService.swift in Sources */,
				5C1454462CF8173100D5C232 /* BatchImportService.swift in Sources */,
			);
			runOnlyForDeploymentPostprocessing = 0;
		};
		5C6676B92BC210F8002DD52E /* Sources */ = {
			isa = PBXSourcesBuildPhase;
			buildActionMask = 2147483647;
			files = (
				5CD577132D0E39AE002FA8DB /* Array+StringNormalizationTests.swift in Sources */,
				5C6676C22BC210F8002DD52E /* RetroviewTests.swift in Sources */,
			);
			runOnlyForDeploymentPostprocessing = 0;
		};
		5C6676C32BC210F9002DD52E /* Sources */ = {
			isa = PBXSourcesBuildPhase;
			buildActionMask = 2147483647;
			files = (
				5C6676CE2BC210F9002DD52E /* RetroviewUITestsLaunchTests.swift in Sources */,
				5C6676CC2BC210F9002DD52E /* RetroviewUITests.swift in Sources */,
			);
			runOnlyForDeploymentPostprocessing = 0;
		};
		5CD600142C054C18008732E8 /* Sources */ = {
			isa = PBXSourcesBuildPhase;
			buildActionMask = 2147483647;
			files = (
			);
			runOnlyForDeploymentPostprocessing = 0;
		};
/* End PBXSourcesBuildPhase section */

/* Begin PBXTargetDependency section */
		5C6676BF2BC210F8002DD52E /* PBXTargetDependency */ = {
			isa = PBXTargetDependency;
			target = 5C6676AB2BC210F7002DD52E /* Retroview */;
			targetProxy = 5C6676BE2BC210F8002DD52E /* PBXContainerItemProxy */;
		};
		5C6676C92BC210F9002DD52E /* PBXTargetDependency */ = {
			isa = PBXTargetDependency;
			target = 5C6676AB2BC210F7002DD52E /* Retroview */;
			targetProxy = 5C6676C82BC210F9002DD52E /* PBXContainerItemProxy */;
		};
/* End PBXTargetDependency section */

/* Begin XCBuildConfiguration section */
		5C6676CF2BC210F9002DD52E /* Debug */ = {
			isa = XCBuildConfiguration;
			buildSettings = {
				ALWAYS_SEARCH_USER_PATHS = NO;
				ASSETCATALOG_COMPILER_GENERATE_SWIFT_ASSET_SYMBOL_EXTENSIONS = YES;
				CLANG_ANALYZER_NONNULL = YES;
				CLANG_ANALYZER_NUMBER_OBJECT_CONVERSION = YES_AGGRESSIVE;
				CLANG_CXX_LANGUAGE_STANDARD = "gnu++20";
				CLANG_ENABLE_MODULES = YES;
				CLANG_ENABLE_OBJC_ARC = YES;
				CLANG_ENABLE_OBJC_WEAK = YES;
				CLANG_WARN_BLOCK_CAPTURE_AUTORELEASING = YES;
				CLANG_WARN_BOOL_CONVERSION = YES;
				CLANG_WARN_COMMA = YES;
				CLANG_WARN_CONSTANT_CONVERSION = YES;
				CLANG_WARN_DEPRECATED_OBJC_IMPLEMENTATIONS = YES;
				CLANG_WARN_DIRECT_OBJC_ISA_USAGE = YES_ERROR;
				CLANG_WARN_DOCUMENTATION_COMMENTS = YES;
				CLANG_WARN_EMPTY_BODY = YES;
				CLANG_WARN_ENUM_CONVERSION = YES;
				CLANG_WARN_INFINITE_RECURSION = YES;
				CLANG_WARN_INT_CONVERSION = YES;
				CLANG_WARN_NON_LITERAL_NULL_CONVERSION = YES;
				CLANG_WARN_OBJC_IMPLICIT_RETAIN_SELF = YES;
				CLANG_WARN_OBJC_LITERAL_CONVERSION = YES;
				CLANG_WARN_OBJC_ROOT_CLASS = YES_ERROR;
				CLANG_WARN_QUOTED_INCLUDE_IN_FRAMEWORK_HEADER = YES;
				CLANG_WARN_RANGE_LOOP_ANALYSIS = YES;
				CLANG_WARN_STRICT_PROTOTYPES = YES;
				CLANG_WARN_SUSPICIOUS_MOVE = YES;
				CLANG_WARN_UNGUARDED_AVAILABILITY = YES_AGGRESSIVE;
				CLANG_WARN_UNREACHABLE_CODE = YES;
				CLANG_WARN__DUPLICATE_METHOD_MATCH = YES;
				COPY_PHASE_STRIP = NO;
				DEAD_CODE_STRIPPING = YES;
				DEBUG_INFORMATION_FORMAT = dwarf;
				ENABLE_STRICT_OBJC_MSGSEND = YES;
				ENABLE_TESTABILITY = YES;
				ENABLE_USER_SCRIPT_SANDBOXING = YES;
				GCC_C_LANGUAGE_STANDARD = gnu17;
				GCC_DYNAMIC_NO_PIC = NO;
				GCC_NO_COMMON_BLOCKS = YES;
				GCC_OPTIMIZATION_LEVEL = 0;
				GCC_PREPROCESSOR_DEFINITIONS = (
					"DEBUG=1",
					"$(inherited)",
				);
				GCC_WARN_64_TO_32_BIT_CONVERSION = YES;
				GCC_WARN_ABOUT_RETURN_TYPE = YES_ERROR;
				GCC_WARN_UNDECLARED_SELECTOR = YES;
				GCC_WARN_UNINITIALIZED_AUTOS = YES_AGGRESSIVE;
				GCC_WARN_UNUSED_FUNCTION = YES;
				GCC_WARN_UNUSED_VARIABLE = YES;
				LOCALIZATION_PREFERS_STRING_CATALOGS = YES;
				MTL_ENABLE_DEBUG_INFO = INCLUDE_SOURCE;
				MTL_FAST_MATH = YES;
				ONLY_ACTIVE_ARCH = YES;
				SWIFT_ACTIVE_COMPILATION_CONDITIONS = "DEBUG $(inherited)";
				SWIFT_OPTIMIZATION_LEVEL = "-Onone";
			};
			name = Debug;
		};
		5C6676D02BC210F9002DD52E /* Release */ = {
			isa = XCBuildConfiguration;
			buildSettings = {
				ALWAYS_SEARCH_USER_PATHS = NO;
				ASSETCATALOG_COMPILER_GENERATE_SWIFT_ASSET_SYMBOL_EXTENSIONS = YES;
				CLANG_ANALYZER_NONNULL = YES;
				CLANG_ANALYZER_NUMBER_OBJECT_CONVERSION = YES_AGGRESSIVE;
				CLANG_CXX_LANGUAGE_STANDARD = "gnu++20";
				CLANG_ENABLE_MODULES = YES;
				CLANG_ENABLE_OBJC_ARC = YES;
				CLANG_ENABLE_OBJC_WEAK = YES;
				CLANG_WARN_BLOCK_CAPTURE_AUTORELEASING = YES;
				CLANG_WARN_BOOL_CONVERSION = YES;
				CLANG_WARN_COMMA = YES;
				CLANG_WARN_CONSTANT_CONVERSION = YES;
				CLANG_WARN_DEPRECATED_OBJC_IMPLEMENTATIONS = YES;
				CLANG_WARN_DIRECT_OBJC_ISA_USAGE = YES_ERROR;
				CLANG_WARN_DOCUMENTATION_COMMENTS = YES;
				CLANG_WARN_EMPTY_BODY = YES;
				CLANG_WARN_ENUM_CONVERSION = YES;
				CLANG_WARN_INFINITE_RECURSION = YES;
				CLANG_WARN_INT_CONVERSION = YES;
				CLANG_WARN_NON_LITERAL_NULL_CONVERSION = YES;
				CLANG_WARN_OBJC_IMPLICIT_RETAIN_SELF = YES;
				CLANG_WARN_OBJC_LITERAL_CONVERSION = YES;
				CLANG_WARN_OBJC_ROOT_CLASS = YES_ERROR;
				CLANG_WARN_QUOTED_INCLUDE_IN_FRAMEWORK_HEADER = YES;
				CLANG_WARN_RANGE_LOOP_ANALYSIS = YES;
				CLANG_WARN_STRICT_PROTOTYPES = YES;
				CLANG_WARN_SUSPICIOUS_MOVE = YES;
				CLANG_WARN_UNGUARDED_AVAILABILITY = YES_AGGRESSIVE;
				CLANG_WARN_UNREACHABLE_CODE = YES;
				CLANG_WARN__DUPLICATE_METHOD_MATCH = YES;
				COPY_PHASE_STRIP = NO;
				DEAD_CODE_STRIPPING = YES;
				DEBUG_INFORMATION_FORMAT = "dwarf-with-dsym";
				ENABLE_NS_ASSERTIONS = NO;
				ENABLE_STRICT_OBJC_MSGSEND = YES;
				ENABLE_USER_SCRIPT_SANDBOXING = YES;
				GCC_C_LANGUAGE_STANDARD = gnu17;
				GCC_NO_COMMON_BLOCKS = YES;
				GCC_WARN_64_TO_32_BIT_CONVERSION = YES;
				GCC_WARN_ABOUT_RETURN_TYPE = YES_ERROR;
				GCC_WARN_UNDECLARED_SELECTOR = YES;
				GCC_WARN_UNINITIALIZED_AUTOS = YES_AGGRESSIVE;
				GCC_WARN_UNUSED_FUNCTION = YES;
				GCC_WARN_UNUSED_VARIABLE = YES;
				LOCALIZATION_PREFERS_STRING_CATALOGS = YES;
				MTL_ENABLE_DEBUG_INFO = NO;
				MTL_FAST_MATH = YES;
				SWIFT_COMPILATION_MODE = wholemodule;
			};
			name = Release;
		};
		5C6676D22BC210F9002DD52E /* Debug */ = {
			isa = XCBuildConfiguration;
			buildSettings = {
				ASSETCATALOG_COMPILER_APPICON_NAME = AppIcon;
				ASSETCATALOG_COMPILER_GLOBAL_ACCENT_COLOR_NAME = AccentColor;
				ASSETCATALOG_COMPILER_INCLUDE_ALL_APPICON_ASSETS = YES;
				CODE_SIGN_ENTITLEMENTS = Retroview/Retroview.entitlements;
				CODE_SIGN_STYLE = Automatic;
				CURRENT_PROJECT_VERSION = 1;
				DEAD_CODE_STRIPPING = YES;
				DEVELOPMENT_ASSET_PATHS = "\"Retroview/Preview Content\"";
				DEVELOPMENT_TEAM = MYU957XGF6;
				ENABLE_HARDENED_RUNTIME = YES;
				ENABLE_PREVIEWS = YES;
				GENERATE_INFOPLIST_FILE = YES;
				INFOPLIST_FILE = Retroview/Info.plist;
				"INFOPLIST_KEY_UIApplicationSceneManifest_Generation[sdk=iphoneos*]" = YES;
				"INFOPLIST_KEY_UIApplicationSceneManifest_Generation[sdk=iphonesimulator*]" = YES;
				"INFOPLIST_KEY_UIApplicationSupportsIndirectInputEvents[sdk=iphoneos*]" = YES;
				"INFOPLIST_KEY_UIApplicationSupportsIndirectInputEvents[sdk=iphonesimulator*]" = YES;
				"INFOPLIST_KEY_UILaunchScreen_Generation[sdk=iphoneos*]" = YES;
				"INFOPLIST_KEY_UILaunchScreen_Generation[sdk=iphonesimulator*]" = YES;
				"INFOPLIST_KEY_UIStatusBarStyle[sdk=iphoneos*]" = UIStatusBarStyleDefault;
				"INFOPLIST_KEY_UIStatusBarStyle[sdk=iphonesimulator*]" = UIStatusBarStyleDefault;
				INFOPLIST_KEY_UISupportedInterfaceOrientations_iPad = "UIInterfaceOrientationPortrait UIInterfaceOrientationPortraitUpsideDown UIInterfaceOrientationLandscapeLeft UIInterfaceOrientationLandscapeRight";
				INFOPLIST_KEY_UISupportedInterfaceOrientations_iPhone = "UIInterfaceOrientationPortrait UIInterfaceOrientationLandscapeLeft UIInterfaceOrientationLandscapeRight";
				IPHONEOS_DEPLOYMENT_TARGET = 18.0;
				LD_RUNPATH_SEARCH_PATHS = "@executable_path/Frameworks";
				"LD_RUNPATH_SEARCH_PATHS[sdk=macosx*]" = "@executable_path/../Frameworks";
				MACOSX_DEPLOYMENT_TARGET = 15.0;
				MARKETING_VERSION = 1.0;
				PRODUCT_BUNDLE_IDENTIFIER = net.atompowered.Retroview;
				PRODUCT_NAME = "$(TARGET_NAME)";
				SDKROOT = auto;
				SUPPORTED_PLATFORMS = "iphoneos iphonesimulator macosx xros xrsimulator";
				SUPPORTS_MACCATALYST = NO;
				SWIFT_EMIT_LOC_STRINGS = YES;
				SWIFT_VERSION = 5.0;
				TARGETED_DEVICE_FAMILY = "1,2,7";
				XROS_DEPLOYMENT_TARGET = 2.0;
			};
			name = Debug;
		};
		5C6676D32BC210F9002DD52E /* Release */ = {
			isa = XCBuildConfiguration;
			buildSettings = {
				ASSETCATALOG_COMPILER_APPICON_NAME = AppIcon;
				ASSETCATALOG_COMPILER_GLOBAL_ACCENT_COLOR_NAME = AccentColor;
				ASSETCATALOG_COMPILER_INCLUDE_ALL_APPICON_ASSETS = YES;
				CODE_SIGN_ENTITLEMENTS = Retroview/Retroview.entitlements;
				CODE_SIGN_STYLE = Automatic;
				CURRENT_PROJECT_VERSION = 1;
				DEAD_CODE_STRIPPING = YES;
				DEVELOPMENT_ASSET_PATHS = "\"Retroview/Preview Content\"";
				DEVELOPMENT_TEAM = MYU957XGF6;
				ENABLE_HARDENED_RUNTIME = YES;
				ENABLE_PREVIEWS = YES;
				GENERATE_INFOPLIST_FILE = YES;
				INFOPLIST_FILE = Retroview/Info.plist;
				"INFOPLIST_KEY_UIApplicationSceneManifest_Generation[sdk=iphoneos*]" = YES;
				"INFOPLIST_KEY_UIApplicationSceneManifest_Generation[sdk=iphonesimulator*]" = YES;
				"INFOPLIST_KEY_UIApplicationSupportsIndirectInputEvents[sdk=iphoneos*]" = YES;
				"INFOPLIST_KEY_UIApplicationSupportsIndirectInputEvents[sdk=iphonesimulator*]" = YES;
				"INFOPLIST_KEY_UILaunchScreen_Generation[sdk=iphoneos*]" = YES;
				"INFOPLIST_KEY_UILaunchScreen_Generation[sdk=iphonesimulator*]" = YES;
				"INFOPLIST_KEY_UIStatusBarStyle[sdk=iphoneos*]" = UIStatusBarStyleDefault;
				"INFOPLIST_KEY_UIStatusBarStyle[sdk=iphonesimulator*]" = UIStatusBarStyleDefault;
				INFOPLIST_KEY_UISupportedInterfaceOrientations_iPad = "UIInterfaceOrientationPortrait UIInterfaceOrientationPortraitUpsideDown UIInterfaceOrientationLandscapeLeft UIInterfaceOrientationLandscapeRight";
				INFOPLIST_KEY_UISupportedInterfaceOrientations_iPhone = "UIInterfaceOrientationPortrait UIInterfaceOrientationLandscapeLeft UIInterfaceOrientationLandscapeRight";
				IPHONEOS_DEPLOYMENT_TARGET = 18.0;
				LD_RUNPATH_SEARCH_PATHS = "@executable_path/Frameworks";
				"LD_RUNPATH_SEARCH_PATHS[sdk=macosx*]" = "@executable_path/../Frameworks";
				MACOSX_DEPLOYMENT_TARGET = 15.0;
				MARKETING_VERSION = 1.0;
				PRODUCT_BUNDLE_IDENTIFIER = net.atompowered.Retroview;
				PRODUCT_NAME = "$(TARGET_NAME)";
				SDKROOT = auto;
				SUPPORTED_PLATFORMS = "iphoneos iphonesimulator macosx xros xrsimulator";
				SUPPORTS_MACCATALYST = NO;
				SWIFT_EMIT_LOC_STRINGS = YES;
				SWIFT_VERSION = 5.0;
				TARGETED_DEVICE_FAMILY = "1,2,7";
				XROS_DEPLOYMENT_TARGET = 2.0;
			};
			name = Release;
		};
		5C6676D52BC210F9002DD52E /* Debug */ = {
			isa = XCBuildConfiguration;
			buildSettings = {
				BUNDLE_LOADER = "$(TEST_HOST)";
				CODE_SIGN_STYLE = Automatic;
				CURRENT_PROJECT_VERSION = 1;
				DEAD_CODE_STRIPPING = YES;
				DEVELOPMENT_TEAM = MYU957XGF6;
				GENERATE_INFOPLIST_FILE = YES;
				IPHONEOS_DEPLOYMENT_TARGET = 18.0;
				MACOSX_DEPLOYMENT_TARGET = 15.0;
				MARKETING_VERSION = 1.0;
				PRODUCT_BUNDLE_IDENTIFIER = net.atompowered.RetroviewTests;
				PRODUCT_NAME = "$(TARGET_NAME)";
				SDKROOT = auto;
				SUPPORTED_PLATFORMS = "iphoneos iphonesimulator macosx";
				SWIFT_EMIT_LOC_STRINGS = NO;
				SWIFT_VERSION = 5.0;
				TARGETED_DEVICE_FAMILY = "1,2";
				TEST_HOST = "$(BUILT_PRODUCTS_DIR)/Retroview.app/$(BUNDLE_EXECUTABLE_FOLDER_PATH)/Retroview";
			};
			name = Debug;
		};
		5C6676D62BC210F9002DD52E /* Release */ = {
			isa = XCBuildConfiguration;
			buildSettings = {
				BUNDLE_LOADER = "$(TEST_HOST)";
				CODE_SIGN_STYLE = Automatic;
				CURRENT_PROJECT_VERSION = 1;
				DEAD_CODE_STRIPPING = YES;
				DEVELOPMENT_TEAM = MYU957XGF6;
				GENERATE_INFOPLIST_FILE = YES;
				IPHONEOS_DEPLOYMENT_TARGET = 18.0;
				MACOSX_DEPLOYMENT_TARGET = 15.0;
				MARKETING_VERSION = 1.0;
				PRODUCT_BUNDLE_IDENTIFIER = net.atompowered.RetroviewTests;
				PRODUCT_NAME = "$(TARGET_NAME)";
				SDKROOT = auto;
				SUPPORTED_PLATFORMS = "iphoneos iphonesimulator macosx";
				SWIFT_EMIT_LOC_STRINGS = NO;
				SWIFT_VERSION = 5.0;
				TARGETED_DEVICE_FAMILY = "1,2";
				TEST_HOST = "$(BUILT_PRODUCTS_DIR)/Retroview.app/$(BUNDLE_EXECUTABLE_FOLDER_PATH)/Retroview";
			};
			name = Release;
		};
		5C6676D82BC210F9002DD52E /* Debug */ = {
			isa = XCBuildConfiguration;
			buildSettings = {
				CODE_SIGN_STYLE = Automatic;
				CURRENT_PROJECT_VERSION = 1;
				DEAD_CODE_STRIPPING = YES;
				DEVELOPMENT_TEAM = MYU957XGF6;
				GENERATE_INFOPLIST_FILE = YES;
				IPHONEOS_DEPLOYMENT_TARGET = 17.4;
				MACOSX_DEPLOYMENT_TARGET = 15.0;
				MARKETING_VERSION = 1.0;
				PRODUCT_BUNDLE_IDENTIFIER = net.atompowered.RetroviewUITests;
				PRODUCT_NAME = "$(TARGET_NAME)";
				SDKROOT = auto;
				SUPPORTED_PLATFORMS = "iphoneos iphonesimulator macosx";
				SWIFT_EMIT_LOC_STRINGS = NO;
				SWIFT_VERSION = 5.0;
				TARGETED_DEVICE_FAMILY = "1,2";
				TEST_TARGET_NAME = Retroview;
			};
			name = Debug;
		};
		5C6676D92BC210F9002DD52E /* Release */ = {
			isa = XCBuildConfiguration;
			buildSettings = {
				CODE_SIGN_STYLE = Automatic;
				CURRENT_PROJECT_VERSION = 1;
				DEAD_CODE_STRIPPING = YES;
				DEVELOPMENT_TEAM = MYU957XGF6;
				GENERATE_INFOPLIST_FILE = YES;
				IPHONEOS_DEPLOYMENT_TARGET = 17.4;
				MACOSX_DEPLOYMENT_TARGET = 15.0;
				MARKETING_VERSION = 1.0;
				PRODUCT_BUNDLE_IDENTIFIER = net.atompowered.RetroviewUITests;
				PRODUCT_NAME = "$(TARGET_NAME)";
				SDKROOT = auto;
				SUPPORTED_PLATFORMS = "iphoneos iphonesimulator macosx";
				SWIFT_EMIT_LOC_STRINGS = NO;
				SWIFT_VERSION = 5.0;
				TARGETED_DEVICE_FAMILY = "1,2";
				TEST_TARGET_NAME = Retroview;
			};
			name = Release;
		};
		5CD6001D2C054C18008732E8 /* Debug */ = {
			isa = XCBuildConfiguration;
			buildSettings = {
				CODE_SIGN_STYLE = Automatic;
				DEVELOPMENT_TEAM = MYU957XGF6;
				ENABLE_HARDENED_RUNTIME = YES;
				MACOSX_DEPLOYMENT_TARGET = 14.5;
				PRODUCT_NAME = "$(TARGET_NAME)";
				SDKROOT = macosx;
				SWIFT_VERSION = 5.0;
			};
			name = Debug;
		};
		5CD6001E2C054C18008732E8 /* Release */ = {
			isa = XCBuildConfiguration;
			buildSettings = {
				CODE_SIGN_STYLE = Automatic;
				DEVELOPMENT_TEAM = MYU957XGF6;
				ENABLE_HARDENED_RUNTIME = YES;
				MACOSX_DEPLOYMENT_TARGET = 14.5;
				PRODUCT_NAME = "$(TARGET_NAME)";
				SDKROOT = macosx;
				SWIFT_VERSION = 5.0;
			};
			name = Release;
		};
/* End XCBuildConfiguration section */

/* Begin XCConfigurationList section */
		5C6676A72BC210F7002DD52E /* Build configuration list for PBXProject "Retroview" */ = {
			isa = XCConfigurationList;
			buildConfigurations = (
				5C6676CF2BC210F9002DD52E /* Debug */,
				5C6676D02BC210F9002DD52E /* Release */,
			);
			defaultConfigurationIsVisible = 0;
			defaultConfigurationName = Release;
		};
		5C6676D12BC210F9002DD52E /* Build configuration list for PBXNativeTarget "Retroview" */ = {
			isa = XCConfigurationList;
			buildConfigurations = (
				5C6676D22BC210F9002DD52E /* Debug */,
				5C6676D32BC210F9002DD52E /* Release */,
			);
			defaultConfigurationIsVisible = 0;
			defaultConfigurationName = Release;
		};
		5C6676D42BC210F9002DD52E /* Build configuration list for PBXNativeTarget "RetroviewTests" */ = {
			isa = XCConfigurationList;
			buildConfigurations = (
				5C6676D52BC210F9002DD52E /* Debug */,
				5C6676D62BC210F9002DD52E /* Release */,
			);
			defaultConfigurationIsVisible = 0;
			defaultConfigurationName = Release;
		};
		5C6676D72BC210F9002DD52E /* Build configuration list for PBXNativeTarget "RetroviewUITests" */ = {
			isa = XCConfigurationList;
			buildConfigurations = (
				5C6676D82BC210F9002DD52E /* Debug */,
				5C6676D92BC210F9002DD52E /* Release */,
			);
			defaultConfigurationIsVisible = 0;
			defaultConfigurationName = Release;
		};
		5CD6001C2C054C18008732E8 /* Build configuration list for PBXNativeTarget "CardLoader" */ = {
			isa = XCConfigurationList;
			buildConfigurations = (
				5CD6001D2C054C18008732E8 /* Debug */,
				5CD6001E2C054C18008732E8 /* Release */,
			);
			defaultConfigurationIsVisible = 0;
			defaultConfigurationName = Release;
		};
/* End XCConfigurationList section */

/* Begin XCLocalSwiftPackageReference section */
		5CDEFC232CE04E4C0046FD60 /* XCLocalSwiftPackageReference "../StereoViewer" */ = {
			isa = XCLocalSwiftPackageReference;
			relativePath = ../StereoViewer;
		};
/* End XCLocalSwiftPackageReference section */

/* Begin XCSwiftPackageProductDependency section */
		5C7EA0F12CC5C631002FC3D2 /* StereoViewer */ = {
			isa = XCSwiftPackageProductDependency;
			productName = StereoViewer;
		};
		5CDEFC242CE04E4C0046FD60 /* StereoViewer */ = {
			isa = XCSwiftPackageProductDependency;
			productName = StereoViewer;
		};
/* End XCSwiftPackageProductDependency section */
	};
	rootObject = 5C6676A42BC210F7002DD52E /* Project object */;
}
